// !$*UTF8*$!
{
	archiveVersion = 1;
	classes = {
	};
	objectVersion = 46;
	objects = {

/* Begin PBXBuildFile section */
		C1E447921C6B9F5800586ED3 /* main.m in Sources */ = {isa = PBXBuildFile; fileRef = C1E447911C6B9F5800586ED3 /* main.m */; };
		C1E4479A1C6B9FFC00586ED3 /* Parser.mm in Sources */ = {isa = PBXBuildFile; fileRef = C1E447991C6B9FFC00586ED3 /* Parser.mm */; };
/* End PBXBuildFile section */

/* Begin PBXCopyFilesBuildPhase section */
		C1E4478C1C6B9F5800586ED3 /* CopyFiles */ = {
			isa = PBXCopyFilesBuildPhase;
			buildActionMask = 2147483647;
			dstPath = /usr/share/man/man1/;
			dstSubfolderSpec = 0;
			files = (
			);
			runOnlyForDeploymentPostprocessing = 1;
		};
/* End PBXCopyFilesBuildPhase section */

/* Begin PBXFileReference section */
		C1E4478E1C6B9F5800586ED3 /* NJLIDoxygenParser */ = {isa = PBXFileReference; explicitFileType = "compiled.mach-o.executable"; includeInIndex = 0; path = NJLIDoxygenParser; sourceTree = BUILT_PRODUCTS_DIR; };
		C1E447911C6B9F5800586ED3 /* main.m */ = {isa = PBXFileReference; lastKnownFileType = sourcecode.c.objc; path = main.m; sourceTree = "<group>"; };
		C1E447981C6B9FFC00586ED3 /* Parser.h */ = {isa = PBXFileReference; fileEncoding = 4; lastKnownFileType = sourcecode.c.h; path = Parser.h; sourceTree = "<group>"; };
		C1E447991C6B9FFC00586ED3 /* Parser.mm */ = {isa = PBXFileReference; fileEncoding = 4; lastKnownFileType = sourcecode.cpp.objcpp; path = Parser.mm; sourceTree = "<group>"; };
/* End PBXFileReference section */

/* Begin PBXFrameworksBuildPhase section */
		C1E4478B1C6B9F5800586ED3 /* Frameworks */ = {
			isa = PBXFrameworksBuildPhase;
			buildActionMask = 2147483647;
			files = (
			);
			runOnlyForDeploymentPostprocessing = 0;
		};
/* End PBXFrameworksBuildPhase section */

/* Begin PBXGroup section */
		C1E447851C6B9F5800586ED3 = {
			isa = PBXGroup;
			children = (
				C1E447901C6B9F5800586ED3 /* NJLIDoxygenParser */,
				C1E4478F1C6B9F5800586ED3 /* Products */,
			);
			sourceTree = "<group>";
		};
		C1E4478F1C6B9F5800586ED3 /* Products */ = {
			isa = PBXGroup;
			children = (
				C1E4478E1C6B9F5800586ED3 /* NJLIDoxygenParser */,
			);
			name = Products;
			sourceTree = "<group>";
		};
		C1E447901C6B9F5800586ED3 /* NJLIDoxygenParser */ = {
			isa = PBXGroup;
			children = (
				C1E447911C6B9F5800586ED3 /* main.m */,
				C1E447981C6B9FFC00586ED3 /* Parser.h */,
				C1E447991C6B9FFC00586ED3 /* Parser.mm */,
			);
			path = NJLIDoxygenParser;
			sourceTree = "<group>";
		};
/* End PBXGroup section */

/* Begin PBXNativeTarget section */
		C1E4478D1C6B9F5800586ED3 /* NJLIDoxygenParser */ = {
			isa = PBXNativeTarget;
			buildConfigurationList = C1E447951C6B9F5800586ED3 /* Build configuration list for PBXNativeTarget "NJLIDoxygenParser" */;
			buildPhases = (
				C1E4478A1C6B9F5800586ED3 /* Sources */,
				C1E4478B1C6B9F5800586ED3 /* Frameworks */,
				C1E4478C1C6B9F5800586ED3 /* CopyFiles */,
				C1E4479B1C6C510300586ED3 /* ShellScript */,
				C1E4479C1C6C512F00586ED3 /* ShellScript */,
			);
			buildRules = (
			);
			dependencies = (
			);
			name = NJLIDoxygenParser;
			productName = NJLIDoxygenParser;
			productReference = C1E4478E1C6B9F5800586ED3 /* NJLIDoxygenParser */;
			productType = "com.apple.product-type.tool";
		};
/* End PBXNativeTarget section */

/* Begin PBXProject section */
		C1E447861C6B9F5800586ED3 /* Project object */ = {
			isa = PBXProject;
			attributes = {
				LastUpgradeCheck = 0720;
				ORGANIZATIONNAME = "NJLIGames Ltd.";
				TargetAttributes = {
					C1E4478D1C6B9F5800586ED3 = {
						CreatedOnToolsVersion = 7.2;
					};
				};
			};
			buildConfigurationList = C1E447891C6B9F5800586ED3 /* Build configuration list for PBXProject "NJLIDoxygenParser" */;
			compatibilityVersion = "Xcode 3.2";
			developmentRegion = English;
			hasScannedForEncodings = 0;
			knownRegions = (
				en,
			);
			mainGroup = C1E447851C6B9F5800586ED3;
			productRefGroup = C1E4478F1C6B9F5800586ED3 /* Products */;
			projectDirPath = "";
			projectRoot = "";
			targets = (
				C1E4478D1C6B9F5800586ED3 /* NJLIDoxygenParser */,
			);
		};
/* End PBXProject section */

/* Begin PBXShellScriptBuildPhase section */
		C1E4479B1C6C510300586ED3 /* ShellScript */ = {
			isa = PBXShellScriptBuildPhase;
			buildActionMask = 2147483647;
			files = (
			);
			inputPaths = (
			);
			outputPaths = (
			);
			runOnlyForDeploymentPostprocessing = 0;
			shellPath = /bin/sh;
			shellScript = "#cd \"/Users/jamesfolk/Desktop\"\n#lua /Users/jamesfolk/Dropbox/GameDevelopment/NJLIGames/NJLIGameEngine/Source/jli_game_engine/version-1.0/doc/ldoc/LDoc/ldoc.lua .";
		};
		C1E4479C1C6C512F00586ED3 /* ShellScript */ = {
			isa = PBXShellScriptBuildPhase;
			buildActionMask = 2147483647;
			files = (
			);
			inputPaths = (
			);
			outputPaths = (
			);
			runOnlyForDeploymentPostprocessing = 0;
			shellPath = /bin/sh;
			shellScript = "#cd \"/Users/jamesfolk/Dropbox/GameDevelopment/NJLIGames/NJLIGameEngine/Source/jli_game_engine/version-1.0/doc/doxygen/xml\"\n#xsltproc combine.xslt index.xml >all.xml";
		};
/* End PBXShellScriptBuildPhase section */

/* Begin PBXSourcesBuildPhase section */
		C1E4478A1C6B9F5800586ED3 /* Sources */ = {
			isa = PBXSourcesBuildPhase;
			buildActionMask = 2147483647;
			files = (
				C1E4479A1C6B9FFC00586ED3 /* Parser.mm in Sources */,
				C1E447921C6B9F5800586ED3 /* main.m in Sources */,
			);
			runOnlyForDeploymentPostprocessing = 0;
		};
/* End PBXSourcesBuildPhase section */

/* Begin XCBuildConfiguration section */
		C1E447931C6B9F5800586ED3 /* Debug */ = {
			isa = XCBuildConfiguration;
			buildSettings = {
				ALWAYS_SEARCH_USER_PATHS = NO;
				CLANG_CXX_LANGUAGE_STANDARD = "gnu++0x";
				CLANG_CXX_LIBRARY = "libc++";
				CLANG_ENABLE_MODULES = YES;
				CLANG_ENABLE_OBJC_ARC = YES;
				CLANG_WARN_BOOL_CONVERSION = YES;
				CLANG_WARN_CONSTANT_CONVERSION = YES;
				CLANG_WARN_DIRECT_OBJC_ISA_USAGE = YES_ERROR;
				CLANG_WARN_EMPTY_BODY = YES;
				CLANG_WARN_ENUM_CONVERSION = YES;
				CLANG_WARN_INT_CONVERSION = YES;
				CLANG_WARN_OBJC_ROOT_CLASS = YES_ERROR;
				CLANG_WARN_UNREACHABLE_CODE = YES;
				CLANG_WARN__DUPLICATE_METHOD_MATCH = YES;
				CODE_SIGN_IDENTITY = "-";
				COPY_PHASE_STRIP = NO;
				DEBUG_INFORMATION_FORMAT = dwarf;
				ENABLE_STRICT_OBJC_MSGSEND = YES;
				ENABLE_TESTABILITY = YES;
				GCC_C_LANGUAGE_STANDARD = gnu99;
				GCC_DYNAMIC_NO_PIC = NO;
				GCC_NO_COMMON_BLOCKS = YES;
				GCC_OPTIMIZATION_LEVEL = 0;
				GCC_PREPROCESSOR_DEFINITIONS = (
					"DEBUG=1",
					"$(inherited)",
				);
				GCC_WARN_64_TO_32_BIT_CONVERSION = YES;
				GCC_WARN_ABOUT_RETURN_TYPE = YES_ERROR;
				GCC_WARN_UNDECLARED_SELECTOR = YES;
				GCC_WARN_UNINITIALIZED_AUTOS = YES_AGGRESSIVE;
				GCC_WARN_UNUSED_FUNCTION = YES;
				GCC_WARN_UNUSED_VARIABLE = YES;
				MACOSX_DEPLOYMENT_TARGET = 10.11;
				MTL_ENABLE_DEBUG_INFO = YES;
				ONLY_ACTIVE_ARCH = YES;
				SDKROOT = macosx;
			};
			name = Debug;
		};
		C1E447941C6B9F5800586ED3 /* Release */ = {
			isa = XCBuildConfiguration;
			buildSettings = {
				ALWAYS_SEARCH_USER_PATHS = NO;
				CLANG_CXX_LANGUAGE_STANDARD = "gnu++0x";
				CLANG_CXX_LIBRARY = "libc++";
				CLANG_ENABLE_MODULES = YES;
				CLANG_ENABLE_OBJC_ARC = YES;
				CLANG_WARN_BOOL_CONVERSION = YES;
				CLANG_WARN_CONSTANT_CONVERSION = YES;
				CLANG_WARN_DIRECT_OBJC_ISA_USAGE = YES_ERROR;
				CLANG_WARN_EMPTY_BODY = YES;
				CLANG_WARN_ENUM_CONVERSION = YES;
				CLANG_WARN_INT_CONVERSION = YES;
				CLANG_WARN_OBJC_ROOT_CLASS = YES_ERROR;
				CLANG_WARN_UNREACHABLE_CODE = YES;
				CLANG_WARN__DUPLICATE_METHOD_MATCH = YES;
				CODE_SIGN_IDENTITY = "-";
				COPY_PHASE_STRIP = NO;
				DEBUG_INFORMATION_FORMAT = "dwarf-with-dsym";
				ENABLE_NS_ASSERTIONS = NO;
				ENABLE_STRICT_OBJC_MSGSEND = YES;
				GCC_C_LANGUAGE_STANDARD = gnu99;
				GCC_NO_COMMON_BLOCKS = YES;
				GCC_WARN_64_TO_32_BIT_CONVERSION = YES;
				GCC_WARN_ABOUT_RETURN_TYPE = YES_ERROR;
				GCC_WARN_UNDECLARED_SELECTOR = YES;
				GCC_WARN_UNINITIALIZED_AUTOS = YES_AGGRESSIVE;
				GCC_WARN_UNUSED_FUNCTION = YES;
				GCC_WARN_UNUSED_VARIABLE = YES;
				MACOSX_DEPLOYMENT_TARGET = 10.11;
				MTL_ENABLE_DEBUG_INFO = NO;
				SDKROOT = macosx;
			};
			name = Release;
		};
		C1E447961C6B9F5800586ED3 /* Debug */ = {
			isa = XCBuildConfiguration;
			buildSettings = {
				PRODUCT_NAME = "$(TARGET_NAME)";
			};
			name = Debug;
		};
		C1E447971C6B9F5800586ED3 /* Release */ = {
			isa = XCBuildConfiguration;
			buildSettings = {
				PRODUCT_NAME = "$(TARGET_NAME)";
			};
			name = Release;
		};
/* End XCBuildConfiguration section */

/* Begin XCConfigurationList section */
		C1E447891C6B9F5800586ED3 /* Build configuration list for PBXProject "NJLIDoxygenParser" */ = {
			isa = XCConfigurationList;
			buildConfigurations = (
				C1E447931C6B9F5800586ED3 /* Debug */,
				C1E447941C6B9F5800586ED3 /* Release */,
			);
			defaultConfigurationIsVisible = 0;
			defaultConfigurationName = Release;
		};
		C1E447951C6B9F5800586ED3 /* Build configuration list for PBXNativeTarget "NJLIDoxygenParser" */ = {
			isa = XCConfigurationList;
			buildConfigurations = (
				C1E447961C6B9F5800586ED3 /* Debug */,
				C1E447971C6B9F5800586ED3 /* Release */,
			);
			defaultConfigurationIsVisible = 0;
		};
/* End XCConfigurationList section */
	};
	rootObject = C1E447861C6B9F5800586ED3 /* Project object */;
}
