// !$*UTF8*$!
{
	archiveVersion = 1;
	classes = {
	};
	objectVersion = 46;
	objects = {

/* Begin PBXBuildFile section */
		C15872F81C99BB4800E82FC7 /* lapi.c in Sources */ = {isa = PBXBuildFile; fileRef = C158728D1C99BB4800E82FC7 /* lapi.c */; };
		C15872FA1C99BB4800E82FC7 /* lauxlib.c in Sources */ = {isa = PBXBuildFile; fileRef = C15872901C99BB4800E82FC7 /* lauxlib.c */; };
		C15872FC1C99BB4800E82FC7 /* lbaselib.c in Sources */ = {isa = PBXBuildFile; fileRef = C15872931C99BB4800E82FC7 /* lbaselib.c */; };
		C15872FE1C99BB4800E82FC7 /* lbit.c in Sources */ = {isa = PBXBuildFile; fileRef = C15872951C99BB4800E82FC7 /* lbit.c */; };
		C15873001C99BB4800E82FC7 /* lbitlib.c in Sources */ = {isa = PBXBuildFile; fileRef = C15872971C99BB4800E82FC7 /* lbitlib.c */; };
		C15873021C99BB4800E82FC7 /* lbullet.cpp in Sources */ = {isa = PBXBuildFile; fileRef = C15872991C99BB4800E82FC7 /* lbullet.cpp */; };
		C15873041C99BB4800E82FC7 /* lcode.c in Sources */ = {isa = PBXBuildFile; fileRef = C158729B1C99BB4800E82FC7 /* lcode.c */; };
		C15873061C99BB4800E82FC7 /* lcorolib.c in Sources */ = {isa = PBXBuildFile; fileRef = C158729E1C99BB4800E82FC7 /* lcorolib.c */; };
		C15873081C99BB4800E82FC7 /* lctype.c in Sources */ = {isa = PBXBuildFile; fileRef = C15872A01C99BB4800E82FC7 /* lctype.c */; };
		C158730A1C99BB4800E82FC7 /* ldblib.c in Sources */ = {isa = PBXBuildFile; fileRef = C15872A31C99BB4800E82FC7 /* ldblib.c */; };
		C158730C1C99BB4800E82FC7 /* ldebug.c in Sources */ = {isa = PBXBuildFile; fileRef = C15872A51C99BB4800E82FC7 /* ldebug.c */; };
		C158730E1C99BB4800E82FC7 /* ldo.c in Sources */ = {isa = PBXBuildFile; fileRef = C15872A81C99BB4800E82FC7 /* ldo.c */; };
		C15873101C99BB4800E82FC7 /* ldump.c in Sources */ = {isa = PBXBuildFile; fileRef = C15872AB1C99BB4800E82FC7 /* ldump.c */; };
		C15873121C99BB4800E82FC7 /* lfunc.c in Sources */ = {isa = PBXBuildFile; fileRef = C15872AD1C99BB4800E82FC7 /* lfunc.c */; };
		C15873141C99BB4800E82FC7 /* lgc.c in Sources */ = {isa = PBXBuildFile; fileRef = C15872B01C99BB4800E82FC7 /* lgc.c */; };
		C15873171C99BB4800E82FC7 /* linit.c in Sources */ = {isa = PBXBuildFile; fileRef = C15872B41C99BB4800E82FC7 /* linit.c */; };
		C15873191C99BB4800E82FC7 /* liolib.c in Sources */ = {isa = PBXBuildFile; fileRef = C15872B61C99BB4800E82FC7 /* liolib.c */; };
		C158731B1C99BB4800E82FC7 /* llex.c in Sources */ = {isa = PBXBuildFile; fileRef = C15872B81C99BB4800E82FC7 /* llex.c */; };
		C158731D1C99BB4800E82FC7 /* lmathlib.c in Sources */ = {isa = PBXBuildFile; fileRef = C15872BC1C99BB4800E82FC7 /* lmathlib.c */; };
		C158731F1C99BB4800E82FC7 /* lmem.c in Sources */ = {isa = PBXBuildFile; fileRef = C15872BE1C99BB4800E82FC7 /* lmem.c */; };
		C15873211C99BB4800E82FC7 /* lnjli.cpp in Sources */ = {isa = PBXBuildFile; fileRef = C15872C11C99BB4800E82FC7 /* lnjli.cpp */; };
		C15873231C99BB4800E82FC7 /* loadlib.c in Sources */ = {isa = PBXBuildFile; fileRef = C15872C31C99BB4800E82FC7 /* loadlib.c */; };
		C15873251C99BB4800E82FC7 /* lobject.c in Sources */ = {isa = PBXBuildFile; fileRef = C15872C51C99BB4800E82FC7 /* lobject.c */; };
		C15873271C99BB4800E82FC7 /* lopcodes.c in Sources */ = {isa = PBXBuildFile; fileRef = C15872C81C99BB4800E82FC7 /* lopcodes.c */; };
		C15873291C99BB4800E82FC7 /* loslib.c in Sources */ = {isa = PBXBuildFile; fileRef = C15872CB1C99BB4800E82FC7 /* loslib.c */; };
		C158732B1C99BB4800E82FC7 /* lparser.c in Sources */ = {isa = PBXBuildFile; fileRef = C15872CD1C99BB4800E82FC7 /* lparser.c */; };
		C158732D1C99BB4800E82FC7 /* lstate.c in Sources */ = {isa = PBXBuildFile; fileRef = C15872D11C99BB4800E82FC7 /* lstate.c */; };
		C158732F1C99BB4800E82FC7 /* lstring.c in Sources */ = {isa = PBXBuildFile; fileRef = C15872D41C99BB4800E82FC7 /* lstring.c */; };
		C15873311C99BB4800E82FC7 /* lstrlib.c in Sources */ = {isa = PBXBuildFile; fileRef = C15872D71C99BB4800E82FC7 /* lstrlib.c */; };
		C15873331C99BB4800E82FC7 /* ltable.c in Sources */ = {isa = PBXBuildFile; fileRef = C15872D91C99BB4800E82FC7 /* ltable.c */; };
		C15873351C99BB4800E82FC7 /* ltablib.c in Sources */ = {isa = PBXBuildFile; fileRef = C15872DC1C99BB4800E82FC7 /* ltablib.c */; };
		C15873371C99BB4800E82FC7 /* ltm.c in Sources */ = {isa = PBXBuildFile; fileRef = C15872DE1C99BB4800E82FC7 /* ltm.c */; };
		C15873391C99BB4800E82FC7 /* lua.cpp in Sources */ = {isa = PBXBuildFile; fileRef = C15872E21C99BB4800E82FC7 /* lua.cpp */; };
		C158733B1C99BB4800E82FC7 /* luac.c in Sources */ = {isa = PBXBuildFile; fileRef = C15872E71C99BB4800E82FC7 /* luac.c */; };
		C158733D1C99BB4800E82FC7 /* lundump.c in Sources */ = {isa = PBXBuildFile; fileRef = C15872EB1C99BB4800E82FC7 /* lundump.c */; };
		C158733F1C99BB4800E82FC7 /* lutf8lib.c in Sources */ = {isa = PBXBuildFile; fileRef = C15872EE1C99BB4800E82FC7 /* lutf8lib.c */; };
		C15873411C99BB4800E82FC7 /* lvm.c in Sources */ = {isa = PBXBuildFile; fileRef = C15872F01C99BB4800E82FC7 /* lvm.c */; };
		C15873431C99BB4800E82FC7 /* lzio.c in Sources */ = {isa = PBXBuildFile; fileRef = C15872F31C99BB4800E82FC7 /* lzio.c */; };
		C1587E291C99D2BD00E82FC7 /* OpenGL.framework in Frameworks */ = {isa = PBXBuildFile; fileRef = C1587E281C99D2BD00E82FC7 /* OpenGL.framework */; };
		C1587E2B1C99D2C200E82FC7 /* GLUT.framework in Frameworks */ = {isa = PBXBuildFile; fileRef = C1587E2A1C99D2C200E82FC7 /* GLUT.framework */; };
/* End PBXBuildFile section */

/* Begin PBXCopyFilesBuildPhase section */
		C1D6AE731C99B9CA00C8D4E0 /* CopyFiles */ = {
			isa = PBXCopyFilesBuildPhase;
			buildActionMask = 2147483647;
			dstPath = /usr/share/man/man1/;
			dstSubfolderSpec = 0;
			files = (
			);
			runOnlyForDeploymentPostprocessing = 1;
		};
/* End PBXCopyFilesBuildPhase section */

/* Begin PBXFileReference section */
		C158728D1C99BB4800E82FC7 /* lapi.c */ = {isa = PBXFileReference; fileEncoding = 4; lastKnownFileType = sourcecode.c.c; path = lapi.c; sourceTree = "<group>"; };
		C158728E1C99BB4800E82FC7 /* lapi.h */ = {isa = PBXFileReference; fileEncoding = 4; lastKnownFileType = sourcecode.c.h; path = lapi.h; sourceTree = "<group>"; };
		C15872901C99BB4800E82FC7 /* lauxlib.c */ = {isa = PBXFileReference; fileEncoding = 4; lastKnownFileType = sourcecode.c.c; path = lauxlib.c; sourceTree = "<group>"; };
		C15872911C99BB4800E82FC7 /* lauxlib.h */ = {isa = PBXFileReference; fileEncoding = 4; lastKnownFileType = sourcecode.c.h; path = lauxlib.h; sourceTree = "<group>"; };
		C15872931C99BB4800E82FC7 /* lbaselib.c */ = {isa = PBXFileReference; fileEncoding = 4; lastKnownFileType = sourcecode.c.c; path = lbaselib.c; sourceTree = "<group>"; };
		C15872951C99BB4800E82FC7 /* lbit.c */ = {isa = PBXFileReference; fileEncoding = 4; lastKnownFileType = sourcecode.c.c; path = lbit.c; sourceTree = "<group>"; };
		C15872971C99BB4800E82FC7 /* lbitlib.c */ = {isa = PBXFileReference; fileEncoding = 4; lastKnownFileType = sourcecode.c.c; path = lbitlib.c; sourceTree = "<group>"; };
		C15872991C99BB4800E82FC7 /* lbullet.cpp */ = {isa = PBXFileReference; fileEncoding = 4; lastKnownFileType = sourcecode.cpp.cpp; path = lbullet.cpp; sourceTree = "<group>"; };
		C158729B1C99BB4800E82FC7 /* lcode.c */ = {isa = PBXFileReference; fileEncoding = 4; lastKnownFileType = sourcecode.c.c; path = lcode.c; sourceTree = "<group>"; };
		C158729C1C99BB4800E82FC7 /* lcode.h */ = {isa = PBXFileReference; fileEncoding = 4; lastKnownFileType = sourcecode.c.h; path = lcode.h; sourceTree = "<group>"; };
		C158729E1C99BB4800E82FC7 /* lcorolib.c */ = {isa = PBXFileReference; fileEncoding = 4; lastKnownFileType = sourcecode.c.c; path = lcorolib.c; sourceTree = "<group>"; };
		C15872A01C99BB4800E82FC7 /* lctype.c */ = {isa = PBXFileReference; fileEncoding = 4; lastKnownFileType = sourcecode.c.c; path = lctype.c; sourceTree = "<group>"; };
		C15872A11C99BB4800E82FC7 /* lctype.h */ = {isa = PBXFileReference; fileEncoding = 4; lastKnownFileType = sourcecode.c.h; path = lctype.h; sourceTree = "<group>"; };
		C15872A31C99BB4800E82FC7 /* ldblib.c */ = {isa = PBXFileReference; fileEncoding = 4; lastKnownFileType = sourcecode.c.c; path = ldblib.c; sourceTree = "<group>"; };
		C15872A51C99BB4800E82FC7 /* ldebug.c */ = {isa = PBXFileReference; fileEncoding = 4; lastKnownFileType = sourcecode.c.c; path = ldebug.c; sourceTree = "<group>"; };
		C15872A61C99BB4800E82FC7 /* ldebug.h */ = {isa = PBXFileReference; fileEncoding = 4; lastKnownFileType = sourcecode.c.h; path = ldebug.h; sourceTree = "<group>"; };
		C15872A81C99BB4800E82FC7 /* ldo.c */ = {isa = PBXFileReference; fileEncoding = 4; lastKnownFileType = sourcecode.c.c; path = ldo.c; sourceTree = "<group>"; };
		C15872A91C99BB4800E82FC7 /* ldo.h */ = {isa = PBXFileReference; fileEncoding = 4; lastKnownFileType = sourcecode.c.h; path = ldo.h; sourceTree = "<group>"; };
		C15872AB1C99BB4800E82FC7 /* ldump.c */ = {isa = PBXFileReference; fileEncoding = 4; lastKnownFileType = sourcecode.c.c; path = ldump.c; sourceTree = "<group>"; };
		C15872AD1C99BB4800E82FC7 /* lfunc.c */ = {isa = PBXFileReference; fileEncoding = 4; lastKnownFileType = sourcecode.c.c; path = lfunc.c; sourceTree = "<group>"; };
		C15872AE1C99BB4800E82FC7 /* lfunc.h */ = {isa = PBXFileReference; fileEncoding = 4; lastKnownFileType = sourcecode.c.h; path = lfunc.h; sourceTree = "<group>"; };
		C15872B01C99BB4800E82FC7 /* lgc.c */ = {isa = PBXFileReference; fileEncoding = 4; lastKnownFileType = sourcecode.c.c; path = lgc.c; sourceTree = "<group>"; };
		C15872B11C99BB4800E82FC7 /* lgc.h */ = {isa = PBXFileReference; fileEncoding = 4; lastKnownFileType = sourcecode.c.h; path = lgc.h; sourceTree = "<group>"; };
		C15872B41C99BB4800E82FC7 /* linit.c */ = {isa = PBXFileReference; fileEncoding = 4; lastKnownFileType = sourcecode.c.c; path = linit.c; sourceTree = "<group>"; };
		C15872B61C99BB4800E82FC7 /* liolib.c */ = {isa = PBXFileReference; fileEncoding = 4; lastKnownFileType = sourcecode.c.c; path = liolib.c; sourceTree = "<group>"; };
		C15872B81C99BB4800E82FC7 /* llex.c */ = {isa = PBXFileReference; fileEncoding = 4; lastKnownFileType = sourcecode.c.c; path = llex.c; sourceTree = "<group>"; };
		C15872B91C99BB4800E82FC7 /* llex.h */ = {isa = PBXFileReference; fileEncoding = 4; lastKnownFileType = sourcecode.c.h; path = llex.h; sourceTree = "<group>"; };
		C15872BB1C99BB4800E82FC7 /* llimits.h */ = {isa = PBXFileReference; fileEncoding = 4; lastKnownFileType = sourcecode.c.h; path = llimits.h; sourceTree = "<group>"; };
		C15872BC1C99BB4800E82FC7 /* lmathlib.c */ = {isa = PBXFileReference; fileEncoding = 4; lastKnownFileType = sourcecode.c.c; path = lmathlib.c; sourceTree = "<group>"; };
		C15872BE1C99BB4800E82FC7 /* lmem.c */ = {isa = PBXFileReference; fileEncoding = 4; lastKnownFileType = sourcecode.c.c; path = lmem.c; sourceTree = "<group>"; };
		C15872BF1C99BB4800E82FC7 /* lmem.h */ = {isa = PBXFileReference; fileEncoding = 4; lastKnownFileType = sourcecode.c.h; path = lmem.h; sourceTree = "<group>"; };
		C15872C11C99BB4800E82FC7 /* lnjli.cpp */ = {isa = PBXFileReference; fileEncoding = 4; lastKnownFileType = sourcecode.cpp.cpp; path = lnjli.cpp; sourceTree = "<group>"; };
		C15872C31C99BB4800E82FC7 /* loadlib.c */ = {isa = PBXFileReference; fileEncoding = 4; lastKnownFileType = sourcecode.c.c; path = loadlib.c; sourceTree = "<group>"; };
		C15872C51C99BB4800E82FC7 /* lobject.c */ = {isa = PBXFileReference; fileEncoding = 4; lastKnownFileType = sourcecode.c.c; path = lobject.c; sourceTree = "<group>"; };
		C15872C61C99BB4800E82FC7 /* lobject.h */ = {isa = PBXFileReference; fileEncoding = 4; lastKnownFileType = sourcecode.c.h; path = lobject.h; sourceTree = "<group>"; };
		C15872C81C99BB4800E82FC7 /* lopcodes.c */ = {isa = PBXFileReference; fileEncoding = 4; lastKnownFileType = sourcecode.c.c; path = lopcodes.c; sourceTree = "<group>"; };
		C15872C91C99BB4800E82FC7 /* lopcodes.h */ = {isa = PBXFileReference; fileEncoding = 4; lastKnownFileType = sourcecode.c.h; path = lopcodes.h; sourceTree = "<group>"; };
		C15872CB1C99BB4800E82FC7 /* loslib.c */ = {isa = PBXFileReference; fileEncoding = 4; lastKnownFileType = sourcecode.c.c; path = loslib.c; sourceTree = "<group>"; };
		C15872CD1C99BB4800E82FC7 /* lparser.c */ = {isa = PBXFileReference; fileEncoding = 4; lastKnownFileType = sourcecode.c.c; path = lparser.c; sourceTree = "<group>"; };
		C15872CE1C99BB4800E82FC7 /* lparser.h */ = {isa = PBXFileReference; fileEncoding = 4; lastKnownFileType = sourcecode.c.h; path = lparser.h; sourceTree = "<group>"; };
		C15872D01C99BB4800E82FC7 /* lprefix.h */ = {isa = PBXFileReference; fileEncoding = 4; lastKnownFileType = sourcecode.c.h; path = lprefix.h; sourceTree = "<group>"; };
		C15872D11C99BB4800E82FC7 /* lstate.c */ = {isa = PBXFileReference; fileEncoding = 4; lastKnownFileType = sourcecode.c.c; path = lstate.c; sourceTree = "<group>"; };
		C15872D21C99BB4800E82FC7 /* lstate.h */ = {isa = PBXFileReference; fileEncoding = 4; lastKnownFileType = sourcecode.c.h; path = lstate.h; sourceTree = "<group>"; };
		C15872D41C99BB4800E82FC7 /* lstring.c */ = {isa = PBXFileReference; fileEncoding = 4; lastKnownFileType = sourcecode.c.c; path = lstring.c; sourceTree = "<group>"; };
		C15872D51C99BB4800E82FC7 /* lstring.h */ = {isa = PBXFileReference; fileEncoding = 4; lastKnownFileType = sourcecode.c.h; path = lstring.h; sourceTree = "<group>"; };
		C15872D71C99BB4800E82FC7 /* lstrlib.c */ = {isa = PBXFileReference; fileEncoding = 4; lastKnownFileType = sourcecode.c.c; path = lstrlib.c; sourceTree = "<group>"; };
		C15872D91C99BB4800E82FC7 /* ltable.c */ = {isa = PBXFileReference; fileEncoding = 4; lastKnownFileType = sourcecode.c.c; path = ltable.c; sourceTree = "<group>"; };
		C15872DA1C99BB4800E82FC7 /* ltable.h */ = {isa = PBXFileReference; fileEncoding = 4; lastKnownFileType = sourcecode.c.h; path = ltable.h; sourceTree = "<group>"; };
		C15872DC1C99BB4800E82FC7 /* ltablib.c */ = {isa = PBXFileReference; fileEncoding = 4; lastKnownFileType = sourcecode.c.c; path = ltablib.c; sourceTree = "<group>"; };
		C15872DE1C99BB4800E82FC7 /* ltm.c */ = {isa = PBXFileReference; fileEncoding = 4; lastKnownFileType = sourcecode.c.c; path = ltm.c; sourceTree = "<group>"; };
		C15872DF1C99BB4800E82FC7 /* ltm.h */ = {isa = PBXFileReference; fileEncoding = 4; lastKnownFileType = sourcecode.c.h; path = ltm.h; sourceTree = "<group>"; };
		C15872E21C99BB4800E82FC7 /* lua.cpp */ = {isa = PBXFileReference; fileEncoding = 4; lastKnownFileType = sourcecode.cpp.cpp; path = lua.cpp; sourceTree = "<group>"; };
		C15872E31C99BB4800E82FC7 /* lua.h */ = {isa = PBXFileReference; fileEncoding = 4; lastKnownFileType = sourcecode.c.h; path = lua.h; sourceTree = "<group>"; };
		C15872E41C99BB4800E82FC7 /* lua.hpp */ = {isa = PBXFileReference; fileEncoding = 4; lastKnownFileType = sourcecode.cpp.h; path = lua.hpp; sourceTree = "<group>"; };
		C15872E71C99BB4800E82FC7 /* luac.c */ = {isa = PBXFileReference; fileEncoding = 4; lastKnownFileType = sourcecode.c.c; path = luac.c; sourceTree = "<group>"; };
		C15872E91C99BB4800E82FC7 /* luaconf.h */ = {isa = PBXFileReference; fileEncoding = 4; lastKnownFileType = sourcecode.c.h; path = luaconf.h; sourceTree = "<group>"; };
		C15872EA1C99BB4800E82FC7 /* lualib.h */ = {isa = PBXFileReference; fileEncoding = 4; lastKnownFileType = sourcecode.c.h; path = lualib.h; sourceTree = "<group>"; };
		C15872EB1C99BB4800E82FC7 /* lundump.c */ = {isa = PBXFileReference; fileEncoding = 4; lastKnownFileType = sourcecode.c.c; path = lundump.c; sourceTree = "<group>"; };
		C15872EC1C99BB4800E82FC7 /* lundump.h */ = {isa = PBXFileReference; fileEncoding = 4; lastKnownFileType = sourcecode.c.h; path = lundump.h; sourceTree = "<group>"; };
		C15872EE1C99BB4800E82FC7 /* lutf8lib.c */ = {isa = PBXFileReference; fileEncoding = 4; lastKnownFileType = sourcecode.c.c; path = lutf8lib.c; sourceTree = "<group>"; };
		C15872F01C99BB4800E82FC7 /* lvm.c */ = {isa = PBXFileReference; fileEncoding = 4; lastKnownFileType = sourcecode.c.c; path = lvm.c; sourceTree = "<group>"; };
		C15872F11C99BB4800E82FC7 /* lvm.h */ = {isa = PBXFileReference; fileEncoding = 4; lastKnownFileType = sourcecode.c.h; path = lvm.h; sourceTree = "<group>"; };
		C15872F31C99BB4800E82FC7 /* lzio.c */ = {isa = PBXFileReference; fileEncoding = 4; lastKnownFileType = sourcecode.c.c; path = lzio.c; sourceTree = "<group>"; };
		C15872F41C99BB4800E82FC7 /* lzio.h */ = {isa = PBXFileReference; fileEncoding = 4; lastKnownFileType = sourcecode.c.h; path = lzio.h; sourceTree = "<group>"; };
		C15872F61C99BB4800E82FC7 /* Makefile */ = {isa = PBXFileReference; fileEncoding = 4; lastKnownFileType = sourcecode.make; path = Makefile; sourceTree = "<group>"; };
		C15872F71C99BB4800E82FC7 /* njli_swig_runtime.h */ = {isa = PBXFileReference; fileEncoding = 4; lastKnownFileType = sourcecode.c.h; path = njli_swig_runtime.h; sourceTree = "<group>"; };
		C15873461C99BB9300E82FC7 /* Makefile */ = {isa = PBXFileReference; lastKnownFileType = sourcecode.make; path = Makefile; sourceTree = "<group>"; };
		C15873471C99BDDB00E82FC7 /* libreadline.tbd */ = {isa = PBXFileReference; lastKnownFileType = "sourcecode.text-based-dylib-definition"; name = libreadline.tbd; path = usr/lib/libreadline.tbd; sourceTree = SDKROOT; };
		C15873491C99BE0500E82FC7 /* libm.tbd */ = {isa = PBXFileReference; lastKnownFileType = "sourcecode.text-based-dylib-definition"; name = libm.tbd; path = usr/lib/libm.tbd; sourceTree = SDKROOT; };
		C1587E281C99D2BD00E82FC7 /* OpenGL.framework */ = {isa = PBXFileReference; lastKnownFileType = wrapper.framework; name = OpenGL.framework; path = System/Library/Frameworks/OpenGL.framework; sourceTree = SDKROOT; };
		C1587E2A1C99D2C200E82FC7 /* GLUT.framework */ = {isa = PBXFileReference; lastKnownFileType = wrapper.framework; name = GLUT.framework; path = System/Library/Frameworks/GLUT.framework; sourceTree = SDKROOT; };
		C1D6AE751C99B9CA00C8D4E0 /* NJLILuaSandbox */ = {isa = PBXFileReference; explicitFileType = "compiled.mach-o.executable"; includeInIndex = 0; path = NJLILuaSandbox; sourceTree = BUILT_PRODUCTS_DIR; };
/* End PBXFileReference section */

/* Begin PBXFrameworksBuildPhase section */
		C1D6AE721C99B9CA00C8D4E0 /* Frameworks */ = {
			isa = PBXFrameworksBuildPhase;
			buildActionMask = 2147483647;
			files = (
				C1587E2B1C99D2C200E82FC7 /* GLUT.framework in Frameworks */,
				C1587E291C99D2BD00E82FC7 /* OpenGL.framework in Frameworks */,
			);
			runOnlyForDeploymentPostprocessing = 0;
		};
/* End PBXFrameworksBuildPhase section */

/* Begin PBXGroup section */
		C158728C1C99BB4800E82FC7 /* src */ = {
			isa = PBXGroup;
			children = (
				C18B9A501C9C6E44003628FE /* libs */,
				C158728D1C99BB4800E82FC7 /* lapi.c */,
				C158728E1C99BB4800E82FC7 /* lapi.h */,
				C15872901C99BB4800E82FC7 /* lauxlib.c */,
				C15872911C99BB4800E82FC7 /* lauxlib.h */,
				C15872931C99BB4800E82FC7 /* lbaselib.c */,
				C15872971C99BB4800E82FC7 /* lbitlib.c */,
				C158729B1C99BB4800E82FC7 /* lcode.c */,
				C158729C1C99BB4800E82FC7 /* lcode.h */,
				C158729E1C99BB4800E82FC7 /* lcorolib.c */,
				C15872A01C99BB4800E82FC7 /* lctype.c */,
				C15872A11C99BB4800E82FC7 /* lctype.h */,
				C15872A31C99BB4800E82FC7 /* ldblib.c */,
				C15872A51C99BB4800E82FC7 /* ldebug.c */,
				C15872A61C99BB4800E82FC7 /* ldebug.h */,
				C15872A81C99BB4800E82FC7 /* ldo.c */,
				C15872A91C99BB4800E82FC7 /* ldo.h */,
				C15872AB1C99BB4800E82FC7 /* ldump.c */,
				C15872AD1C99BB4800E82FC7 /* lfunc.c */,
				C15872AE1C99BB4800E82FC7 /* lfunc.h */,
				C15872B01C99BB4800E82FC7 /* lgc.c */,
				C15872B11C99BB4800E82FC7 /* lgc.h */,
				C15872B41C99BB4800E82FC7 /* linit.c */,
				C15872B61C99BB4800E82FC7 /* liolib.c */,
				C15872B81C99BB4800E82FC7 /* llex.c */,
				C15872B91C99BB4800E82FC7 /* llex.h */,
				C15872BB1C99BB4800E82FC7 /* llimits.h */,
				C15872BC1C99BB4800E82FC7 /* lmathlib.c */,
				C15872BE1C99BB4800E82FC7 /* lmem.c */,
				C15872BF1C99BB4800E82FC7 /* lmem.h */,
				C15872C31C99BB4800E82FC7 /* loadlib.c */,
				C15872C51C99BB4800E82FC7 /* lobject.c */,
				C15872C61C99BB4800E82FC7 /* lobject.h */,
				C15872C81C99BB4800E82FC7 /* lopcodes.c */,
				C15872C91C99BB4800E82FC7 /* lopcodes.h */,
				C15872CB1C99BB4800E82FC7 /* loslib.c */,
				C15872CD1C99BB4800E82FC7 /* lparser.c */,
				C15872CE1C99BB4800E82FC7 /* lparser.h */,
				C15872D01C99BB4800E82FC7 /* lprefix.h */,
				C15872D11C99BB4800E82FC7 /* lstate.c */,
				C15872D21C99BB4800E82FC7 /* lstate.h */,
				C15872D41C99BB4800E82FC7 /* lstring.c */,
				C15872D51C99BB4800E82FC7 /* lstring.h */,
				C15872D71C99BB4800E82FC7 /* lstrlib.c */,
				C15872D91C99BB4800E82FC7 /* ltable.c */,
				C15872DA1C99BB4800E82FC7 /* ltable.h */,
				C15872DC1C99BB4800E82FC7 /* ltablib.c */,
				C15872DE1C99BB4800E82FC7 /* ltm.c */,
				C15872DF1C99BB4800E82FC7 /* ltm.h */,
				C15872E21C99BB4800E82FC7 /* lua.cpp */,
				C15872E31C99BB4800E82FC7 /* lua.h */,
				C15872E41C99BB4800E82FC7 /* lua.hpp */,
				C15872E71C99BB4800E82FC7 /* luac.c */,
				C15872E91C99BB4800E82FC7 /* luaconf.h */,
				C15872EA1C99BB4800E82FC7 /* lualib.h */,
				C15872EB1C99BB4800E82FC7 /* lundump.c */,
				C15872EC1C99BB4800E82FC7 /* lundump.h */,
				C15872EE1C99BB4800E82FC7 /* lutf8lib.c */,
				C15872F01C99BB4800E82FC7 /* lvm.c */,
				C15872F11C99BB4800E82FC7 /* lvm.h */,
				C15872F31C99BB4800E82FC7 /* lzio.c */,
				C15872F41C99BB4800E82FC7 /* lzio.h */,
				C15872F61C99BB4800E82FC7 /* Makefile */,
			);
			path = src;
			sourceTree = "<group>";
		};
		C158734B1C99BE9700E82FC7 /* lib */ = {
			isa = PBXGroup;
			children = (
				C1587E2A1C99D2C200E82FC7 /* GLUT.framework */,
				C1587E281C99D2BD00E82FC7 /* OpenGL.framework */,
				C15873491C99BE0500E82FC7 /* libm.tbd */,
				C15873471C99BDDB00E82FC7 /* libreadline.tbd */,
			);
			name = lib;
			sourceTree = "<group>";
		};
		C18B9A501C9C6E44003628FE /* libs */ = {
			isa = PBXGroup;
			children = (
				C15872951C99BB4800E82FC7 /* lbit.c */,
				C15872991C99BB4800E82FC7 /* lbullet.cpp */,
				C15872C11C99BB4800E82FC7 /* lnjli.cpp */,
				C15872F71C99BB4800E82FC7 /* njli_swig_runtime.h */,
			);
			name = libs;
			sourceTree = "<group>";
		};
		C1D6AE6C1C99B9CA00C8D4E0 = {
			isa = PBXGroup;
			children = (
				C158734B1C99BE9700E82FC7 /* lib */,
				C15873461C99BB9300E82FC7 /* Makefile */,
				C158728C1C99BB4800E82FC7 /* src */,
				C1D6AE761C99B9CA00C8D4E0 /* Products */,
			);
			sourceTree = "<group>";
		};
		C1D6AE761C99B9CA00C8D4E0 /* Products */ = {
			isa = PBXGroup;
			children = (
				C1D6AE751C99B9CA00C8D4E0 /* NJLILuaSandbox */,
			);
			name = Products;
			sourceTree = "<group>";
		};
/* End PBXGroup section */

/* Begin PBXNativeTarget section */
		C1D6AE741C99B9CA00C8D4E0 /* NJLILuaSandbox */ = {
			isa = PBXNativeTarget;
			buildConfigurationList = C1D6AE7C1C99B9CA00C8D4E0 /* Build configuration list for PBXNativeTarget "NJLILuaSandbox" */;
			buildPhases = (
				C1D6AE711C99B9CA00C8D4E0 /* Sources */,
				C1D6AE721C99B9CA00C8D4E0 /* Frameworks */,
				C1D6AE731C99B9CA00C8D4E0 /* CopyFiles */,
			);
			buildRules = (
			);
			dependencies = (
			);
			name = NJLILuaSandbox;
			productName = NJLILuaSandbox;
			productReference = C1D6AE751C99B9CA00C8D4E0 /* NJLILuaSandbox */;
			productType = "com.apple.product-type.tool";
		};
/* End PBXNativeTarget section */

/* Begin PBXProject section */
		C1D6AE6D1C99B9CA00C8D4E0 /* Project object */ = {
			isa = PBXProject;
			attributes = {
				LastUpgradeCheck = 0720;
				ORGANIZATIONNAME = "NJLIGames Ltd.";
				TargetAttributes = {
					C1D6AE741C99B9CA00C8D4E0 = {
						CreatedOnToolsVersion = 7.2;
					};
				};
			};
			buildConfigurationList = C1D6AE701C99B9CA00C8D4E0 /* Build configuration list for PBXProject "NJLILuaSandbox" */;
			compatibilityVersion = "Xcode 3.2";
			developmentRegion = English;
			hasScannedForEncodings = 0;
			knownRegions = (
				en,
			);
			mainGroup = C1D6AE6C1C99B9CA00C8D4E0;
			productRefGroup = C1D6AE761C99B9CA00C8D4E0 /* Products */;
			projectDirPath = "";
			projectRoot = "";
			targets = (
				C1D6AE741C99B9CA00C8D4E0 /* NJLILuaSandbox */,
			);
		};
/* End PBXProject section */

/* Begin PBXSourcesBuildPhase section */
		C1D6AE711C99B9CA00C8D4E0 /* Sources */ = {
			isa = PBXSourcesBuildPhase;
			buildActionMask = 2147483647;
			files = (
				C15873041C99BB4800E82FC7 /* lcode.c in Sources */,
				C15873061C99BB4800E82FC7 /* lcorolib.c in Sources */,
				C15873121C99BB4800E82FC7 /* lfunc.c in Sources */,
				C15873411C99BB4800E82FC7 /* lvm.c in Sources */,
				C15873371C99BB4800E82FC7 /* ltm.c in Sources */,
				C15872F81C99BB4800E82FC7 /* lapi.c in Sources */,
				C15873271C99BB4800E82FC7 /* lopcodes.c in Sources */,
				C158732F1C99BB4800E82FC7 /* lstring.c in Sources */,
				C15873211C99BB4800E82FC7 /* lnjli.cpp in Sources */,
				C15873231C99BB4800E82FC7 /* loadlib.c in Sources */,
				C158730C1C99BB4800E82FC7 /* ldebug.c in Sources */,
				C15873191C99BB4800E82FC7 /* liolib.c in Sources */,
				C15873251C99BB4800E82FC7 /* lobject.c in Sources */,
				C158733B1C99BB4800E82FC7 /* luac.c in Sources */,
				C158733F1C99BB4800E82FC7 /* lutf8lib.c in Sources */,
				C15872FA1C99BB4800E82FC7 /* lauxlib.c in Sources */,
				C158730A1C99BB4800E82FC7 /* ldblib.c in Sources */,
				C15873311C99BB4800E82FC7 /* lstrlib.c in Sources */,
				C15872FE1C99BB4800E82FC7 /* lbit.c in Sources */,
				C15873171C99BB4800E82FC7 /* linit.c in Sources */,
				C158732D1C99BB4800E82FC7 /* lstate.c in Sources */,
				C158731F1C99BB4800E82FC7 /* lmem.c in Sources */,
				C15873101C99BB4800E82FC7 /* ldump.c in Sources */,
				C15873431C99BB4800E82FC7 /* lzio.c in Sources */,
				C15873001C99BB4800E82FC7 /* lbitlib.c in Sources */,
				C158731B1C99BB4800E82FC7 /* llex.c in Sources */,
				C15873331C99BB4800E82FC7 /* ltable.c in Sources */,
				C15873021C99BB4800E82FC7 /* lbullet.cpp in Sources */,
				C158732B1C99BB4800E82FC7 /* lparser.c in Sources */,
				C15873291C99BB4800E82FC7 /* loslib.c in Sources */,
				C158730E1C99BB4800E82FC7 /* ldo.c in Sources */,
				C158733D1C99BB4800E82FC7 /* lundump.c in Sources */,
				C15873391C99BB4800E82FC7 /* lua.cpp in Sources */,
				C158731D1C99BB4800E82FC7 /* lmathlib.c in Sources */,
				C15873351C99BB4800E82FC7 /* ltablib.c in Sources */,
				C15873141C99BB4800E82FC7 /* lgc.c in Sources */,
				C15873081C99BB4800E82FC7 /* lctype.c in Sources */,
				C15872FC1C99BB4800E82FC7 /* lbaselib.c in Sources */,
			);
			runOnlyForDeploymentPostprocessing = 0;
		};
/* End PBXSourcesBuildPhase section */

/* Begin XCBuildConfiguration section */
		C1D6AE7A1C99B9CA00C8D4E0 /* Debug */ = {
			isa = XCBuildConfiguration;
			buildSettings = {
				ALWAYS_SEARCH_USER_PATHS = YES;
				CLANG_CXX_LANGUAGE_STANDARD = "gnu++0x";
				CLANG_CXX_LIBRARY = "libc++";
				CLANG_ENABLE_MODULES = YES;
				CLANG_ENABLE_OBJC_ARC = YES;
				CLANG_WARN_BOOL_CONVERSION = YES;
				CLANG_WARN_CONSTANT_CONVERSION = YES;
				CLANG_WARN_DIRECT_OBJC_ISA_USAGE = YES_ERROR;
				CLANG_WARN_EMPTY_BODY = YES;
				CLANG_WARN_ENUM_CONVERSION = YES;
				CLANG_WARN_INT_CONVERSION = YES;
				CLANG_WARN_OBJC_ROOT_CLASS = YES_ERROR;
				CLANG_WARN_UNREACHABLE_CODE = YES;
				CLANG_WARN__DUPLICATE_METHOD_MATCH = YES;
				CODE_SIGN_IDENTITY = "-";
				COPY_PHASE_STRIP = NO;
				DEBUG_INFORMATION_FORMAT = dwarf;
				ENABLE_STRICT_OBJC_MSGSEND = YES;
				ENABLE_TESTABILITY = YES;
				GCC_C_LANGUAGE_STANDARD = gnu99;
				GCC_DYNAMIC_NO_PIC = NO;
				GCC_NO_COMMON_BLOCKS = YES;
				GCC_OPTIMIZATION_LEVEL = 0;
				GCC_PREPROCESSOR_DEFINITIONS = (
					"DEBUG=1",
					"$(inherited)",
				);
				GCC_WARN_64_TO_32_BIT_CONVERSION = YES;
				GCC_WARN_ABOUT_RETURN_TYPE = YES_ERROR;
				GCC_WARN_UNDECLARED_SELECTOR = YES;
				GCC_WARN_UNINITIALIZED_AUTOS = YES_AGGRESSIVE;
				GCC_WARN_UNUSED_FUNCTION = YES;
				GCC_WARN_UNUSED_VARIABLE = YES;
				HEADER_SEARCH_PATHS = "\"$(SRCROOT)/../../../Source/jli_game_engine/version-1.0/src\"/**";
				MACOSX_DEPLOYMENT_TARGET = 10.11;
				MTL_ENABLE_DEBUG_INFO = YES;
				ONLY_ACTIVE_ARCH = YES;
				SDKROOT = macosx;
			};
			name = Debug;
		};
		C1D6AE7B1C99B9CA00C8D4E0 /* Release */ = {
			isa = XCBuildConfiguration;
			buildSettings = {
				ALWAYS_SEARCH_USER_PATHS = YES;
				CLANG_CXX_LANGUAGE_STANDARD = "gnu++0x";
				CLANG_CXX_LIBRARY = "libc++";
				CLANG_ENABLE_MODULES = YES;
				CLANG_ENABLE_OBJC_ARC = YES;
				CLANG_WARN_BOOL_CONVERSION = YES;
				CLANG_WARN_CONSTANT_CONVERSION = YES;
				CLANG_WARN_DIRECT_OBJC_ISA_USAGE = YES_ERROR;
				CLANG_WARN_EMPTY_BODY = YES;
				CLANG_WARN_ENUM_CONVERSION = YES;
				CLANG_WARN_INT_CONVERSION = YES;
				CLANG_WARN_OBJC_ROOT_CLASS = YES_ERROR;
				CLANG_WARN_UNREACHABLE_CODE = YES;
				CLANG_WARN__DUPLICATE_METHOD_MATCH = YES;
				CODE_SIGN_IDENTITY = "-";
				COPY_PHASE_STRIP = NO;
				DEBUG_INFORMATION_FORMAT = "dwarf-with-dsym";
				ENABLE_NS_ASSERTIONS = NO;
				ENABLE_STRICT_OBJC_MSGSEND = YES;
				GCC_C_LANGUAGE_STANDARD = gnu99;
				GCC_NO_COMMON_BLOCKS = YES;
				GCC_WARN_64_TO_32_BIT_CONVERSION = YES;
				GCC_WARN_ABOUT_RETURN_TYPE = YES_ERROR;
				GCC_WARN_UNDECLARED_SELECTOR = YES;
				GCC_WARN_UNINITIALIZED_AUTOS = YES_AGGRESSIVE;
				GCC_WARN_UNUSED_FUNCTION = YES;
				GCC_WARN_UNUSED_VARIABLE = YES;
				HEADER_SEARCH_PATHS = "\"$(SRCROOT)/../../../Source/jli_game_engine/version-1.0/src\"/**";
				MACOSX_DEPLOYMENT_TARGET = 10.11;
				MTL_ENABLE_DEBUG_INFO = NO;
				SDKROOT = macosx;
			};
			name = Release;
		};
		C1D6AE7D1C99B9CA00C8D4E0 /* Debug */ = {
			isa = XCBuildConfiguration;
			buildSettings = {
				HEADER_SEARCH_PATHS = (
					/usr/local/include,
					"\"$(SRCROOT)/../../../Source/bullet/bullet-2.82-r2704/src\"/**",
					"\"$(SRCROOT)/../../../Source/bullet\"",
					"\"$(SRCROOT)/../../../Source/nanovg/nanovg/src\"/**",
					"\"$(SRCROOT)/../../../Source/json/jsoncpp\"/**",
					"\"$(SRCROOT)/../../../Source/xml/tinyxml\"/**",
					"\"$(SRCROOT)/../../../Source/zlib/zlib_SIO2\"/**",
					"\"$(SRCROOT)/../../../Source/jli_game_engine/version-1.0/src\"/**",
					"\"$(SRCROOT)/../../../Source/platform/mac\"",
					"\"$(SRCROOT)/../../../Source/platform/core\"",
				);
				LIBRARY_SEARCH_PATHS = (
					"$(inherited)",
					"$(PROJECT_DIR)/src",
					/usr/local/lib,
				);
				PRODUCT_NAME = "$(TARGET_NAME)";
			};
			name = Debug;
		};
		C1D6AE7E1C99B9CA00C8D4E0 /* Release */ = {
			isa = XCBuildConfiguration;
			buildSettings = {
				HEADER_SEARCH_PATHS = (
					/usr/local/include,
					"\"$(SRCROOT)/../../../Source/bullet/bullet-2.82-r2704/src\"/**",
					"\"$(SRCROOT)/../../../Source/bullet\"",
					"\"$(SRCROOT)/../../../Source/nanovg/nanovg/src\"/**",
					"\"$(SRCROOT)/../../../Source/json/jsoncpp\"/**",
					"\"$(SRCROOT)/../../../Source/xml/tinyxml\"/**",
					"\"$(SRCROOT)/../../../Source/zlib/zlib_SIO2\"/**",
					"\"$(SRCROOT)/../../../Source/jli_game_engine/version-1.0/src\"/**",
					"\"$(SRCROOT)/../../../Source/platform/mac\"",
					"\"$(SRCROOT)/../../../Source/platform/core\"",
				);
				LIBRARY_SEARCH_PATHS = (
					"$(inherited)",
					"$(PROJECT_DIR)/src",
					/usr/local/lib,
				);
				PRODUCT_NAME = "$(TARGET_NAME)";
			};
			name = Release;
		};
/* End XCBuildConfiguration section */

/* Begin XCConfigurationList section */
		C1D6AE701C99B9CA00C8D4E0 /* Build configuration list for PBXProject "NJLILuaSandbox" */ = {
			isa = XCConfigurationList;
			buildConfigurations = (
				C1D6AE7A1C99B9CA00C8D4E0 /* Debug */,
				C1D6AE7B1C99B9CA00C8D4E0 /* Release */,
			);
			defaultConfigurationIsVisible = 0;
			defaultConfigurationName = Release;
		};
		C1D6AE7C1C99B9CA00C8D4E0 /* Build configuration list for PBXNativeTarget "NJLILuaSandbox" */ = {
			isa = XCConfigurationList;
			buildConfigurations = (
				C1D6AE7D1C99B9CA00C8D4E0 /* Debug */,
				C1D6AE7E1C99B9CA00C8D4E0 /* Release */,
			);
			defaultConfigurationIsVisible = 0;
			defaultConfigurationName = Release;
		};
/* End XCConfigurationList section */
	};
	rootObject = C1D6AE6D1C99B9CA00C8D4E0 /* Project object */;
}
