
Microsoft Visual Studio Solution File, Format Version 11.00
# Visual Studio 2010
Project("{8BC9CEB8-8B4A-11D0-8D11-00A0C91BC942}") = "3d", "3d.vcxproj", "{26D4ADF1-C2FC-4D81-B2BD-0E044FE83FEA}"
EndProject
Project("{8BC9CEB8-8B4A-11D0-8D11-00A0C91BC942}") = "channel_groups", "channel_groups.vcxproj", "{3C135D56-3ABC-442A-9C92-775E99099C12}"
EndProject
Project("{8BC9CEB8-8B4A-11D0-8D11-00A0C91BC942}") = "convolution_reverb", "convolution_reverb.vcxproj", "{8FDB8B99-C808-4DDE-BC5B-11797458C9CF}"
EndProject
Project("{8BC9CEB8-8B4A-11D0-8D11-00A0C91BC942}") = "dsp_custom", "dsp_custom.vcxproj", "{00AFE6E0-56BB-4434-984D-A1CF442220CC}"
EndProject
Project("{8BC9CEB8-8B4A-11D0-8D11-00A0C91BC942}") = "dsp_effect_per_speaker", "dsp_effect_per_speaker.vcxproj", "{8439A3BE-25D5-4F53-8D04-3603482333F1}"
EndProject
Project("{8BC9CEB8-8B4A-11D0-8D11-00A0C91BC942}") = "dsp_inspector", "dsp_inspector.vcxproj", "{CE58E709-8B04-4B32-85BD-7637E3DA56B5}"
EndProject
Project("{8BC9CEB8-8B4A-11D0-8D11-00A0C91BC942}") = "effects", "effects.vcxproj", "{CF5FED7B-120B-42B4-9B53-D316FC9CECE3}"
EndProject
Project("{8BC9CEB8-8B4A-11D0-8D11-00A0C91BC942}") = "gapless_playback", "gapless_playback.vcxproj", "{529E44AC-C351-4B87-AA86-894F29B6CD6F}"
EndProject
Project("{8BC9CEB8-8B4A-11D0-8D11-00A0C91BC942}") = "generate_tone", "generate_tone.vcxproj", "{1CE7BA4A-E28F-438A-A6A6-B4ED2B95985A}"
EndProject
Project("{8BC9CEB8-8B4A-11D0-8D11-00A0C91BC942}") = "granular_synth", "granular_synth.vcxproj", "{D6F4ABC1-9978-4E08-92D3-2936D1A86DC9}"
EndProject
Project("{8BC9CEB8-8B4A-11D0-8D11-00A0C91BC942}") = "load_from_memory", "load_from_memory.vcxproj", "{25F59402-0589-4AB2-A4FB-E88AB981C157}"
EndProject
Project("{8BC9CEB8-8B4A-11D0-8D11-00A0C91BC942}") = "multiple_speaker", "multiple_speaker.vcxproj", "{61E012DB-1CAC-46A4-9DAD-D3C90FAD89C5}"
EndProject
Project("{8BC9CEB8-8B4A-11D0-8D11-00A0C91BC942}") = "multiple_system", "multiple_system.vcxproj", "{C3DEE160-9D49-4A64-8014-184F454331D1}"
EndProject
Project("{8BC9CEB8-8B4A-11D0-8D11-00A0C91BC942}") = "net_stream", "net_stream.vcxproj", "{135BFEB8-B12B-4089-A6CD-1D6A3994439E}"
EndProject
Project("{8BC9CEB8-8B4A-11D0-8D11-00A0C91BC942}") = "play_sound", "play_sound.vcxproj", "{2A8438CD-6E7E-45EB-9360-0B8FFDEE87C8}"
EndProject
Project("{8BC9CEB8-8B4A-11D0-8D11-00A0C91BC942}") = "play_stream", "play_stream.vcxproj", "{866D31EC-AAB7-481E-AE5D-B4AE65FE6C96}"
EndProject
Project("{8BC9CEB8-8B4A-11D0-8D11-00A0C91BC942}") = "record", "record.vcxproj", "{6A10E8DD-5D8F-4244-A08A-670775C3A165}"
EndProject
Project("{8BC9CEB8-8B4A-11D0-8D11-00A0C91BC942}") = "record_enumeration", "record_enumeration.vcxproj", "{01C2CEF5-80BE-4631-BB96-29BEA3D4DF6B}"
EndProject
Project("{8BC9CEB8-8B4A-11D0-8D11-00A0C91BC942}") = "user_created_sound", "user_created_sound.vcxproj", "{E97CD1CD-88B6-467D-88D9-41BB8272D45C}"
EndProject
Global
	GlobalSection(SolutionConfigurationPlatforms) = preSolution
		Debug|AArch64-Android-NVIDIA = Debug|AArch64-Android-NVIDIA
		Debug|ARM-Android-NVIDIA = Debug|ARM-Android-NVIDIA
		Debug|x86-Android-NVIDIA = Debug|x86-Android-NVIDIA
		Release|AArch64-Android-NVIDIA = Release|AArch64-Android-NVIDIA
		Release|ARM-Android-NVIDIA = Release|ARM-Android-NVIDIA
		Release|x86-Android-NVIDIA = Release|x86-Android-NVIDIA
	EndGlobalSection
	GlobalSection(ProjectConfigurationPlatforms) = postSolution
		{26D4ADF1-C2FC-4D81-B2BD-0E044FE83FEA}.Debug|AArch64-Android-NVIDIA.ActiveCfg = Debug|AArch64-Android-NVIDIA
		{26D4ADF1-C2FC-4D81-B2BD-0E044FE83FEA}.Debug|AArch64-Android-NVIDIA.Build.0 = Debug|AArch64-Android-NVIDIA
		{26D4ADF1-C2FC-4D81-B2BD-0E044FE83FEA}.Debug|AArch64-Android-NVIDIA.Deploy.0 = Debug|AArch64-Android-NVIDIA
		{26D4ADF1-C2FC-4D81-B2BD-0E044FE83FEA}.Debug|ARM-Android-NVIDIA.ActiveCfg = Debug|ARM-Android-NVIDIA
		{26D4ADF1-C2FC-4D81-B2BD-0E044FE83FEA}.Debug|ARM-Android-NVIDIA.Build.0 = Debug|ARM-Android-NVIDIA
		{26D4ADF1-C2FC-4D81-B2BD-0E044FE83FEA}.Debug|ARM-Android-NVIDIA.Deploy.0 = Debug|ARM-Android-NVIDIA
		{26D4ADF1-C2FC-4D81-B2BD-0E044FE83FEA}.Debug|x86-Android-NVIDIA.ActiveCfg = Debug|x86-Android-NVIDIA
		{26D4ADF1-C2FC-4D81-B2BD-0E044FE83FEA}.Debug|x86-Android-NVIDIA.Build.0 = Debug|x86-Android-NVIDIA
		{26D4ADF1-C2FC-4D81-B2BD-0E044FE83FEA}.Debug|x86-Android-NVIDIA.Deploy.0 = Debug|x86-Android-NVIDIA
		{26D4ADF1-C2FC-4D81-B2BD-0E044FE83FEA}.Release|AArch64-Android-NVIDIA.ActiveCfg = Release|AArch64-Android-NVIDIA
		{26D4ADF1-C2FC-4D81-B2BD-0E044FE83FEA}.Release|AArch64-Android-NVIDIA.Build.0 = Release|AArch64-Android-NVIDIA
		{26D4ADF1-C2FC-4D81-B2BD-0E044FE83FEA}.Release|AArch64-Android-NVIDIA.Deploy.0 = Release|AArch64-Android-NVIDIA
		{26D4ADF1-C2FC-4D81-B2BD-0E044FE83FEA}.Release|ARM-Android-NVIDIA.ActiveCfg = Release|ARM-Android-NVIDIA
		{26D4ADF1-C2FC-4D81-B2BD-0E044FE83FEA}.Release|ARM-Android-NVIDIA.Build.0 = Release|ARM-Android-NVIDIA
		{26D4ADF1-C2FC-4D81-B2BD-0E044FE83FEA}.Release|ARM-Android-NVIDIA.Deploy.0 = Release|ARM-Android-NVIDIA
		{26D4ADF1-C2FC-4D81-B2BD-0E044FE83FEA}.Release|x86-Android-NVIDIA.ActiveCfg = Release|x86-Android-NVIDIA
		{26D4ADF1-C2FC-4D81-B2BD-0E044FE83FEA}.Release|x86-Android-NVIDIA.Build.0 = Release|x86-Android-NVIDIA
		{26D4ADF1-C2FC-4D81-B2BD-0E044FE83FEA}.Release|x86-Android-NVIDIA.Deploy.0 = Release|x86-Android-NVIDIA
		{3C135D56-3ABC-442A-9C92-775E99099C12}.Debug|AArch64-Android-NVIDIA.ActiveCfg = Debug|AArch64-Android-NVIDIA
		{3C135D56-3ABC-442A-9C92-775E99099C12}.Debug|AArch64-Android-NVIDIA.Build.0 = Debug|AArch64-Android-NVIDIA
		{3C135D56-3ABC-442A-9C92-775E99099C12}.Debug|AArch64-Android-NVIDIA.Deploy.0 = Debug|AArch64-Android-NVIDIA
		{3C135D56-3ABC-442A-9C92-775E99099C12}.Debug|ARM-Android-NVIDIA.ActiveCfg = Debug|ARM-Android-NVIDIA
		{3C135D56-3ABC-442A-9C92-775E99099C12}.Debug|ARM-Android-NVIDIA.Build.0 = Debug|ARM-Android-NVIDIA
		{3C135D56-3ABC-442A-9C92-775E99099C12}.Debug|ARM-Android-NVIDIA.Deploy.0 = Debug|ARM-Android-NVIDIA
		{3C135D56-3ABC-442A-9C92-775E99099C12}.Debug|x86-Android-NVIDIA.ActiveCfg = Debug|x86-Android-NVIDIA
		{3C135D56-3ABC-442A-9C92-775E99099C12}.Debug|x86-Android-NVIDIA.Build.0 = Debug|x86-Android-NVIDIA
		{3C135D56-3ABC-442A-9C92-775E99099C12}.Debug|x86-Android-NVIDIA.Deploy.0 = Debug|x86-Android-NVIDIA
		{3C135D56-3ABC-442A-9C92-775E99099C12}.Release|AArch64-Android-NVIDIA.ActiveCfg = Release|AArch64-Android-NVIDIA
		{3C135D56-3ABC-442A-9C92-775E99099C12}.Release|AArch64-Android-NVIDIA.Build.0 = Release|AArch64-Android-NVIDIA
		{3C135D56-3ABC-442A-9C92-775E99099C12}.Release|AArch64-Android-NVIDIA.Deploy.0 = Release|AArch64-Android-NVIDIA
		{3C135D56-3ABC-442A-9C92-775E99099C12}.Release|ARM-Android-NVIDIA.ActiveCfg = Release|ARM-Android-NVIDIA
		{3C135D56-3ABC-442A-9C92-775E99099C12}.Release|ARM-Android-NVIDIA.Build.0 = Release|ARM-Android-NVIDIA
		{3C135D56-3ABC-442A-9C92-775E99099C12}.Release|ARM-Android-NVIDIA.Deploy.0 = Release|ARM-Android-NVIDIA
		{3C135D56-3ABC-442A-9C92-775E99099C12}.Release|x86-Android-NVIDIA.ActiveCfg = Release|x86-Android-NVIDIA
		{3C135D56-3ABC-442A-9C92-775E99099C12}.Release|x86-Android-NVIDIA.Build.0 = Release|x86-Android-NVIDIA
		{3C135D56-3ABC-442A-9C92-775E99099C12}.Release|x86-Android-NVIDIA.Deploy.0 = Release|x86-Android-NVIDIA
		{8FDB8B99-C808-4DDE-BC5B-11797458C9CF}.Debug|AArch64-Android-NVIDIA.ActiveCfg = Debug|AArch64-Android-NVIDIA
		{8FDB8B99-C808-4DDE-BC5B-11797458C9CF}.Debug|AArch64-Android-NVIDIA.Build.0 = Debug|AArch64-Android-NVIDIA
		{8FDB8B99-C808-4DDE-BC5B-11797458C9CF}.Debug|AArch64-Android-NVIDIA.Deploy.0 = Debug|AArch64-Android-NVIDIA
		{8FDB8B99-C808-4DDE-BC5B-11797458C9CF}.Debug|ARM-Android-NVIDIA.ActiveCfg = Debug|ARM-Android-NVIDIA
		{8FDB8B99-C808-4DDE-BC5B-11797458C9CF}.Debug|ARM-Android-NVIDIA.Build.0 = Debug|ARM-Android-NVIDIA
		{8FDB8B99-C808-4DDE-BC5B-11797458C9CF}.Debug|ARM-Android-NVIDIA.Deploy.0 = Debug|ARM-Android-NVIDIA
		{8FDB8B99-C808-4DDE-BC5B-11797458C9CF}.Debug|x86-Android-NVIDIA.ActiveCfg = Debug|x86-Android-NVIDIA
		{8FDB8B99-C808-4DDE-BC5B-11797458C9CF}.Debug|x86-Android-NVIDIA.Build.0 = Debug|x86-Android-NVIDIA
		{8FDB8B99-C808-4DDE-BC5B-11797458C9CF}.Debug|x86-Android-NVIDIA.Deploy.0 = Debug|x86-Android-NVIDIA
		{8FDB8B99-C808-4DDE-BC5B-11797458C9CF}.Release|AArch64-Android-NVIDIA.ActiveCfg = Release|AArch64-Android-NVIDIA
		{8FDB8B99-C808-4DDE-BC5B-11797458C9CF}.Release|AArch64-Android-NVIDIA.Build.0 = Release|AArch64-Android-NVIDIA
		{8FDB8B99-C808-4DDE-BC5B-11797458C9CF}.Release|AArch64-Android-NVIDIA.Deploy.0 = Release|AArch64-Android-NVIDIA
		{8FDB8B99-C808-4DDE-BC5B-11797458C9CF}.Release|ARM-Android-NVIDIA.ActiveCfg = Release|ARM-Android-NVIDIA
		{8FDB8B99-C808-4DDE-BC5B-11797458C9CF}.Release|ARM-Android-NVIDIA.Build.0 = Release|ARM-Android-NVIDIA
		{8FDB8B99-C808-4DDE-BC5B-11797458C9CF}.Release|ARM-Android-NVIDIA.Deploy.0 = Release|ARM-Android-NVIDIA
		{8FDB8B99-C808-4DDE-BC5B-11797458C9CF}.Release|x86-Android-NVIDIA.ActiveCfg = Release|x86-Android-NVIDIA
		{8FDB8B99-C808-4DDE-BC5B-11797458C9CF}.Release|x86-Android-NVIDIA.Build.0 = Release|x86-Android-NVIDIA
		{8FDB8B99-C808-4DDE-BC5B-11797458C9CF}.Release|x86-Android-NVIDIA.Deploy.0 = Release|x86-Android-NVIDIA
		{00AFE6E0-56BB-4434-984D-A1CF442220CC}.Debug|AArch64-Android-NVIDIA.ActiveCfg = Debug|AArch64-Android-NVIDIA
		{00AFE6E0-56BB-4434-984D-A1CF442220CC}.Debug|AArch64-Android-NVIDIA.Build.0 = Debug|AArch64-Android-NVIDIA
		{00AFE6E0-56BB-4434-984D-A1CF442220CC}.Debug|AArch64-Android-NVIDIA.Deploy.0 = Debug|AArch64-Android-NVIDIA
		{00AFE6E0-56BB-4434-984D-A1CF442220CC}.Debug|ARM-Android-NVIDIA.ActiveCfg = Debug|ARM-Android-NVIDIA
		{00AFE6E0-56BB-4434-984D-A1CF442220CC}.Debug|ARM-Android-NVIDIA.Build.0 = Debug|ARM-Android-NVIDIA
		{00AFE6E0-56BB-4434-984D-A1CF442220CC}.Debug|ARM-Android-NVIDIA.Deploy.0 = Debug|ARM-Android-NVIDIA
		{00AFE6E0-56BB-4434-984D-A1CF442220CC}.Debug|x86-Android-NVIDIA.ActiveCfg = Debug|x86-Android-NVIDIA
		{00AFE6E0-56BB-4434-984D-A1CF442220CC}.Debug|x86-Android-NVIDIA.Build.0 = Debug|x86-Android-NVIDIA
		{00AFE6E0-56BB-4434-984D-A1CF442220CC}.Debug|x86-Android-NVIDIA.Deploy.0 = Debug|x86-Android-NVIDIA
		{00AFE6E0-56BB-4434-984D-A1CF442220CC}.Release|AArch64-Android-NVIDIA.ActiveCfg = Release|AArch64-Android-NVIDIA
		{00AFE6E0-56BB-4434-984D-A1CF442220CC}.Release|AArch64-Android-NVIDIA.Build.0 = Release|AArch64-Android-NVIDIA
		{00AFE6E0-56BB-4434-984D-A1CF442220CC}.Release|AArch64-Android-NVIDIA.Deploy.0 = Release|AArch64-Android-NVIDIA
		{00AFE6E0-56BB-4434-984D-A1CF442220CC}.Release|ARM-Android-NVIDIA.ActiveCfg = Release|ARM-Android-NVIDIA
		{00AFE6E0-56BB-4434-984D-A1CF442220CC}.Release|ARM-Android-NVIDIA.Build.0 = Release|ARM-Android-NVIDIA
		{00AFE6E0-56BB-4434-984D-A1CF442220CC}.Release|ARM-Android-NVIDIA.Deploy.0 = Release|ARM-Android-NVIDIA
		{00AFE6E0-56BB-4434-984D-A1CF442220CC}.Release|x86-Android-NVIDIA.ActiveCfg = Release|x86-Android-NVIDIA
		{00AFE6E0-56BB-4434-984D-A1CF442220CC}.Release|x86-Android-NVIDIA.Build.0 = Release|x86-Android-NVIDIA
		{00AFE6E0-56BB-4434-984D-A1CF442220CC}.Release|x86-Android-NVIDIA.Deploy.0 = Release|x86-Android-NVIDIA
		{8439A3BE-25D5-4F53-8D04-3603482333F1}.Debug|AArch64-Android-NVIDIA.ActiveCfg = Debug|AArch64-Android-NVIDIA
		{8439A3BE-25D5-4F53-8D04-3603482333F1}.Debug|AArch64-Android-NVIDIA.Build.0 = Debug|AArch64-Android-NVIDIA
		{8439A3BE-25D5-4F53-8D04-3603482333F1}.Debug|AArch64-Android-NVIDIA.Deploy.0 = Debug|AArch64-Android-NVIDIA
		{8439A3BE-25D5-4F53-8D04-3603482333F1}.Debug|ARM-Android-NVIDIA.ActiveCfg = Debug|ARM-Android-NVIDIA
		{8439A3BE-25D5-4F53-8D04-3603482333F1}.Debug|ARM-Android-NVIDIA.Build.0 = Debug|ARM-Android-NVIDIA
		{8439A3BE-25D5-4F53-8D04-3603482333F1}.Debug|ARM-Android-NVIDIA.Deploy.0 = Debug|ARM-Android-NVIDIA
		{8439A3BE-25D5-4F53-8D04-3603482333F1}.Debug|x86-Android-NVIDIA.ActiveCfg = Debug|x86-Android-NVIDIA
		{8439A3BE-25D5-4F53-8D04-3603482333F1}.Debug|x86-Android-NVIDIA.Build.0 = Debug|x86-Android-NVIDIA
		{8439A3BE-25D5-4F53-8D04-3603482333F1}.Debug|x86-Android-NVIDIA.Deploy.0 = Debug|x86-Android-NVIDIA
		{8439A3BE-25D5-4F53-8D04-3603482333F1}.Release|AArch64-Android-NVIDIA.ActiveCfg = Release|AArch64-Android-NVIDIA
		{8439A3BE-25D5-4F53-8D04-3603482333F1}.Release|AArch64-Android-NVIDIA.Build.0 = Release|AArch64-Android-NVIDIA
		{8439A3BE-25D5-4F53-8D04-3603482333F1}.Release|AArch64-Android-NVIDIA.Deploy.0 = Release|AArch64-Android-NVIDIA
		{8439A3BE-25D5-4F53-8D04-3603482333F1}.Release|ARM-Android-NVIDIA.ActiveCfg = Release|ARM-Android-NVIDIA
		{8439A3BE-25D5-4F53-8D04-3603482333F1}.Release|ARM-Android-NVIDIA.Build.0 = Release|ARM-Android-NVIDIA
		{8439A3BE-25D5-4F53-8D04-3603482333F1}.Release|ARM-Android-NVIDIA.Deploy.0 = Release|ARM-Android-NVIDIA
		{8439A3BE-25D5-4F53-8D04-3603482333F1}.Release|x86-Android-NVIDIA.ActiveCfg = Release|x86-Android-NVIDIA
		{8439A3BE-25D5-4F53-8D04-3603482333F1}.Release|x86-Android-NVIDIA.Build.0 = Release|x86-Android-NVIDIA
		{8439A3BE-25D5-4F53-8D04-3603482333F1}.Release|x86-Android-NVIDIA.Deploy.0 = Release|x86-Android-NVIDIA
		{CE58E709-8B04-4B32-85BD-7637E3DA56B5}.Debug|AArch64-Android-NVIDIA.ActiveCfg = Debug|AArch64-Android-NVIDIA
		{CE58E709-8B04-4B32-85BD-7637E3DA56B5}.Debug|AArch64-Android-NVIDIA.Build.0 = Debug|AArch64-Android-NVIDIA
		{CE58E709-8B04-4B32-85BD-7637E3DA56B5}.Debug|AArch64-Android-NVIDIA.Deploy.0 = Debug|AArch64-Android-NVIDIA
		{CE58E709-8B04-4B32-85BD-7637E3DA56B5}.Debug|ARM-Android-NVIDIA.ActiveCfg = Debug|ARM-Android-NVIDIA
		{CE58E709-8B04-4B32-85BD-7637E3DA56B5}.Debug|ARM-Android-NVIDIA.Build.0 = Debug|ARM-Android-NVIDIA
		{CE58E709-8B04-4B32-85BD-7637E3DA56B5}.Debug|ARM-Android-NVIDIA.Deploy.0 = Debug|ARM-Android-NVIDIA
		{CE58E709-8B04-4B32-85BD-7637E3DA56B5}.Debug|x86-Android-NVIDIA.ActiveCfg = Debug|x86-Android-NVIDIA
		{CE58E709-8B04-4B32-85BD-7637E3DA56B5}.Debug|x86-Android-NVIDIA.Build.0 = Debug|x86-Android-NVIDIA
		{CE58E709-8B04-4B32-85BD-7637E3DA56B5}.Debug|x86-Android-NVIDIA.Deploy.0 = Debug|x86-Android-NVIDIA
		{CE58E709-8B04-4B32-85BD-7637E3DA56B5}.Release|AArch64-Android-NVIDIA.ActiveCfg = Release|AArch64-Android-NVIDIA
		{CE58E709-8B04-4B32-85BD-7637E3DA56B5}.Release|AArch64-Android-NVIDIA.Build.0 = Release|AArch64-Android-NVIDIA
		{CE58E709-8B04-4B32-85BD-7637E3DA56B5}.Release|AArch64-Android-NVIDIA.Deploy.0 = Release|AArch64-Android-NVIDIA
		{CE58E709-8B04-4B32-85BD-7637E3DA56B5}.Release|ARM-Android-NVIDIA.ActiveCfg = Release|ARM-Android-NVIDIA
		{CE58E709-8B04-4B32-85BD-7637E3DA56B5}.Release|ARM-Android-NVIDIA.Build.0 = Release|ARM-Android-NVIDIA
		{CE58E709-8B04-4B32-85BD-7637E3DA56B5}.Release|ARM-Android-NVIDIA.Deploy.0 = Release|ARM-Android-NVIDIA
		{CE58E709-8B04-4B32-85BD-7637E3DA56B5}.Release|x86-Android-NVIDIA.ActiveCfg = Release|x86-Android-NVIDIA
		{CE58E709-8B04-4B32-85BD-7637E3DA56B5}.Release|x86-Android-NVIDIA.Build.0 = Release|x86-Android-NVIDIA
		{CE58E709-8B04-4B32-85BD-7637E3DA56B5}.Release|x86-Android-NVIDIA.Deploy.0 = Release|x86-Android-NVIDIA
		{CF5FED7B-120B-42B4-9B53-D316FC9CECE3}.Debug|AArch64-Android-NVIDIA.ActiveCfg = Debug|AArch64-Android-NVIDIA
		{CF5FED7B-120B-42B4-9B53-D316FC9CECE3}.Debug|AArch64-Android-NVIDIA.Build.0 = Debug|AArch64-Android-NVIDIA
		{CF5FED7B-120B-42B4-9B53-D316FC9CECE3}.Debug|AArch64-Android-NVIDIA.Deploy.0 = Debug|AArch64-Android-NVIDIA
		{CF5FED7B-120B-42B4-9B53-D316FC9CECE3}.Debug|ARM-Android-NVIDIA.ActiveCfg = Debug|ARM-Android-NVIDIA
		{CF5FED7B-120B-42B4-9B53-D316FC9CECE3}.Debug|ARM-Android-NVIDIA.Build.0 = Debug|ARM-Android-NVIDIA
		{CF5FED7B-120B-42B4-9B53-D316FC9CECE3}.Debug|ARM-Android-NVIDIA.Deploy.0 = Debug|ARM-Android-NVIDIA
		{CF5FED7B-120B-42B4-9B53-D316FC9CECE3}.Debug|x86-Android-NVIDIA.ActiveCfg = Debug|x86-Android-NVIDIA
		{CF5FED7B-120B-42B4-9B53-D316FC9CECE3}.Debug|x86-Android-NVIDIA.Build.0 = Debug|x86-Android-NVIDIA
		{CF5FED7B-120B-42B4-9B53-D316FC9CECE3}.Debug|x86-Android-NVIDIA.Deploy.0 = Debug|x86-Android-NVIDIA
		{CF5FED7B-120B-42B4-9B53-D316FC9CECE3}.Release|AArch64-Android-NVIDIA.ActiveCfg = Release|AArch64-Android-NVIDIA
		{CF5FED7B-120B-42B4-9B53-D316FC9CECE3}.Release|AArch64-Android-NVIDIA.Build.0 = Release|AArch64-Android-NVIDIA
		{CF5FED7B-120B-42B4-9B53-D316FC9CECE3}.Release|AArch64-Android-NVIDIA.Deploy.0 = Release|AArch64-Android-NVIDIA
		{CF5FED7B-120B-42B4-9B53-D316FC9CECE3}.Release|ARM-Android-NVIDIA.ActiveCfg = Release|ARM-Android-NVIDIA
		{CF5FED7B-120B-42B4-9B53-D316FC9CECE3}.Release|ARM-Android-NVIDIA.Build.0 = Release|ARM-Android-NVIDIA
		{CF5FED7B-120B-42B4-9B53-D316FC9CECE3}.Release|ARM-Android-NVIDIA.Deploy.0 = Release|ARM-Android-NVIDIA
		{CF5FED7B-120B-42B4-9B53-D316FC9CECE3}.Release|x86-Android-NVIDIA.ActiveCfg = Release|x86-Android-NVIDIA
		{CF5FED7B-120B-42B4-9B53-D316FC9CECE3}.Release|x86-Android-NVIDIA.Build.0 = Release|x86-Android-NVIDIA
		{CF5FED7B-120B-42B4-9B53-D316FC9CECE3}.Release|x86-Android-NVIDIA.Deploy.0 = Release|x86-Android-NVIDIA
		{529E44AC-C351-4B87-AA86-894F29B6CD6F}.Debug|AArch64-Android-NVIDIA.ActiveCfg = Debug|AArch64-Android-NVIDIA
		{529E44AC-C351-4B87-AA86-894F29B6CD6F}.Debug|AArch64-Android-NVIDIA.Build.0 = Debug|AArch64-Android-NVIDIA
		{529E44AC-C351-4B87-AA86-894F29B6CD6F}.Debug|AArch64-Android-NVIDIA.Deploy.0 = Debug|AArch64-Android-NVIDIA
		{529E44AC-C351-4B87-AA86-894F29B6CD6F}.Debug|ARM-Android-NVIDIA.ActiveCfg = Debug|ARM-Android-NVIDIA
		{529E44AC-C351-4B87-AA86-894F29B6CD6F}.Debug|ARM-Android-NVIDIA.Build.0 = Debug|ARM-Android-NVIDIA
		{529E44AC-C351-4B87-AA86-894F29B6CD6F}.Debug|ARM-Android-NVIDIA.Deploy.0 = Debug|ARM-Android-NVIDIA
		{529E44AC-C351-4B87-AA86-894F29B6CD6F}.Debug|x86-Android-NVIDIA.ActiveCfg = Debug|x86-Android-NVIDIA
		{529E44AC-C351-4B87-AA86-894F29B6CD6F}.Debug|x86-Android-NVIDIA.Build.0 = Debug|x86-Android-NVIDIA
		{529E44AC-C351-4B87-AA86-894F29B6CD6F}.Debug|x86-Android-NVIDIA.Deploy.0 = Debug|x86-Android-NVIDIA
		{529E44AC-C351-4B87-AA86-894F29B6CD6F}.Release|AArch64-Android-NVIDIA.ActiveCfg = Release|AArch64-Android-NVIDIA
		{529E44AC-C351-4B87-AA86-894F29B6CD6F}.Release|AArch64-Android-NVIDIA.Build.0 = Release|AArch64-Android-NVIDIA
		{529E44AC-C351-4B87-AA86-894F29B6CD6F}.Release|AArch64-Android-NVIDIA.Deploy.0 = Release|AArch64-Android-NVIDIA
		{529E44AC-C351-4B87-AA86-894F29B6CD6F}.Release|ARM-Android-NVIDIA.ActiveCfg = Release|ARM-Android-NVIDIA
		{529E44AC-C351-4B87-AA86-894F29B6CD6F}.Release|ARM-Android-NVIDIA.Build.0 = Release|ARM-Android-NVIDIA
		{529E44AC-C351-4B87-AA86-894F29B6CD6F}.Release|ARM-Android-NVIDIA.Deploy.0 = Release|ARM-Android-NVIDIA
		{529E44AC-C351-4B87-AA86-894F29B6CD6F}.Release|x86-Android-NVIDIA.ActiveCfg = Release|x86-Android-NVIDIA
		{529E44AC-C351-4B87-AA86-894F29B6CD6F}.Release|x86-Android-NVIDIA.Build.0 = Release|x86-Android-NVIDIA
		{529E44AC-C351-4B87-AA86-894F29B6CD6F}.Release|x86-Android-NVIDIA.Deploy.0 = Release|x86-Android-NVIDIA
		{1CE7BA4A-E28F-438A-A6A6-B4ED2B95985A}.Debug|AArch64-Android-NVIDIA.ActiveCfg = Debug|AArch64-Android-NVIDIA
		{1CE7BA4A-E28F-438A-A6A6-B4ED2B95985A}.Debug|AArch64-Android-NVIDIA.Build.0 = Debug|AArch64-Android-NVIDIA
		{1CE7BA4A-E28F-438A-A6A6-B4ED2B95985A}.Debug|AArch64-Android-NVIDIA.Deploy.0 = Debug|AArch64-Android-NVIDIA
		{1CE7BA4A-E28F-438A-A6A6-B4ED2B95985A}.Debug|ARM-Android-NVIDIA.ActiveCfg = Debug|ARM-Android-NVIDIA
		{1CE7BA4A-E28F-438A-A6A6-B4ED2B95985A}.Debug|ARM-Android-NVIDIA.Build.0 = Debug|ARM-Android-NVIDIA
		{1CE7BA4A-E28F-438A-A6A6-B4ED2B95985A}.Debug|ARM-Android-NVIDIA.Deploy.0 = Debug|ARM-Android-NVIDIA
		{1CE7BA4A-E28F-438A-A6A6-B4ED2B95985A}.Debug|x86-Android-NVIDIA.ActiveCfg = Debug|x86-Android-NVIDIA
		{1CE7BA4A-E28F-438A-A6A6-B4ED2B95985A}.Debug|x86-Android-NVIDIA.Build.0 = Debug|x86-Android-NVIDIA
		{1CE7BA4A-E28F-438A-A6A6-B4ED2B95985A}.Debug|x86-Android-NVIDIA.Deploy.0 = Debug|x86-Android-NVIDIA
		{1CE7BA4A-E28F-438A-A6A6-B4ED2B95985A}.Release|AArch64-Android-NVIDIA.ActiveCfg = Release|AArch64-Android-NVIDIA
		{1CE7BA4A-E28F-438A-A6A6-B4ED2B95985A}.Release|AArch64-Android-NVIDIA.Build.0 = Release|AArch64-Android-NVIDIA
		{1CE7BA4A-E28F-438A-A6A6-B4ED2B95985A}.Release|AArch64-Android-NVIDIA.Deploy.0 = Release|AArch64-Android-NVIDIA
		{1CE7BA4A-E28F-438A-A6A6-B4ED2B95985A}.Release|ARM-Android-NVIDIA.ActiveCfg = Release|ARM-Android-NVIDIA
		{1CE7BA4A-E28F-438A-A6A6-B4ED2B95985A}.Release|ARM-Android-NVIDIA.Build.0 = Release|ARM-Android-NVIDIA
		{1CE7BA4A-E28F-438A-A6A6-B4ED2B95985A}.Release|ARM-Android-NVIDIA.Deploy.0 = Release|ARM-Android-NVIDIA
		{1CE7BA4A-E28F-438A-A6A6-B4ED2B95985A}.Release|x86-Android-NVIDIA.ActiveCfg = Release|x86-Android-NVIDIA
		{1CE7BA4A-E28F-438A-A6A6-B4ED2B95985A}.Release|x86-Android-NVIDIA.Build.0 = Release|x86-Android-NVIDIA
		{1CE7BA4A-E28F-438A-A6A6-B4ED2B95985A}.Release|x86-Android-NVIDIA.Deploy.0 = Release|x86-Android-NVIDIA
		{D6F4ABC1-9978-4E08-92D3-2936D1A86DC9}.Debug|AArch64-Android-NVIDIA.ActiveCfg = Debug|AArch64-Android-NVIDIA
		{D6F4ABC1-9978-4E08-92D3-2936D1A86DC9}.Debug|AArch64-Android-NVIDIA.Build.0 = Debug|AArch64-Android-NVIDIA
		{D6F4ABC1-9978-4E08-92D3-2936D1A86DC9}.Debug|AArch64-Android-NVIDIA.Deploy.0 = Debug|AArch64-Android-NVIDIA
		{D6F4ABC1-9978-4E08-92D3-2936D1A86DC9}.Debug|ARM-Android-NVIDIA.ActiveCfg = Debug|ARM-Android-NVIDIA
		{D6F4ABC1-9978-4E08-92D3-2936D1A86DC9}.Debug|ARM-Android-NVIDIA.Build.0 = Debug|ARM-Android-NVIDIA
		{D6F4ABC1-9978-4E08-92D3-2936D1A86DC9}.Debug|ARM-Android-NVIDIA.Deploy.0 = Debug|ARM-Android-NVIDIA
		{D6F4ABC1-9978-4E08-92D3-2936D1A86DC9}.Debug|x86-Android-NVIDIA.ActiveCfg = Debug|x86-Android-NVIDIA
		{D6F4ABC1-9978-4E08-92D3-2936D1A86DC9}.Debug|x86-Android-NVIDIA.Build.0 = Debug|x86-Android-NVIDIA
		{D6F4ABC1-9978-4E08-92D3-2936D1A86DC9}.Debug|x86-Android-NVIDIA.Deploy.0 = Debug|x86-Android-NVIDIA
		{D6F4ABC1-9978-4E08-92D3-2936D1A86DC9}.Release|AArch64-Android-NVIDIA.ActiveCfg = Release|AArch64-Android-NVIDIA
		{D6F4ABC1-9978-4E08-92D3-2936D1A86DC9}.Release|AArch64-Android-NVIDIA.Build.0 = Release|AArch64-Android-NVIDIA
		{D6F4ABC1-9978-4E08-92D3-2936D1A86DC9}.Release|AArch64-Android-NVIDIA.Deploy.0 = Release|AArch64-Android-NVIDIA
		{D6F4ABC1-9978-4E08-92D3-2936D1A86DC9}.Release|ARM-Android-NVIDIA.ActiveCfg = Release|ARM-Android-NVIDIA
		{D6F4ABC1-9978-4E08-92D3-2936D1A86DC9}.Release|ARM-Android-NVIDIA.Build.0 = Release|ARM-Android-NVIDIA
		{D6F4ABC1-9978-4E08-92D3-2936D1A86DC9}.Release|ARM-Android-NVIDIA.Deploy.0 = Release|ARM-Android-NVIDIA
		{D6F4ABC1-9978-4E08-92D3-2936D1A86DC9}.Release|x86-Android-NVIDIA.ActiveCfg = Release|x86-Android-NVIDIA
		{D6F4ABC1-9978-4E08-92D3-2936D1A86DC9}.Release|x86-Android-NVIDIA.Build.0 = Release|x86-Android-NVIDIA
		{D6F4ABC1-9978-4E08-92D3-2936D1A86DC9}.Release|x86-Android-NVIDIA.Deploy.0 = Release|x86-Android-NVIDIA
		{25F59402-0589-4AB2-A4FB-E88AB981C157}.Debug|AArch64-Android-NVIDIA.ActiveCfg = Debug|AArch64-Android-NVIDIA
		{25F59402-0589-4AB2-A4FB-E88AB981C157}.Debug|AArch64-Android-NVIDIA.Build.0 = Debug|AArch64-Android-NVIDIA
		{25F59402-0589-4AB2-A4FB-E88AB981C157}.Debug|AArch64-Android-NVIDIA.Deploy.0 = Debug|AArch64-Android-NVIDIA
		{25F59402-0589-4AB2-A4FB-E88AB981C157}.Debug|ARM-Android-NVIDIA.ActiveCfg = Debug|ARM-Android-NVIDIA
		{25F59402-0589-4AB2-A4FB-E88AB981C157}.Debug|ARM-Android-NVIDIA.Build.0 = Debug|ARM-Android-NVIDIA
		{25F59402-0589-4AB2-A4FB-E88AB981C157}.Debug|ARM-Android-NVIDIA.Deploy.0 = Debug|ARM-Android-NVIDIA
		{25F59402-0589-4AB2-A4FB-E88AB981C157}.Debug|x86-Android-NVIDIA.ActiveCfg = Debug|x86-Android-NVIDIA
		{25F59402-0589-4AB2-A4FB-E88AB981C157}.Debug|x86-Android-NVIDIA.Build.0 = Debug|x86-Android-NVIDIA
		{25F59402-0589-4AB2-A4FB-E88AB981C157}.Debug|x86-Android-NVIDIA.Deploy.0 = Debug|x86-Android-NVIDIA
		{25F59402-0589-4AB2-A4FB-E88AB981C157}.Release|AArch64-Android-NVIDIA.ActiveCfg = Release|AArch64-Android-NVIDIA
		{25F59402-0589-4AB2-A4FB-E88AB981C157}.Release|AArch64-Android-NVIDIA.Build.0 = Release|AArch64-Android-NVIDIA
		{25F59402-0589-4AB2-A4FB-E88AB981C157}.Release|AArch64-Android-NVIDIA.Deploy.0 = Release|AArch64-Android-NVIDIA
		{25F59402-0589-4AB2-A4FB-E88AB981C157}.Release|ARM-Android-NVIDIA.ActiveCfg = Release|ARM-Android-NVIDIA
		{25F59402-0589-4AB2-A4FB-E88AB981C157}.Release|ARM-Android-NVIDIA.Build.0 = Release|ARM-Android-NVIDIA
		{25F59402-0589-4AB2-A4FB-E88AB981C157}.Release|ARM-Android-NVIDIA.Deploy.0 = Release|ARM-Android-NVIDIA
		{25F59402-0589-4AB2-A4FB-E88AB981C157}.Release|x86-Android-NVIDIA.ActiveCfg = Release|x86-Android-NVIDIA
		{25F59402-0589-4AB2-A4FB-E88AB981C157}.Release|x86-Android-NVIDIA.Build.0 = Release|x86-Android-NVIDIA
		{25F59402-0589-4AB2-A4FB-E88AB981C157}.Release|x86-Android-NVIDIA.Deploy.0 = Release|x86-Android-NVIDIA
		{61E012DB-1CAC-46A4-9DAD-D3C90FAD89C5}.Debug|AArch64-Android-NVIDIA.ActiveCfg = Debug|AArch64-Android-NVIDIA
		{61E012DB-1CAC-46A4-9DAD-D3C90FAD89C5}.Debug|AArch64-Android-NVIDIA.Build.0 = Debug|AArch64-Android-NVIDIA
		{61E012DB-1CAC-46A4-9DAD-D3C90FAD89C5}.Debug|AArch64-Android-NVIDIA.Deploy.0 = Debug|AArch64-Android-NVIDIA
		{61E012DB-1CAC-46A4-9DAD-D3C90FAD89C5}.Debug|ARM-Android-NVIDIA.ActiveCfg = Debug|ARM-Android-NVIDIA
		{61E012DB-1CAC-46A4-9DAD-D3C90FAD89C5}.Debug|ARM-Android-NVIDIA.Build.0 = Debug|ARM-Android-NVIDIA
		{61E012DB-1CAC-46A4-9DAD-D3C90FAD89C5}.Debug|ARM-Android-NVIDIA.Deploy.0 = Debug|ARM-Android-NVIDIA
		{61E012DB-1CAC-46A4-9DAD-D3C90FAD89C5}.Debug|x86-Android-NVIDIA.ActiveCfg = Debug|x86-Android-NVIDIA
		{61E012DB-1CAC-46A4-9DAD-D3C90FAD89C5}.Debug|x86-Android-NVIDIA.Build.0 = Debug|x86-Android-NVIDIA
		{61E012DB-1CAC-46A4-9DAD-D3C90FAD89C5}.Debug|x86-Android-NVIDIA.Deploy.0 = Debug|x86-Android-NVIDIA
		{61E012DB-1CAC-46A4-9DAD-D3C90FAD89C5}.Release|AArch64-Android-NVIDIA.ActiveCfg = Release|AArch64-Android-NVIDIA
		{61E012DB-1CAC-46A4-9DAD-D3C90FAD89C5}.Release|AArch64-Android-NVIDIA.Build.0 = Release|AArch64-Android-NVIDIA
		{61E012DB-1CAC-46A4-9DAD-D3C90FAD89C5}.Release|AArch64-Android-NVIDIA.Deploy.0 = Release|AArch64-Android-NVIDIA
		{61E012DB-1CAC-46A4-9DAD-D3C90FAD89C5}.Release|ARM-Android-NVIDIA.ActiveCfg = Release|ARM-Android-NVIDIA
		{61E012DB-1CAC-46A4-9DAD-D3C90FAD89C5}.Release|ARM-Android-NVIDIA.Build.0 = Release|ARM-Android-NVIDIA
		{61E012DB-1CAC-46A4-9DAD-D3C90FAD89C5}.Release|ARM-Android-NVIDIA.Deploy.0 = Release|ARM-Android-NVIDIA
		{61E012DB-1CAC-46A4-9DAD-D3C90FAD89C5}.Release|x86-Android-NVIDIA.ActiveCfg = Release|x86-Android-NVIDIA
		{61E012DB-1CAC-46A4-9DAD-D3C90FAD89C5}.Release|x86-Android-NVIDIA.Build.0 = Release|x86-Android-NVIDIA
		{61E012DB-1CAC-46A4-9DAD-D3C90FAD89C5}.Release|x86-Android-NVIDIA.Deploy.0 = Release|x86-Android-NVIDIA
		{C3DEE160-9D49-4A64-8014-184F454331D1}.Debug|AArch64-Android-NVIDIA.ActiveCfg = Debug|AArch64-Android-NVIDIA
		{C3DEE160-9D49-4A64-8014-184F454331D1}.Debug|AArch64-Android-NVIDIA.Build.0 = Debug|AArch64-Android-NVIDIA
		{C3DEE160-9D49-4A64-8014-184F454331D1}.Debug|AArch64-Android-NVIDIA.Deploy.0 = Debug|AArch64-Android-NVIDIA
		{C3DEE160-9D49-4A64-8014-184F454331D1}.Debug|ARM-Android-NVIDIA.ActiveCfg = Debug|ARM-Android-NVIDIA
		{C3DEE160-9D49-4A64-8014-184F454331D1}.Debug|ARM-Android-NVIDIA.Build.0 = Debug|ARM-Android-NVIDIA
		{C3DEE160-9D49-4A64-8014-184F454331D1}.Debug|ARM-Android-NVIDIA.Deploy.0 = Debug|ARM-Android-NVIDIA
		{C3DEE160-9D49-4A64-8014-184F454331D1}.Debug|x86-Android-NVIDIA.ActiveCfg = Debug|x86-Android-NVIDIA
		{C3DEE160-9D49-4A64-8014-184F454331D1}.Debug|x86-Android-NVIDIA.Build.0 = Debug|x86-Android-NVIDIA
		{C3DEE160-9D49-4A64-8014-184F454331D1}.Debug|x86-Android-NVIDIA.Deploy.0 = Debug|x86-Android-NVIDIA
		{C3DEE160-9D49-4A64-8014-184F454331D1}.Release|AArch64-Android-NVIDIA.ActiveCfg = Release|AArch64-Android-NVIDIA
		{C3DEE160-9D49-4A64-8014-184F454331D1}.Release|AArch64-Android-NVIDIA.Build.0 = Release|AArch64-Android-NVIDIA
		{C3DEE160-9D49-4A64-8014-184F454331D1}.Release|AArch64-Android-NVIDIA.Deploy.0 = Release|AArch64-Android-NVIDIA
		{C3DEE160-9D49-4A64-8014-184F454331D1}.Release|ARM-Android-NVIDIA.ActiveCfg = Release|ARM-Android-NVIDIA
		{C3DEE160-9D49-4A64-8014-184F454331D1}.Release|ARM-Android-NVIDIA.Build.0 = Release|ARM-Android-NVIDIA
		{C3DEE160-9D49-4A64-8014-184F454331D1}.Release|ARM-Android-NVIDIA.Deploy.0 = Release|ARM-Android-NVIDIA
		{C3DEE160-9D49-4A64-8014-184F454331D1}.Release|x86-Android-NVIDIA.ActiveCfg = Release|x86-Android-NVIDIA
		{C3DEE160-9D49-4A64-8014-184F454331D1}.Release|x86-Android-NVIDIA.Build.0 = Release|x86-Android-NVIDIA
		{C3DEE160-9D49-4A64-8014-184F454331D1}.Release|x86-Android-NVIDIA.Deploy.0 = Release|x86-Android-NVIDIA
		{135BFEB8-B12B-4089-A6CD-1D6A3994439E}.Debug|AArch64-Android-NVIDIA.ActiveCfg = Debug|AArch64-Android-NVIDIA
		{135BFEB8-B12B-4089-A6CD-1D6A3994439E}.Debug|AArch64-Android-NVIDIA.Build.0 = Debug|AArch64-Android-NVIDIA
		{135BFEB8-B12B-4089-A6CD-1D6A3994439E}.Debug|AArch64-Android-NVIDIA.Deploy.0 = Debug|AArch64-Android-NVIDIA
		{135BFEB8-B12B-4089-A6CD-1D6A3994439E}.Debug|ARM-Android-NVIDIA.ActiveCfg = Debug|ARM-Android-NVIDIA
		{135BFEB8-B12B-4089-A6CD-1D6A3994439E}.Debug|ARM-Android-NVIDIA.Build.0 = Debug|ARM-Android-NVIDIA
		{135BFEB8-B12B-4089-A6CD-1D6A3994439E}.Debug|ARM-Android-NVIDIA.Deploy.0 = Debug|ARM-Android-NVIDIA
		{135BFEB8-B12B-4089-A6CD-1D6A3994439E}.Debug|x86-Android-NVIDIA.ActiveCfg = Debug|x86-Android-NVIDIA
		{135BFEB8-B12B-4089-A6CD-1D6A3994439E}.Debug|x86-Android-NVIDIA.Build.0 = Debug|x86-Android-NVIDIA
		{135BFEB8-B12B-4089-A6CD-1D6A3994439E}.Debug|x86-Android-NVIDIA.Deploy.0 = Debug|x86-Android-NVIDIA
		{135BFEB8-B12B-4089-A6CD-1D6A3994439E}.Release|AArch64-Android-NVIDIA.ActiveCfg = Release|AArch64-Android-NVIDIA
		{135BFEB8-B12B-4089-A6CD-1D6A3994439E}.Release|AArch64-Android-NVIDIA.Build.0 = Release|AArch64-Android-NVIDIA
		{135BFEB8-B12B-4089-A6CD-1D6A3994439E}.Release|AArch64-Android-NVIDIA.Deploy.0 = Release|AArch64-Android-NVIDIA
		{135BFEB8-B12B-4089-A6CD-1D6A3994439E}.Release|ARM-Android-NVIDIA.ActiveCfg = Release|ARM-Android-NVIDIA
		{135BFEB8-B12B-4089-A6CD-1D6A3994439E}.Release|ARM-Android-NVIDIA.Build.0 = Release|ARM-Android-NVIDIA
		{135BFEB8-B12B-4089-A6CD-1D6A3994439E}.Release|ARM-Android-NVIDIA.Deploy.0 = Release|ARM-Android-NVIDIA
		{135BFEB8-B12B-4089-A6CD-1D6A3994439E}.Release|x86-Android-NVIDIA.ActiveCfg = Release|x86-Android-NVIDIA
		{135BFEB8-B12B-4089-A6CD-1D6A3994439E}.Release|x86-Android-NVIDIA.Build.0 = Release|x86-Android-NVIDIA
		{135BFEB8-B12B-4089-A6CD-1D6A3994439E}.Release|x86-Android-NVIDIA.Deploy.0 = Release|x86-Android-NVIDIA
		{2A8438CD-6E7E-45EB-9360-0B8FFDEE87C8}.Debug|AArch64-Android-NVIDIA.ActiveCfg = Debug|AArch64-Android-NVIDIA
		{2A8438CD-6E7E-45EB-9360-0B8FFDEE87C8}.Debug|AArch64-Android-NVIDIA.Build.0 = Debug|AArch64-Android-NVIDIA
		{2A8438CD-6E7E-45EB-9360-0B8FFDEE87C8}.Debug|AArch64-Android-NVIDIA.Deploy.0 = Debug|AArch64-Android-NVIDIA
		{2A8438CD-6E7E-45EB-9360-0B8FFDEE87C8}.Debug|ARM-Android-NVIDIA.ActiveCfg = Debug|ARM-Android-NVIDIA
		{2A8438CD-6E7E-45EB-9360-0B8FFDEE87C8}.Debug|ARM-Android-NVIDIA.Build.0 = Debug|ARM-Android-NVIDIA
		{2A8438CD-6E7E-45EB-9360-0B8FFDEE87C8}.Debug|ARM-Android-NVIDIA.Deploy.0 = Debug|ARM-Android-NVIDIA
		{2A8438CD-6E7E-45EB-9360-0B8FFDEE87C8}.Debug|x86-Android-NVIDIA.ActiveCfg = Debug|x86-Android-NVIDIA
		{2A8438CD-6E7E-45EB-9360-0B8FFDEE87C8}.Debug|x86-Android-NVIDIA.Build.0 = Debug|x86-Android-NVIDIA
		{2A8438CD-6E7E-45EB-9360-0B8FFDEE87C8}.Debug|x86-Android-NVIDIA.Deploy.0 = Debug|x86-Android-NVIDIA
		{2A8438CD-6E7E-45EB-9360-0B8FFDEE87C8}.Release|AArch64-Android-NVIDIA.ActiveCfg = Release|AArch64-Android-NVIDIA
		{2A8438CD-6E7E-45EB-9360-0B8FFDEE87C8}.Release|AArch64-Android-NVIDIA.Build.0 = Release|AArch64-Android-NVIDIA
		{2A8438CD-6E7E-45EB-9360-0B8FFDEE87C8}.Release|AArch64-Android-NVIDIA.Deploy.0 = Release|AArch64-Android-NVIDIA
		{2A8438CD-6E7E-45EB-9360-0B8FFDEE87C8}.Release|ARM-Android-NVIDIA.ActiveCfg = Release|ARM-Android-NVIDIA
		{2A8438CD-6E7E-45EB-9360-0B8FFDEE87C8}.Release|ARM-Android-NVIDIA.Build.0 = Release|ARM-Android-NVIDIA
		{2A8438CD-6E7E-45EB-9360-0B8FFDEE87C8}.Release|ARM-Android-NVIDIA.Deploy.0 = Release|ARM-Android-NVIDIA
		{2A8438CD-6E7E-45EB-9360-0B8FFDEE87C8}.Release|x86-Android-NVIDIA.ActiveCfg = Release|x86-Android-NVIDIA
		{2A8438CD-6E7E-45EB-9360-0B8FFDEE87C8}.Release|x86-Android-NVIDIA.Build.0 = Release|x86-Android-NVIDIA
		{2A8438CD-6E7E-45EB-9360-0B8FFDEE87C8}.Release|x86-Android-NVIDIA.Deploy.0 = Release|x86-Android-NVIDIA
		{866D31EC-AAB7-481E-AE5D-B4AE65FE6C96}.Debug|AArch64-Android-NVIDIA.ActiveCfg = Debug|AArch64-Android-NVIDIA
		{866D31EC-AAB7-481E-AE5D-B4AE65FE6C96}.Debug|AArch64-Android-NVIDIA.Build.0 = Debug|AArch64-Android-NVIDIA
		{866D31EC-AAB7-481E-AE5D-B4AE65FE6C96}.Debug|AArch64-Android-NVIDIA.Deploy.0 = Debug|AArch64-Android-NVIDIA
		{866D31EC-AAB7-481E-AE5D-B4AE65FE6C96}.Debug|ARM-Android-NVIDIA.ActiveCfg = Debug|ARM-Android-NVIDIA
		{866D31EC-AAB7-481E-AE5D-B4AE65FE6C96}.Debug|ARM-Android-NVIDIA.Build.0 = Debug|ARM-Android-NVIDIA
		{866D31EC-AAB7-481E-AE5D-B4AE65FE6C96}.Debug|ARM-Android-NVIDIA.Deploy.0 = Debug|ARM-Android-NVIDIA
		{866D31EC-AAB7-481E-AE5D-B4AE65FE6C96}.Debug|x86-Android-NVIDIA.ActiveCfg = Debug|x86-Android-NVIDIA
		{866D31EC-AAB7-481E-AE5D-B4AE65FE6C96}.Debug|x86-Android-NVIDIA.Build.0 = Debug|x86-Android-NVIDIA
		{866D31EC-AAB7-481E-AE5D-B4AE65FE6C96}.Debug|x86-Android-NVIDIA.Deploy.0 = Debug|x86-Android-NVIDIA
		{866D31EC-AAB7-481E-AE5D-B4AE65FE6C96}.Release|AArch64-Android-NVIDIA.ActiveCfg = Release|AArch64-Android-NVIDIA
		{866D31EC-AAB7-481E-AE5D-B4AE65FE6C96}.Release|AArch64-Android-NVIDIA.Build.0 = Release|AArch64-Android-NVIDIA
		{866D31EC-AAB7-481E-AE5D-B4AE65FE6C96}.Release|AArch64-Android-NVIDIA.Deploy.0 = Release|AArch64-Android-NVIDIA
		{866D31EC-AAB7-481E-AE5D-B4AE65FE6C96}.Release|ARM-Android-NVIDIA.ActiveCfg = Release|ARM-Android-NVIDIA
		{866D31EC-AAB7-481E-AE5D-B4AE65FE6C96}.Release|ARM-Android-NVIDIA.Build.0 = Release|ARM-Android-NVIDIA
		{866D31EC-AAB7-481E-AE5D-B4AE65FE6C96}.Release|ARM-Android-NVIDIA.Deploy.0 = Release|ARM-Android-NVIDIA
		{866D31EC-AAB7-481E-AE5D-B4AE65FE6C96}.Release|x86-Android-NVIDIA.ActiveCfg = Release|x86-Android-NVIDIA
		{866D31EC-AAB7-481E-AE5D-B4AE65FE6C96}.Release|x86-Android-NVIDIA.Build.0 = Release|x86-Android-NVIDIA
		{866D31EC-AAB7-481E-AE5D-B4AE65FE6C96}.Release|x86-Android-NVIDIA.Deploy.0 = Release|x86-Android-NVIDIA
		{6A10E8DD-5D8F-4244-A08A-670775C3A165}.Debug|AArch64-Android-NVIDIA.ActiveCfg = Debug|AArch64-Android-NVIDIA
		{6A10E8DD-5D8F-4244-A08A-670775C3A165}.Debug|AArch64-Android-NVIDIA.Build.0 = Debug|AArch64-Android-NVIDIA
		{6A10E8DD-5D8F-4244-A08A-670775C3A165}.Debug|AArch64-Android-NVIDIA.Deploy.0 = Debug|AArch64-Android-NVIDIA
		{6A10E8DD-5D8F-4244-A08A-670775C3A165}.Debug|ARM-Android-NVIDIA.ActiveCfg = Debug|ARM-Android-NVIDIA
		{6A10E8DD-5D8F-4244-A08A-670775C3A165}.Debug|ARM-Android-NVIDIA.Build.0 = Debug|ARM-Android-NVIDIA
		{6A10E8DD-5D8F-4244-A08A-670775C3A165}.Debug|ARM-Android-NVIDIA.Deploy.0 = Debug|ARM-Android-NVIDIA
		{6A10E8DD-5D8F-4244-A08A-670775C3A165}.Debug|x86-Android-NVIDIA.ActiveCfg = Debug|x86-Android-NVIDIA
		{6A10E8DD-5D8F-4244-A08A-670775C3A165}.Debug|x86-Android-NVIDIA.Build.0 = Debug|x86-Android-NVIDIA
		{6A10E8DD-5D8F-4244-A08A-670775C3A165}.Debug|x86-Android-NVIDIA.Deploy.0 = Debug|x86-Android-NVIDIA
		{6A10E8DD-5D8F-4244-A08A-670775C3A165}.Release|AArch64-Android-NVIDIA.ActiveCfg = Release|AArch64-Android-NVIDIA
		{6A10E8DD-5D8F-4244-A08A-670775C3A165}.Release|AArch64-Android-NVIDIA.Build.0 = Release|AArch64-Android-NVIDIA
		{6A10E8DD-5D8F-4244-A08A-670775C3A165}.Release|AArch64-Android-NVIDIA.Deploy.0 = Release|AArch64-Android-NVIDIA
		{6A10E8DD-5D8F-4244-A08A-670775C3A165}.Release|ARM-Android-NVIDIA.ActiveCfg = Release|ARM-Android-NVIDIA
		{6A10E8DD-5D8F-4244-A08A-670775C3A165}.Release|ARM-Android-NVIDIA.Build.0 = Release|ARM-Android-NVIDIA
		{6A10E8DD-5D8F-4244-A08A-670775C3A165}.Release|ARM-Android-NVIDIA.Deploy.0 = Release|ARM-Android-NVIDIA
		{6A10E8DD-5D8F-4244-A08A-670775C3A165}.Release|x86-Android-NVIDIA.ActiveCfg = Release|x86-Android-NVIDIA
		{6A10E8DD-5D8F-4244-A08A-670775C3A165}.Release|x86-Android-NVIDIA.Build.0 = Release|x86-Android-NVIDIA
		{6A10E8DD-5D8F-4244-A08A-670775C3A165}.Release|x86-Android-NVIDIA.Deploy.0 = Release|x86-Android-NVIDIA
		{01C2CEF5-80BE-4631-BB96-29BEA3D4DF6B}.Debug|AArch64-Android-NVIDIA.ActiveCfg = Debug|AArch64-Android-NVIDIA
		{01C2CEF5-80BE-4631-BB96-29BEA3D4DF6B}.Debug|AArch64-Android-NVIDIA.Build.0 = Debug|AArch64-Android-NVIDIA
		{01C2CEF5-80BE-4631-BB96-29BEA3D4DF6B}.Debug|AArch64-Android-NVIDIA.Deploy.0 = Debug|AArch64-Android-NVIDIA
		{01C2CEF5-80BE-4631-BB96-29BEA3D4DF6B}.Debug|ARM-Android-NVIDIA.ActiveCfg = Debug|ARM-Android-NVIDIA
		{01C2CEF5-80BE-4631-BB96-29BEA3D4DF6B}.Debug|ARM-Android-NVIDIA.Build.0 = Debug|ARM-Android-NVIDIA
		{01C2CEF5-80BE-4631-BB96-29BEA3D4DF6B}.Debug|ARM-Android-NVIDIA.Deploy.0 = Debug|ARM-Android-NVIDIA
		{01C2CEF5-80BE-4631-BB96-29BEA3D4DF6B}.Debug|x86-Android-NVIDIA.ActiveCfg = Debug|x86-Android-NVIDIA
		{01C2CEF5-80BE-4631-BB96-29BEA3D4DF6B}.Debug|x86-Android-NVIDIA.Build.0 = Debug|x86-Android-NVIDIA
		{01C2CEF5-80BE-4631-BB96-29BEA3D4DF6B}.Debug|x86-Android-NVIDIA.Deploy.0 = Debug|x86-Android-NVIDIA
		{01C2CEF5-80BE-4631-BB96-29BEA3D4DF6B}.Release|AArch64-Android-NVIDIA.ActiveCfg = Release|AArch64-Android-NVIDIA
		{01C2CEF5-80BE-4631-BB96-29BEA3D4DF6B}.Release|AArch64-Android-NVIDIA.Build.0 = Release|AArch64-Android-NVIDIA
		{01C2CEF5-80BE-4631-BB96-29BEA3D4DF6B}.Release|AArch64-Android-NVIDIA.Deploy.0 = Release|AArch64-Android-NVIDIA
		{01C2CEF5-80BE-4631-BB96-29BEA3D4DF6B}.Release|ARM-Android-NVIDIA.ActiveCfg = Release|ARM-Android-NVIDIA
		{01C2CEF5-80BE-4631-BB96-29BEA3D4DF6B}.Release|ARM-Android-NVIDIA.Build.0 = Release|ARM-Android-NVIDIA
		{01C2CEF5-80BE-4631-BB96-29BEA3D4DF6B}.Release|ARM-Android-NVIDIA.Deploy.0 = Release|ARM-Android-NVIDIA
		{01C2CEF5-80BE-4631-BB96-29BEA3D4DF6B}.Release|x86-Android-NVIDIA.ActiveCfg = Release|x86-Android-NVIDIA
		{01C2CEF5-80BE-4631-BB96-29BEA3D4DF6B}.Release|x86-Android-NVIDIA.Build.0 = Release|x86-Android-NVIDIA
		{01C2CEF5-80BE-4631-BB96-29BEA3D4DF6B}.Release|x86-Android-NVIDIA.Deploy.0 = Release|x86-Android-NVIDIA
		{E97CD1CD-88B6-467D-88D9-41BB8272D45C}.Debug|AArch64-Android-NVIDIA.ActiveCfg = Debug|AArch64-Android-NVIDIA
		{E97CD1CD-88B6-467D-88D9-41BB8272D45C}.Debug|AArch64-Android-NVIDIA.Build.0 = Debug|AArch64-Android-NVIDIA
		{E97CD1CD-88B6-467D-88D9-41BB8272D45C}.Debug|AArch64-Android-NVIDIA.Deploy.0 = Debug|AArch64-Android-NVIDIA
		{E97CD1CD-88B6-467D-88D9-41BB8272D45C}.Debug|ARM-Android-NVIDIA.ActiveCfg = Debug|ARM-Android-NVIDIA
		{E97CD1CD-88B6-467D-88D9-41BB8272D45C}.Debug|ARM-Android-NVIDIA.Build.0 = Debug|ARM-Android-NVIDIA
		{E97CD1CD-88B6-467D-88D9-41BB8272D45C}.Debug|ARM-Android-NVIDIA.Deploy.0 = Debug|ARM-Android-NVIDIA
		{E97CD1CD-88B6-467D-88D9-41BB8272D45C}.Debug|x86-Android-NVIDIA.ActiveCfg = Debug|x86-Android-NVIDIA
		{E97CD1CD-88B6-467D-88D9-41BB8272D45C}.Debug|x86-Android-NVIDIA.Build.0 = Debug|x86-Android-NVIDIA
		{E97CD1CD-88B6-467D-88D9-41BB8272D45C}.Debug|x86-Android-NVIDIA.Deploy.0 = Debug|x86-Android-NVIDIA
		{E97CD1CD-88B6-467D-88D9-41BB8272D45C}.Release|AArch64-Android-NVIDIA.ActiveCfg = Release|AArch64-Android-NVIDIA
		{E97CD1CD-88B6-467D-88D9-41BB8272D45C}.Release|AArch64-Android-NVIDIA.Build.0 = Release|AArch64-Android-NVIDIA
		{E97CD1CD-88B6-467D-88D9-41BB8272D45C}.Release|AArch64-Android-NVIDIA.Deploy.0 = Release|AArch64-Android-NVIDIA
		{E97CD1CD-88B6-467D-88D9-41BB8272D45C}.Release|ARM-Android-NVIDIA.ActiveCfg = Release|ARM-Android-NVIDIA
		{E97CD1CD-88B6-467D-88D9-41BB8272D45C}.Release|ARM-Android-NVIDIA.Build.0 = Release|ARM-Android-NVIDIA
		{E97CD1CD-88B6-467D-88D9-41BB8272D45C}.Release|ARM-Android-NVIDIA.Deploy.0 = Release|ARM-Android-NVIDIA
		{E97CD1CD-88B6-467D-88D9-41BB8272D45C}.Release|x86-Android-NVIDIA.ActiveCfg = Release|x86-Android-NVIDIA
		{E97CD1CD-88B6-467D-88D9-41BB8272D45C}.Release|x86-Android-NVIDIA.Build.0 = Release|x86-Android-NVIDIA
		{E97CD1CD-88B6-467D-88D9-41BB8272D45C}.Release|x86-Android-NVIDIA.Deploy.0 = Release|x86-Android-NVIDIA
	EndGlobalSection
	GlobalSection(SolutionProperties) = preSolution
		HideSolutionNode = FALSE
	EndGlobalSection
EndGlobal
