
Microsoft Visual Studio Solution File, Format Version 11.00
# Visual Studio 2010
Project("{8BC9CEB8-8B4A-11D0-8D11-00A0C91BC942}") = "3d", "3d.vcxproj", "{509F069F-8248-40FC-92CD-21AD42512F30}"
EndProject
Project("{8BC9CEB8-8B4A-11D0-8D11-00A0C91BC942}") = "event_parameter", "event_parameter.vcxproj", "{358F5A04-005D-4093-940A-7F3AB73E6B57}"
EndProject
Project("{8BC9CEB8-8B4A-11D0-8D11-00A0C91BC942}") = "load_banks", "load_banks.vcxproj", "{7A5E4F91-EB78-44ED-886E-BC70BAAD0306}"
EndProject
Project("{8BC9CEB8-8B4A-11D0-8D11-00A0C91BC942}") = "music_callbacks", "music_callbacks.vcxproj", "{2A2C4AA5-175D-4E3D-8379-447C2FAB9F29}"
EndProject
Project("{8BC9CEB8-8B4A-11D0-8D11-00A0C91BC942}") = "programmer_sound", "programmer_sound.vcxproj", "{754EB6C1-AAAA-4FAF-A97B-4EE68E040783}"
EndProject
Project("{8BC9CEB8-8B4A-11D0-8D11-00A0C91BC942}") = "recording_playback", "recording_playback.vcxproj", "{7419D6BD-12DA-4F88-B344-21D9591E3BF4}"
EndProject
Project("{8BC9CEB8-8B4A-11D0-8D11-00A0C91BC942}") = "simple_event", "simple_event.vcxproj", "{94061967-C177-4CB5-925C-F85DAB547DBE}"
EndProject
Global
	GlobalSection(SolutionConfigurationPlatforms) = preSolution
		Debug|AArch64-Android-NVIDIA = Debug|AArch64-Android-NVIDIA
		Debug|ARM-Android-NVIDIA = Debug|ARM-Android-NVIDIA
		Debug|x86-Android-NVIDIA = Debug|x86-Android-NVIDIA
		Release|AArch64-Android-NVIDIA = Release|AArch64-Android-NVIDIA
		Release|ARM-Android-NVIDIA = Release|ARM-Android-NVIDIA
		Release|x86-Android-NVIDIA = Release|x86-Android-NVIDIA
	EndGlobalSection
	GlobalSection(ProjectConfigurationPlatforms) = postSolution
		{509F069F-8248-40FC-92CD-21AD42512F30}.Debug|AArch64-Android-NVIDIA.ActiveCfg = Debug|AArch64-Android-NVIDIA
		{509F069F-8248-40FC-92CD-21AD42512F30}.Debug|AArch64-Android-NVIDIA.Build.0 = Debug|AArch64-Android-NVIDIA
		{509F069F-8248-40FC-92CD-21AD42512F30}.Debug|AArch64-Android-NVIDIA.Deploy.0 = Debug|AArch64-Android-NVIDIA
		{509F069F-8248-40FC-92CD-21AD42512F30}.Debug|ARM-Android-NVIDIA.ActiveCfg = Debug|ARM-Android-NVIDIA
		{509F069F-8248-40FC-92CD-21AD42512F30}.Debug|ARM-Android-NVIDIA.Build.0 = Debug|ARM-Android-NVIDIA
		{509F069F-8248-40FC-92CD-21AD42512F30}.Debug|ARM-Android-NVIDIA.Deploy.0 = Debug|ARM-Android-NVIDIA
		{509F069F-8248-40FC-92CD-21AD42512F30}.Debug|x86-Android-NVIDIA.ActiveCfg = Debug|x86-Android-NVIDIA
		{509F069F-8248-40FC-92CD-21AD42512F30}.Debug|x86-Android-NVIDIA.Build.0 = Debug|x86-Android-NVIDIA
		{509F069F-8248-40FC-92CD-21AD42512F30}.Debug|x86-Android-NVIDIA.Deploy.0 = Debug|x86-Android-NVIDIA
		{509F069F-8248-40FC-92CD-21AD42512F30}.Release|AArch64-Android-NVIDIA.ActiveCfg = Release|AArch64-Android-NVIDIA
		{509F069F-8248-40FC-92CD-21AD42512F30}.Release|AArch64-Android-NVIDIA.Build.0 = Release|AArch64-Android-NVIDIA
		{509F069F-8248-40FC-92CD-21AD42512F30}.Release|AArch64-Android-NVIDIA.Deploy.0 = Release|AArch64-Android-NVIDIA
		{509F069F-8248-40FC-92CD-21AD42512F30}.Release|ARM-Android-NVIDIA.ActiveCfg = Release|ARM-Android-NVIDIA
		{509F069F-8248-40FC-92CD-21AD42512F30}.Release|ARM-Android-NVIDIA.Build.0 = Release|ARM-Android-NVIDIA
		{509F069F-8248-40FC-92CD-21AD42512F30}.Release|ARM-Android-NVIDIA.Deploy.0 = Release|ARM-Android-NVIDIA
		{509F069F-8248-40FC-92CD-21AD42512F30}.Release|x86-Android-NVIDIA.ActiveCfg = Release|x86-Android-NVIDIA
		{509F069F-8248-40FC-92CD-21AD42512F30}.Release|x86-Android-NVIDIA.Build.0 = Release|x86-Android-NVIDIA
		{509F069F-8248-40FC-92CD-21AD42512F30}.Release|x86-Android-NVIDIA.Deploy.0 = Release|x86-Android-NVIDIA
		{358F5A04-005D-4093-940A-7F3AB73E6B57}.Debug|AArch64-Android-NVIDIA.ActiveCfg = Debug|AArch64-Android-NVIDIA
		{358F5A04-005D-4093-940A-7F3AB73E6B57}.Debug|AArch64-Android-NVIDIA.Build.0 = Debug|AArch64-Android-NVIDIA
		{358F5A04-005D-4093-940A-7F3AB73E6B57}.Debug|AArch64-Android-NVIDIA.Deploy.0 = Debug|AArch64-Android-NVIDIA
		{358F5A04-005D-4093-940A-7F3AB73E6B57}.Debug|ARM-Android-NVIDIA.ActiveCfg = Debug|ARM-Android-NVIDIA
		{358F5A04-005D-4093-940A-7F3AB73E6B57}.Debug|ARM-Android-NVIDIA.Build.0 = Debug|ARM-Android-NVIDIA
		{358F5A04-005D-4093-940A-7F3AB73E6B57}.Debug|ARM-Android-NVIDIA.Deploy.0 = Debug|ARM-Android-NVIDIA
		{358F5A04-005D-4093-940A-7F3AB73E6B57}.Debug|x86-Android-NVIDIA.ActiveCfg = Debug|x86-Android-NVIDIA
		{358F5A04-005D-4093-940A-7F3AB73E6B57}.Debug|x86-Android-NVIDIA.Build.0 = Debug|x86-Android-NVIDIA
		{358F5A04-005D-4093-940A-7F3AB73E6B57}.Debug|x86-Android-NVIDIA.Deploy.0 = Debug|x86-Android-NVIDIA
		{358F5A04-005D-4093-940A-7F3AB73E6B57}.Release|AArch64-Android-NVIDIA.ActiveCfg = Release|AArch64-Android-NVIDIA
		{358F5A04-005D-4093-940A-7F3AB73E6B57}.Release|AArch64-Android-NVIDIA.Build.0 = Release|AArch64-Android-NVIDIA
		{358F5A04-005D-4093-940A-7F3AB73E6B57}.Release|AArch64-Android-NVIDIA.Deploy.0 = Release|AArch64-Android-NVIDIA
		{358F5A04-005D-4093-940A-7F3AB73E6B57}.Release|ARM-Android-NVIDIA.ActiveCfg = Release|ARM-Android-NVIDIA
		{358F5A04-005D-4093-940A-7F3AB73E6B57}.Release|ARM-Android-NVIDIA.Build.0 = Release|ARM-Android-NVIDIA
		{358F5A04-005D-4093-940A-7F3AB73E6B57}.Release|ARM-Android-NVIDIA.Deploy.0 = Release|ARM-Android-NVIDIA
		{358F5A04-005D-4093-940A-7F3AB73E6B57}.Release|x86-Android-NVIDIA.ActiveCfg = Release|x86-Android-NVIDIA
		{358F5A04-005D-4093-940A-7F3AB73E6B57}.Release|x86-Android-NVIDIA.Build.0 = Release|x86-Android-NVIDIA
		{358F5A04-005D-4093-940A-7F3AB73E6B57}.Release|x86-Android-NVIDIA.Deploy.0 = Release|x86-Android-NVIDIA
		{7A5E4F91-EB78-44ED-886E-BC70BAAD0306}.Debug|AArch64-Android-NVIDIA.ActiveCfg = Debug|AArch64-Android-NVIDIA
		{7A5E4F91-EB78-44ED-886E-BC70BAAD0306}.Debug|AArch64-Android-NVIDIA.Build.0 = Debug|AArch64-Android-NVIDIA
		{7A5E4F91-EB78-44ED-886E-BC70BAAD0306}.Debug|AArch64-Android-NVIDIA.Deploy.0 = Debug|AArch64-Android-NVIDIA
		{7A5E4F91-EB78-44ED-886E-BC70BAAD0306}.Debug|ARM-Android-NVIDIA.ActiveCfg = Debug|ARM-Android-NVIDIA
		{7A5E4F91-EB78-44ED-886E-BC70BAAD0306}.Debug|ARM-Android-NVIDIA.Build.0 = Debug|ARM-Android-NVIDIA
		{7A5E4F91-EB78-44ED-886E-BC70BAAD0306}.Debug|ARM-Android-NVIDIA.Deploy.0 = Debug|ARM-Android-NVIDIA
		{7A5E4F91-EB78-44ED-886E-BC70BAAD0306}.Debug|x86-Android-NVIDIA.ActiveCfg = Debug|x86-Android-NVIDIA
		{7A5E4F91-EB78-44ED-886E-BC70BAAD0306}.Debug|x86-Android-NVIDIA.Build.0 = Debug|x86-Android-NVIDIA
		{7A5E4F91-EB78-44ED-886E-BC70BAAD0306}.Debug|x86-Android-NVIDIA.Deploy.0 = Debug|x86-Android-NVIDIA
		{7A5E4F91-EB78-44ED-886E-BC70BAAD0306}.Release|AArch64-Android-NVIDIA.ActiveCfg = Release|AArch64-Android-NVIDIA
		{7A5E4F91-EB78-44ED-886E-BC70BAAD0306}.Release|AArch64-Android-NVIDIA.Build.0 = Release|AArch64-Android-NVIDIA
		{7A5E4F91-EB78-44ED-886E-BC70BAAD0306}.Release|AArch64-Android-NVIDIA.Deploy.0 = Release|AArch64-Android-NVIDIA
		{7A5E4F91-EB78-44ED-886E-BC70BAAD0306}.Release|ARM-Android-NVIDIA.ActiveCfg = Release|ARM-Android-NVIDIA
		{7A5E4F91-EB78-44ED-886E-BC70BAAD0306}.Release|ARM-Android-NVIDIA.Build.0 = Release|ARM-Android-NVIDIA
		{7A5E4F91-EB78-44ED-886E-BC70BAAD0306}.Release|ARM-Android-NVIDIA.Deploy.0 = Release|ARM-Android-NVIDIA
		{7A5E4F91-EB78-44ED-886E-BC70BAAD0306}.Release|x86-Android-NVIDIA.ActiveCfg = Release|x86-Android-NVIDIA
		{7A5E4F91-EB78-44ED-886E-BC70BAAD0306}.Release|x86-Android-NVIDIA.Build.0 = Release|x86-Android-NVIDIA
		{7A5E4F91-EB78-44ED-886E-BC70BAAD0306}.Release|x86-Android-NVIDIA.Deploy.0 = Release|x86-Android-NVIDIA
		{2A2C4AA5-175D-4E3D-8379-447C2FAB9F29}.Debug|AArch64-Android-NVIDIA.ActiveCfg = Debug|AArch64-Android-NVIDIA
		{2A2C4AA5-175D-4E3D-8379-447C2FAB9F29}.Debug|AArch64-Android-NVIDIA.Build.0 = Debug|AArch64-Android-NVIDIA
		{2A2C4AA5-175D-4E3D-8379-447C2FAB9F29}.Debug|AArch64-Android-NVIDIA.Deploy.0 = Debug|AArch64-Android-NVIDIA
		{2A2C4AA5-175D-4E3D-8379-447C2FAB9F29}.Debug|ARM-Android-NVIDIA.ActiveCfg = Debug|ARM-Android-NVIDIA
		{2A2C4AA5-175D-4E3D-8379-447C2FAB9F29}.Debug|ARM-Android-NVIDIA.Build.0 = Debug|ARM-Android-NVIDIA
		{2A2C4AA5-175D-4E3D-8379-447C2FAB9F29}.Debug|ARM-Android-NVIDIA.Deploy.0 = Debug|ARM-Android-NVIDIA
		{2A2C4AA5-175D-4E3D-8379-447C2FAB9F29}.Debug|x86-Android-NVIDIA.ActiveCfg = Debug|x86-Android-NVIDIA
		{2A2C4AA5-175D-4E3D-8379-447C2FAB9F29}.Debug|x86-Android-NVIDIA.Build.0 = Debug|x86-Android-NVIDIA
		{2A2C4AA5-175D-4E3D-8379-447C2FAB9F29}.Debug|x86-Android-NVIDIA.Deploy.0 = Debug|x86-Android-NVIDIA
		{2A2C4AA5-175D-4E3D-8379-447C2FAB9F29}.Release|AArch64-Android-NVIDIA.ActiveCfg = Release|AArch64-Android-NVIDIA
		{2A2C4AA5-175D-4E3D-8379-447C2FAB9F29}.Release|AArch64-Android-NVIDIA.Build.0 = Release|AArch64-Android-NVIDIA
		{2A2C4AA5-175D-4E3D-8379-447C2FAB9F29}.Release|AArch64-Android-NVIDIA.Deploy.0 = Release|AArch64-Android-NVIDIA
		{2A2C4AA5-175D-4E3D-8379-447C2FAB9F29}.Release|ARM-Android-NVIDIA.ActiveCfg = Release|ARM-Android-NVIDIA
		{2A2C4AA5-175D-4E3D-8379-447C2FAB9F29}.Release|ARM-Android-NVIDIA.Build.0 = Release|ARM-Android-NVIDIA
		{2A2C4AA5-175D-4E3D-8379-447C2FAB9F29}.Release|ARM-Android-NVIDIA.Deploy.0 = Release|ARM-Android-NVIDIA
		{2A2C4AA5-175D-4E3D-8379-447C2FAB9F29}.Release|x86-Android-NVIDIA.ActiveCfg = Release|x86-Android-NVIDIA
		{2A2C4AA5-175D-4E3D-8379-447C2FAB9F29}.Release|x86-Android-NVIDIA.Build.0 = Release|x86-Android-NVIDIA
		{2A2C4AA5-175D-4E3D-8379-447C2FAB9F29}.Release|x86-Android-NVIDIA.Deploy.0 = Release|x86-Android-NVIDIA
		{754EB6C1-AAAA-4FAF-A97B-4EE68E040783}.Debug|AArch64-Android-NVIDIA.ActiveCfg = Debug|AArch64-Android-NVIDIA
		{754EB6C1-AAAA-4FAF-A97B-4EE68E040783}.Debug|AArch64-Android-NVIDIA.Build.0 = Debug|AArch64-Android-NVIDIA
		{754EB6C1-AAAA-4FAF-A97B-4EE68E040783}.Debug|AArch64-Android-NVIDIA.Deploy.0 = Debug|AArch64-Android-NVIDIA
		{754EB6C1-AAAA-4FAF-A97B-4EE68E040783}.Debug|ARM-Android-NVIDIA.ActiveCfg = Debug|ARM-Android-NVIDIA
		{754EB6C1-AAAA-4FAF-A97B-4EE68E040783}.Debug|ARM-Android-NVIDIA.Build.0 = Debug|ARM-Android-NVIDIA
		{754EB6C1-AAAA-4FAF-A97B-4EE68E040783}.Debug|ARM-Android-NVIDIA.Deploy.0 = Debug|ARM-Android-NVIDIA
		{754EB6C1-AAAA-4FAF-A97B-4EE68E040783}.Debug|x86-Android-NVIDIA.ActiveCfg = Debug|x86-Android-NVIDIA
		{754EB6C1-AAAA-4FAF-A97B-4EE68E040783}.Debug|x86-Android-NVIDIA.Build.0 = Debug|x86-Android-NVIDIA
		{754EB6C1-AAAA-4FAF-A97B-4EE68E040783}.Debug|x86-Android-NVIDIA.Deploy.0 = Debug|x86-Android-NVIDIA
		{754EB6C1-AAAA-4FAF-A97B-4EE68E040783}.Release|AArch64-Android-NVIDIA.ActiveCfg = Release|AArch64-Android-NVIDIA
		{754EB6C1-AAAA-4FAF-A97B-4EE68E040783}.Release|AArch64-Android-NVIDIA.Build.0 = Release|AArch64-Android-NVIDIA
		{754EB6C1-AAAA-4FAF-A97B-4EE68E040783}.Release|AArch64-Android-NVIDIA.Deploy.0 = Release|AArch64-Android-NVIDIA
		{754EB6C1-AAAA-4FAF-A97B-4EE68E040783}.Release|ARM-Android-NVIDIA.ActiveCfg = Release|ARM-Android-NVIDIA
		{754EB6C1-AAAA-4FAF-A97B-4EE68E040783}.Release|ARM-Android-NVIDIA.Build.0 = Release|ARM-Android-NVIDIA
		{754EB6C1-AAAA-4FAF-A97B-4EE68E040783}.Release|ARM-Android-NVIDIA.Deploy.0 = Release|ARM-Android-NVIDIA
		{754EB6C1-AAAA-4FAF-A97B-4EE68E040783}.Release|x86-Android-NVIDIA.ActiveCfg = Release|x86-Android-NVIDIA
		{754EB6C1-AAAA-4FAF-A97B-4EE68E040783}.Release|x86-Android-NVIDIA.Build.0 = Release|x86-Android-NVIDIA
		{754EB6C1-AAAA-4FAF-A97B-4EE68E040783}.Release|x86-Android-NVIDIA.Deploy.0 = Release|x86-Android-NVIDIA
		{7419D6BD-12DA-4F88-B344-21D9591E3BF4}.Debug|AArch64-Android-NVIDIA.ActiveCfg = Debug|AArch64-Android-NVIDIA
		{7419D6BD-12DA-4F88-B344-21D9591E3BF4}.Debug|AArch64-Android-NVIDIA.Build.0 = Debug|AArch64-Android-NVIDIA
		{7419D6BD-12DA-4F88-B344-21D9591E3BF4}.Debug|AArch64-Android-NVIDIA.Deploy.0 = Debug|AArch64-Android-NVIDIA
		{7419D6BD-12DA-4F88-B344-21D9591E3BF4}.Debug|ARM-Android-NVIDIA.ActiveCfg = Debug|ARM-Android-NVIDIA
		{7419D6BD-12DA-4F88-B344-21D9591E3BF4}.Debug|ARM-Android-NVIDIA.Build.0 = Debug|ARM-Android-NVIDIA
		{7419D6BD-12DA-4F88-B344-21D9591E3BF4}.Debug|ARM-Android-NVIDIA.Deploy.0 = Debug|ARM-Android-NVIDIA
		{7419D6BD-12DA-4F88-B344-21D9591E3BF4}.Debug|x86-Android-NVIDIA.ActiveCfg = Debug|x86-Android-NVIDIA
		{7419D6BD-12DA-4F88-B344-21D9591E3BF4}.Debug|x86-Android-NVIDIA.Build.0 = Debug|x86-Android-NVIDIA
		{7419D6BD-12DA-4F88-B344-21D9591E3BF4}.Debug|x86-Android-NVIDIA.Deploy.0 = Debug|x86-Android-NVIDIA
		{7419D6BD-12DA-4F88-B344-21D9591E3BF4}.Release|AArch64-Android-NVIDIA.ActiveCfg = Release|AArch64-Android-NVIDIA
		{7419D6BD-12DA-4F88-B344-21D9591E3BF4}.Release|AArch64-Android-NVIDIA.Build.0 = Release|AArch64-Android-NVIDIA
		{7419D6BD-12DA-4F88-B344-21D9591E3BF4}.Release|AArch64-Android-NVIDIA.Deploy.0 = Release|AArch64-Android-NVIDIA
		{7419D6BD-12DA-4F88-B344-21D9591E3BF4}.Release|ARM-Android-NVIDIA.ActiveCfg = Release|ARM-Android-NVIDIA
		{7419D6BD-12DA-4F88-B344-21D9591E3BF4}.Release|ARM-Android-NVIDIA.Build.0 = Release|ARM-Android-NVIDIA
		{7419D6BD-12DA-4F88-B344-21D9591E3BF4}.Release|ARM-Android-NVIDIA.Deploy.0 = Release|ARM-Android-NVIDIA
		{7419D6BD-12DA-4F88-B344-21D9591E3BF4}.Release|x86-Android-NVIDIA.ActiveCfg = Release|x86-Android-NVIDIA
		{7419D6BD-12DA-4F88-B344-21D9591E3BF4}.Release|x86-Android-NVIDIA.Build.0 = Release|x86-Android-NVIDIA
		{7419D6BD-12DA-4F88-B344-21D9591E3BF4}.Release|x86-Android-NVIDIA.Deploy.0 = Release|x86-Android-NVIDIA
		{94061967-C177-4CB5-925C-F85DAB547DBE}.Debug|AArch64-Android-NVIDIA.ActiveCfg = Debug|AArch64-Android-NVIDIA
		{94061967-C177-4CB5-925C-F85DAB547DBE}.Debug|AArch64-Android-NVIDIA.Build.0 = Debug|AArch64-Android-NVIDIA
		{94061967-C177-4CB5-925C-F85DAB547DBE}.Debug|AArch64-Android-NVIDIA.Deploy.0 = Debug|AArch64-Android-NVIDIA
		{94061967-C177-4CB5-925C-F85DAB547DBE}.Debug|ARM-Android-NVIDIA.ActiveCfg = Debug|ARM-Android-NVIDIA
		{94061967-C177-4CB5-925C-F85DAB547DBE}.Debug|ARM-Android-NVIDIA.Build.0 = Debug|ARM-Android-NVIDIA
		{94061967-C177-4CB5-925C-F85DAB547DBE}.Debug|ARM-Android-NVIDIA.Deploy.0 = Debug|ARM-Android-NVIDIA
		{94061967-C177-4CB5-925C-F85DAB547DBE}.Debug|x86-Android-NVIDIA.ActiveCfg = Debug|x86-Android-NVIDIA
		{94061967-C177-4CB5-925C-F85DAB547DBE}.Debug|x86-Android-NVIDIA.Build.0 = Debug|x86-Android-NVIDIA
		{94061967-C177-4CB5-925C-F85DAB547DBE}.Debug|x86-Android-NVIDIA.Deploy.0 = Debug|x86-Android-NVIDIA
		{94061967-C177-4CB5-925C-F85DAB547DBE}.Release|AArch64-Android-NVIDIA.ActiveCfg = Release|AArch64-Android-NVIDIA
		{94061967-C177-4CB5-925C-F85DAB547DBE}.Release|AArch64-Android-NVIDIA.Build.0 = Release|AArch64-Android-NVIDIA
		{94061967-C177-4CB5-925C-F85DAB547DBE}.Release|AArch64-Android-NVIDIA.Deploy.0 = Release|AArch64-Android-NVIDIA
		{94061967-C177-4CB5-925C-F85DAB547DBE}.Release|ARM-Android-NVIDIA.ActiveCfg = Release|ARM-Android-NVIDIA
		{94061967-C177-4CB5-925C-F85DAB547DBE}.Release|ARM-Android-NVIDIA.Build.0 = Release|ARM-Android-NVIDIA
		{94061967-C177-4CB5-925C-F85DAB547DBE}.Release|ARM-Android-NVIDIA.Deploy.0 = Release|ARM-Android-NVIDIA
		{94061967-C177-4CB5-925C-F85DAB547DBE}.Release|x86-Android-NVIDIA.ActiveCfg = Release|x86-Android-NVIDIA
		{94061967-C177-4CB5-925C-F85DAB547DBE}.Release|x86-Android-NVIDIA.Build.0 = Release|x86-Android-NVIDIA
		{94061967-C177-4CB5-925C-F85DAB547DBE}.Release|x86-Android-NVIDIA.Deploy.0 = Release|x86-Android-NVIDIA
	EndGlobalSection
	GlobalSection(SolutionProperties) = preSolution
		HideSolutionNode = FALSE
	EndGlobalSection
EndGlobal
