// !$*UTF8*$!
{
	archiveVersion = 1;
	classes = {
	};
	objectVersion = 46;
	objects = {

/* Begin PBXBuildFile section */
		C18B84711C9B96E1003628FE /* main.m in Sources */ = {isa = PBXBuildFile; fileRef = C18B84701C9B96E1003628FE /* main.m */; };
		C18B84741C9B96E1003628FE /* AppDelegate.mm in Sources */ = {isa = PBXBuildFile; fileRef = C18B84731C9B96E1003628FE /* AppDelegate.mm */; };
		C18B847B1C9B96E1003628FE /* GameViewController.mm in Sources */ = {isa = PBXBuildFile; fileRef = C18B847A1C9B96E1003628FE /* GameViewController.mm */; };
		C18B847E1C9B96E1003628FE /* Main.storyboard in Resources */ = {isa = PBXBuildFile; fileRef = C18B847C1C9B96E1003628FE /* Main.storyboard */; };
		C18B84801C9B96E1003628FE /* Assets.xcassets in Resources */ = {isa = PBXBuildFile; fileRef = C18B847F1C9B96E1003628FE /* Assets.xcassets */; };
		C18B84831C9B96E1003628FE /* LaunchScreen.storyboard in Resources */ = {isa = PBXBuildFile; fileRef = C18B84811C9B96E1003628FE /* LaunchScreen.storyboard */; };
		C18B848E1C9B96E1003628FE /* NJLIGameEngineTests.m in Sources */ = {isa = PBXBuildFile; fileRef = C18B848D1C9B96E1003628FE /* NJLIGameEngineTests.m */; };
		C18B84A31C9B992F003628FE /* libNJLIGameEngine_iOS.a in Frameworks */ = {isa = PBXBuildFile; fileRef = C18B84A01C9B976C003628FE /* libNJLIGameEngine_iOS.a */; };
		C18B84A61C9B99EC003628FE /* AudioToolbox.framework in Frameworks */ = {isa = PBXBuildFile; fileRef = C18B84A41C9B99EC003628FE /* AudioToolbox.framework */; };
		C18B84A71C9B99EC003628FE /* AVFoundation.framework in Frameworks */ = {isa = PBXBuildFile; fileRef = C18B84A51C9B99EC003628FE /* AVFoundation.framework */; };
		C18B8F8E1C9BBB36003628FE /* main.m in Sources */ = {isa = PBXBuildFile; fileRef = C18B8F8D1C9BBB36003628FE /* main.m */; };
		C18B8F911C9BBB36003628FE /* AppDelegate.mm in Sources */ = {isa = PBXBuildFile; fileRef = C18B8F901C9BBB36003628FE /* AppDelegate.mm */; };
		C18B8F991C9BBB36003628FE /* GameViewController.mm in Sources */ = {isa = PBXBuildFile; fileRef = C18B8F981C9BBB36003628FE /* GameViewController.mm */; };
		C18B8F9B1C9BBB36003628FE /* Game.xcassets in Resources */ = {isa = PBXBuildFile; fileRef = C18B8F9A1C9BBB36003628FE /* Game.xcassets */; };
		C18B8F9E1C9BBB36003628FE /* Main.storyboard in Resources */ = {isa = PBXBuildFile; fileRef = C18B8F9C1C9BBB36003628FE /* Main.storyboard */; };
		C18B8FA01C9BBB36003628FE /* Assets.xcassets in Resources */ = {isa = PBXBuildFile; fileRef = C18B8F9F1C9BBB36003628FE /* Assets.xcassets */; };
		C18B8FAB1C9BBB36003628FE /* tvOSTests.m in Sources */ = {isa = PBXBuildFile; fileRef = C18B8FAA1C9BBB36003628FE /* tvOSTests.m */; };
		C18B8FBB1C9BBCB9003628FE /* libNJLIGameEngine_tvOS.a in Frameworks */ = {isa = PBXBuildFile; fileRef = C18B8FB81C9BBC64003628FE /* libNJLIGameEngine_tvOS.a */; };
		C18B8FD21C9BBFC2003628FE /* AudioToolbox.framework in Frameworks */ = {isa = PBXBuildFile; fileRef = C18B8FD01C9BBFC2003628FE /* AudioToolbox.framework */; };
		C18B8FD31C9BBFC2003628FE /* AVFoundation.framework in Frameworks */ = {isa = PBXBuildFile; fileRef = C18B8FD11C9BBFC2003628FE /* AVFoundation.framework */; };
		C18B8FD51C9BC06F003628FE /* GLKit.framework in Frameworks */ = {isa = PBXBuildFile; fileRef = C18B8FD41C9BC06F003628FE /* GLKit.framework */; };
		C18B9A281C9C5455003628FE /* main.cpp in Sources */ = {isa = PBXBuildFile; fileRef = C18B9A271C9C5455003628FE /* main.cpp */; };
		C18B9A351C9C5526003628FE /* libNJLIGameEngine_macOSx.a in Frameworks */ = {isa = PBXBuildFile; fileRef = C18B9A321C9C54FE003628FE /* libNJLIGameEngine_macOSx.a */; };
		C18B9A371C9C66B7003628FE /* OpenGL.framework in Frameworks */ = {isa = PBXBuildFile; fileRef = C18B9A361C9C66B7003628FE /* OpenGL.framework */; };
		C18B9A391C9C66BC003628FE /* GLUT.framework in Frameworks */ = {isa = PBXBuildFile; fileRef = C18B9A381C9C66BC003628FE /* GLUT.framework */; };
		C18B9A4F1C9C6D02003628FE /* GLKit.framework in Frameworks */ = {isa = PBXBuildFile; fileRef = C18B9A4E1C9C6D02003628FE /* GLKit.framework */; };
		C18B9A5B1C9C711E003628FE /* assets in Resources */ = {isa = PBXBuildFile; fileRef = C18B9A5A1C9C711E003628FE /* assets */; };
		C18B9A5C1C9C711E003628FE /* assets in Resources */ = {isa = PBXBuildFile; fileRef = C18B9A5A1C9C711E003628FE /* assets */; };
		C18B9A5D1C9C711E003628FE /* assets in Resources */ = {isa = PBXBuildFile; fileRef = C18B9A5A1C9C711E003628FE /* assets */; };
		C18B9A5E1C9C711E003628FE /* assets in Resources */ = {isa = PBXBuildFile; fileRef = C18B9A5A1C9C711E003628FE /* assets */; };
		C18B9A871C9CA364003628FE /* Foundation.framework in Frameworks */ = {isa = PBXBuildFile; fileRef = C18B9A861C9CA364003628FE /* Foundation.framework */; };
		C18B9AF61CA0098B003628FE /* libfmod.dylib in Frameworks */ = {isa = PBXBuildFile; fileRef = C18B9AF41CA0098B003628FE /* libfmod.dylib */; };
		C18B9AF71CA0098B003628FE /* libfmodL.dylib in Frameworks */ = {isa = PBXBuildFile; fileRef = C18B9AF51CA0098B003628FE /* libfmodL.dylib */; };
/* End PBXBuildFile section */

/* Begin PBXContainerItemProxy section */
		C18B848A1C9B96E1003628FE /* PBXContainerItemProxy */ = {
			isa = PBXContainerItemProxy;
			containerPortal = C18B84641C9B96E1003628FE /* Project object */;
			proxyType = 1;
			remoteGlobalIDString = C18B846B1C9B96E1003628FE;
			remoteInfo = NJLIGameEngine;
		};
		C18B849F1C9B976C003628FE /* PBXContainerItemProxy */ = {
			isa = PBXContainerItemProxy;
			containerPortal = C18B849B1C9B976B003628FE /* NJLIGameEngine_iOS.xcodeproj */;
			proxyType = 2;
			remoteGlobalIDString = C18B7A961C9B88C1003628FE;
			remoteInfo = NJLIGameEngine_iOS;
		};
		C18B84A11C9B991F003628FE /* PBXContainerItemProxy */ = {
			isa = PBXContainerItemProxy;
			containerPortal = C18B849B1C9B976B003628FE /* NJLIGameEngine_iOS.xcodeproj */;
			proxyType = 1;
			remoteGlobalIDString = C18B7A951C9B88C1003628FE;
			remoteInfo = NJLIGameEngine_iOS;
		};
		C18B8FA71C9BBB36003628FE /* PBXContainerItemProxy */ = {
			isa = PBXContainerItemProxy;
			containerPortal = C18B84641C9B96E1003628FE /* Project object */;
			proxyType = 1;
			remoteGlobalIDString = C18B8F891C9BBB35003628FE;
			remoteInfo = tvOS;
		};
		C18B8FB71C9BBC64003628FE /* PBXContainerItemProxy */ = {
			isa = PBXContainerItemProxy;
			containerPortal = C18B8FB31C9BBC64003628FE /* NJLIGameEngine_tvOS.xcodeproj */;
			proxyType = 2;
			remoteGlobalIDString = C18B84BB1C9BAC5B003628FE;
			remoteInfo = NJLIGameEngine_tvOS;
		};
		C18B8FB91C9BBCA8003628FE /* PBXContainerItemProxy */ = {
			isa = PBXContainerItemProxy;
			containerPortal = C18B8FB31C9BBC64003628FE /* NJLIGameEngine_tvOS.xcodeproj */;
			proxyType = 1;
			remoteGlobalIDString = C18B84BA1C9BAC5A003628FE;
			remoteInfo = NJLIGameEngine_tvOS;
		};
		C18B9A311C9C54FE003628FE /* PBXContainerItemProxy */ = {
			isa = PBXContainerItemProxy;
			containerPortal = C18B9A2D1C9C54FE003628FE /* NJLIGameEngine_macOSx.xcodeproj */;
			proxyType = 2;
			remoteGlobalIDString = C18B8FDF1C9BC21B003628FE;
			remoteInfo = NJLIGameEngine_macOSx;
		};
		C18B9A331C9C551F003628FE /* PBXContainerItemProxy */ = {
			isa = PBXContainerItemProxy;
			containerPortal = C18B9A2D1C9C54FE003628FE /* NJLIGameEngine_macOSx.xcodeproj */;
			proxyType = 1;
			remoteGlobalIDString = C18B8FDE1C9BC21B003628FE;
			remoteInfo = NJLIGameEngine_macOSx;
		};
		C18B9A461C9C6B96003628FE /* PBXContainerItemProxy */ = {
			isa = PBXContainerItemProxy;
			containerPortal = C18B9A421C9C6B95003628FE /* NJLILuaSandbox.xcodeproj */;
			proxyType = 2;
			remoteGlobalIDString = C1D6AE751C99B9CA00C8D4E0;
			remoteInfo = NJLILuaSandbox;
		};
		C18B9A4C1C9C6C5E003628FE /* PBXContainerItemProxy */ = {
			isa = PBXContainerItemProxy;
			containerPortal = C18B9A481C9C6C5E003628FE /* NJLIDoxygenParser.xcodeproj */;
			proxyType = 2;
			remoteGlobalIDString = C1E4478E1C6B9F5800586ED3;
			remoteInfo = NJLIDoxygenParser;
		};
/* End PBXContainerItemProxy section */

/* Begin PBXCopyFilesBuildPhase section */
		C18B9A231C9C5455003628FE /* CopyFiles */ = {
			isa = PBXCopyFilesBuildPhase;
			buildActionMask = 2147483647;
			dstPath = /usr/share/man/man1/;
			dstSubfolderSpec = 0;
			files = (
			);
			runOnlyForDeploymentPostprocessing = 1;
		};
/* End PBXCopyFilesBuildPhase section */

/* Begin PBXFileReference section */
		C18B846C1C9B96E1003628FE /* NJLIGameEngine.app */ = {isa = PBXFileReference; explicitFileType = wrapper.application; includeInIndex = 0; path = NJLIGameEngine.app; sourceTree = BUILT_PRODUCTS_DIR; };
		C18B84701C9B96E1003628FE /* main.m */ = {isa = PBXFileReference; lastKnownFileType = sourcecode.c.objc; path = main.m; sourceTree = "<group>"; };
		C18B84721C9B96E1003628FE /* AppDelegate.h */ = {isa = PBXFileReference; explicitFileType = sourcecode.cpp.h; path = AppDelegate.h; sourceTree = "<group>"; };
		C18B84731C9B96E1003628FE /* AppDelegate.mm */ = {isa = PBXFileReference; lastKnownFileType = sourcecode.cpp.objcpp; path = AppDelegate.mm; sourceTree = "<group>"; };
		C18B84791C9B96E1003628FE /* GameViewController.h */ = {isa = PBXFileReference; lastKnownFileType = sourcecode.c.h; path = GameViewController.h; sourceTree = "<group>"; };
		C18B847A1C9B96E1003628FE /* GameViewController.mm */ = {isa = PBXFileReference; lastKnownFileType = sourcecode.cpp.objcpp; path = GameViewController.mm; sourceTree = "<group>"; };
		C18B847D1C9B96E1003628FE /* Base */ = {isa = PBXFileReference; lastKnownFileType = file.storyboard; name = Base; path = Base.lproj/Main.storyboard; sourceTree = "<group>"; };
		C18B847F1C9B96E1003628FE /* Assets.xcassets */ = {isa = PBXFileReference; lastKnownFileType = folder.assetcatalog; path = Assets.xcassets; sourceTree = "<group>"; };
		C18B84821C9B96E1003628FE /* Base */ = {isa = PBXFileReference; lastKnownFileType = file.storyboard; name = Base; path = Base.lproj/LaunchScreen.storyboard; sourceTree = "<group>"; };
		C18B84841C9B96E1003628FE /* Info.plist */ = {isa = PBXFileReference; lastKnownFileType = text.plist.xml; path = Info.plist; sourceTree = "<group>"; };
		C18B84891C9B96E1003628FE /* NJLIGameEngineTests.xctest */ = {isa = PBXFileReference; explicitFileType = wrapper.cfbundle; includeInIndex = 0; path = NJLIGameEngineTests.xctest; sourceTree = BUILT_PRODUCTS_DIR; };
		C18B848D1C9B96E1003628FE /* NJLIGameEngineTests.m */ = {isa = PBXFileReference; lastKnownFileType = sourcecode.c.objc; path = NJLIGameEngineTests.m; sourceTree = "<group>"; };
		C18B848F1C9B96E1003628FE /* Info.plist */ = {isa = PBXFileReference; lastKnownFileType = text.plist.xml; path = Info.plist; sourceTree = "<group>"; };
		C18B849B1C9B976B003628FE /* NJLIGameEngine_iOS.xcodeproj */ = {isa = PBXFileReference; lastKnownFileType = "wrapper.pb-project"; name = NJLIGameEngine_iOS.xcodeproj; path = ../../NJLIGameEngine_iOS/NJLIGameEngine_iOS.xcodeproj; sourceTree = "<group>"; };
		C18B84A41C9B99EC003628FE /* AudioToolbox.framework */ = {isa = PBXFileReference; lastKnownFileType = wrapper.framework; name = AudioToolbox.framework; path = System/Library/Frameworks/AudioToolbox.framework; sourceTree = SDKROOT; };
		C18B84A51C9B99EC003628FE /* AVFoundation.framework */ = {isa = PBXFileReference; lastKnownFileType = wrapper.framework; name = AVFoundation.framework; path = System/Library/Frameworks/AVFoundation.framework; sourceTree = SDKROOT; };
		C18B8F8A1C9BBB35003628FE /* tvOS.app */ = {isa = PBXFileReference; explicitFileType = wrapper.application; includeInIndex = 0; path = tvOS.app; sourceTree = BUILT_PRODUCTS_DIR; };
		C18B8F8D1C9BBB36003628FE /* main.m */ = {isa = PBXFileReference; lastKnownFileType = sourcecode.c.objc; path = main.m; sourceTree = "<group>"; };
		C18B8F8F1C9BBB36003628FE /* AppDelegate.h */ = {isa = PBXFileReference; lastKnownFileType = sourcecode.c.h; path = AppDelegate.h; sourceTree = "<group>"; };
		C18B8F901C9BBB36003628FE /* AppDelegate.mm */ = {isa = PBXFileReference; lastKnownFileType = sourcecode.cpp.objcpp; path = AppDelegate.mm; sourceTree = "<group>"; };
		C18B8F971C9BBB36003628FE /* GameViewController.h */ = {isa = PBXFileReference; lastKnownFileType = sourcecode.c.h; path = GameViewController.h; sourceTree = "<group>"; };
		C18B8F981C9BBB36003628FE /* GameViewController.mm */ = {isa = PBXFileReference; lastKnownFileType = sourcecode.cpp.objcpp; path = GameViewController.mm; sourceTree = "<group>"; };
		C18B8F9A1C9BBB36003628FE /* Game.xcassets */ = {isa = PBXFileReference; lastKnownFileType = folder.assetcatalog; path = Game.xcassets; sourceTree = "<group>"; };
		C18B8F9D1C9BBB36003628FE /* Base */ = {isa = PBXFileReference; lastKnownFileType = file.storyboard; name = Base; path = Base.lproj/Main.storyboard; sourceTree = "<group>"; };
		C18B8F9F1C9BBB36003628FE /* Assets.xcassets */ = {isa = PBXFileReference; lastKnownFileType = folder.assetcatalog; path = Assets.xcassets; sourceTree = "<group>"; };
		C18B8FA11C9BBB36003628FE /* Info.plist */ = {isa = PBXFileReference; lastKnownFileType = text.plist.xml; path = Info.plist; sourceTree = "<group>"; };
		C18B8FA61C9BBB36003628FE /* tvOSTests.xctest */ = {isa = PBXFileReference; explicitFileType = wrapper.cfbundle; includeInIndex = 0; path = tvOSTests.xctest; sourceTree = BUILT_PRODUCTS_DIR; };
		C18B8FAA1C9BBB36003628FE /* tvOSTests.m */ = {isa = PBXFileReference; lastKnownFileType = sourcecode.c.objc; path = tvOSTests.m; sourceTree = "<group>"; };
		C18B8FAC1C9BBB36003628FE /* Info.plist */ = {isa = PBXFileReference; lastKnownFileType = text.plist.xml; path = Info.plist; sourceTree = "<group>"; };
		C18B8FB31C9BBC64003628FE /* NJLIGameEngine_tvOS.xcodeproj */ = {isa = PBXFileReference; lastKnownFileType = "wrapper.pb-project"; name = NJLIGameEngine_tvOS.xcodeproj; path = ../../NJLIGameEngine_tvOS/NJLIGameEngine_tvOS.xcodeproj; sourceTree = "<group>"; };
		C18B8FD01C9BBFC2003628FE /* AudioToolbox.framework */ = {isa = PBXFileReference; lastKnownFileType = wrapper.framework; name = AudioToolbox.framework; path = Platforms/AppleTVOS.platform/Developer/SDKs/AppleTVOS9.1.sdk/System/Library/Frameworks/AudioToolbox.framework; sourceTree = DEVELOPER_DIR; };
		C18B8FD11C9BBFC2003628FE /* AVFoundation.framework */ = {isa = PBXFileReference; lastKnownFileType = wrapper.framework; name = AVFoundation.framework; path = Platforms/AppleTVOS.platform/Developer/SDKs/AppleTVOS9.1.sdk/System/Library/Frameworks/AVFoundation.framework; sourceTree = DEVELOPER_DIR; };
		C18B8FD41C9BC06F003628FE /* GLKit.framework */ = {isa = PBXFileReference; lastKnownFileType = wrapper.framework; name = GLKit.framework; path = Platforms/AppleTVOS.platform/Developer/SDKs/AppleTVOS9.1.sdk/System/Library/Frameworks/GLKit.framework; sourceTree = DEVELOPER_DIR; };
		C18B9A251C9C5455003628FE /* macOSx */ = {isa = PBXFileReference; explicitFileType = "compiled.mach-o.executable"; includeInIndex = 0; path = macOSx; sourceTree = BUILT_PRODUCTS_DIR; };
		C18B9A271C9C5455003628FE /* main.cpp */ = {isa = PBXFileReference; lastKnownFileType = sourcecode.cpp.cpp; path = main.cpp; sourceTree = "<group>"; };
		C18B9A2D1C9C54FE003628FE /* NJLIGameEngine_macOSx.xcodeproj */ = {isa = PBXFileReference; lastKnownFileType = "wrapper.pb-project"; name = NJLIGameEngine_macOSx.xcodeproj; path = ../../NJLIGameEngine_macOSx/NJLIGameEngine_macOSx.xcodeproj; sourceTree = "<group>"; };
		C18B9A361C9C66B7003628FE /* OpenGL.framework */ = {isa = PBXFileReference; lastKnownFileType = wrapper.framework; name = OpenGL.framework; path = Platforms/MacOSX.platform/Developer/SDKs/MacOSX10.11.sdk/System/Library/Frameworks/OpenGL.framework; sourceTree = DEVELOPER_DIR; };
		C18B9A381C9C66BC003628FE /* GLUT.framework */ = {isa = PBXFileReference; lastKnownFileType = wrapper.framework; name = GLUT.framework; path = Platforms/MacOSX.platform/Developer/SDKs/MacOSX10.11.sdk/System/Library/Frameworks/GLUT.framework; sourceTree = DEVELOPER_DIR; };
		C18B9A3E1C9C6A99003628FE /* NJLISWIGLua.xcodeproj */ = {isa = PBXFileReference; lastKnownFileType = "wrapper.pb-project"; name = NJLISWIGLua.xcodeproj; path = ../NJLISWIGLua/NJLISWIGLua.xcodeproj; sourceTree = "<group>"; };
		C18B9A421C9C6B95003628FE /* NJLILuaSandbox.xcodeproj */ = {isa = PBXFileReference; lastKnownFileType = "wrapper.pb-project"; name = NJLILuaSandbox.xcodeproj; path = ../../Source/lua/lua/NJLILuaSandbox.xcodeproj; sourceTree = "<group>"; };
		C18B9A481C9C6C5E003628FE /* NJLIDoxygenParser.xcodeproj */ = {isa = PBXFileReference; lastKnownFileType = "wrapper.pb-project"; name = NJLIDoxygenParser.xcodeproj; path = ../NJLIDoxygenParser/NJLIDoxygenParser.xcodeproj; sourceTree = "<group>"; };
		C18B9A4E1C9C6D02003628FE /* GLKit.framework */ = {isa = PBXFileReference; lastKnownFileType = wrapper.framework; name = GLKit.framework; path = System/Library/Frameworks/GLKit.framework; sourceTree = SDKROOT; };
		C18B9A5A1C9C711E003628FE /* assets */ = {isa = PBXFileReference; lastKnownFileType = folder; name = assets; path = ../../../YappyBirds/COMMON/assets; sourceTree = "<group>"; };
		C18B9A861C9CA364003628FE /* Foundation.framework */ = {isa = PBXFileReference; lastKnownFileType = wrapper.framework; name = Foundation.framework; path = Platforms/MacOSX.platform/Developer/SDKs/MacOSX10.11.sdk/System/Library/Frameworks/Foundation.framework; sourceTree = DEVELOPER_DIR; };
		C18B9AF41CA0098B003628FE /* libfmod.dylib */ = {isa = PBXFileReference; lastKnownFileType = "compiled.mach-o.dylib"; path = libfmod.dylib; sourceTree = "<group>"; };
		C18B9AF51CA0098B003628FE /* libfmodL.dylib */ = {isa = PBXFileReference; lastKnownFileType = "compiled.mach-o.dylib"; path = libfmodL.dylib; sourceTree = "<group>"; };
/* End PBXFileReference section */

/* Begin PBXFrameworksBuildPhase section */
		C18B84691C9B96E1003628FE /* Frameworks */ = {
			isa = PBXFrameworksBuildPhase;
			buildActionMask = 2147483647;
			files = (
				C18B9A4F1C9C6D02003628FE /* GLKit.framework in Frameworks */,
				C18B84A61C9B99EC003628FE /* AudioToolbox.framework in Frameworks */,
				C18B84A71C9B99EC003628FE /* AVFoundation.framework in Frameworks */,
				C18B84A31C9B992F003628FE /* libNJLIGameEngine_iOS.a in Frameworks */,
			);
			runOnlyForDeploymentPostprocessing = 0;
		};
		C18B84861C9B96E1003628FE /* Frameworks */ = {
			isa = PBXFrameworksBuildPhase;
			buildActionMask = 2147483647;
			files = (
			);
			runOnlyForDeploymentPostprocessing = 0;
		};
		C18B8F871C9BBB35003628FE /* Frameworks */ = {
			isa = PBXFrameworksBuildPhase;
			buildActionMask = 2147483647;
			files = (
				C18B8FD51C9BC06F003628FE /* GLKit.framework in Frameworks */,
				C18B8FD21C9BBFC2003628FE /* AudioToolbox.framework in Frameworks */,
				C18B8FD31C9BBFC2003628FE /* AVFoundation.framework in Frameworks */,
				C18B8FBB1C9BBCB9003628FE /* libNJLIGameEngine_tvOS.a in Frameworks */,
			);
			runOnlyForDeploymentPostprocessing = 0;
		};
		C18B8FA31C9BBB36003628FE /* Frameworks */ = {
			isa = PBXFrameworksBuildPhase;
			buildActionMask = 2147483647;
			files = (
			);
			runOnlyForDeploymentPostprocessing = 0;
		};
		C18B9A221C9C5455003628FE /* Frameworks */ = {
			isa = PBXFrameworksBuildPhase;
			buildActionMask = 2147483647;
			files = (
				C18B9AF61CA0098B003628FE /* libfmod.dylib in Frameworks */,
				C18B9AF71CA0098B003628FE /* libfmodL.dylib in Frameworks */,
				C18B9A871C9CA364003628FE /* Foundation.framework in Frameworks */,
				C18B9A391C9C66BC003628FE /* GLUT.framework in Frameworks */,
				C18B9A371C9C66B7003628FE /* OpenGL.framework in Frameworks */,
				C18B9A351C9C5526003628FE /* libNJLIGameEngine_macOSx.a in Frameworks */,
			);
			runOnlyForDeploymentPostprocessing = 0;
		};
/* End PBXFrameworksBuildPhase section */

/* Begin PBXGroup section */
		C18B84631C9B96E1003628FE = {
			isa = PBXGroup;
			children = (
				C18B9A5A1C9C711E003628FE /* assets */,
				C18B9A3D1C9C6A81003628FE /* Tools */,
				C18B846E1C9B96E1003628FE /* IOS */,
				C18B848C1C9B96E1003628FE /* IOSTests */,
				C18B8F8B1C9BBB36003628FE /* tvOS */,
				C18B8FA91C9BBB36003628FE /* tvOSTests */,
				C18B9A261C9C5455003628FE /* macOSx */,
				C18B846D1C9B96E1003628FE /* Products */,
			);
			sourceTree = "<group>";
		};
		C18B846D1C9B96E1003628FE /* Products */ = {
			isa = PBXGroup;
			children = (
				C18B846C1C9B96E1003628FE /* NJLIGameEngine.app */,
				C18B84891C9B96E1003628FE /* NJLIGameEngineTests.xctest */,
				C18B8F8A1C9BBB35003628FE /* tvOS.app */,
				C18B8FA61C9BBB36003628FE /* tvOSTests.xctest */,
				C18B9A251C9C5455003628FE /* macOSx */,
			);
			name = Products;
			sourceTree = "<group>";
		};
		C18B846E1C9B96E1003628FE /* IOS */ = {
			isa = PBXGroup;
			children = (
				C18B84721C9B96E1003628FE /* AppDelegate.h */,
				C18B84731C9B96E1003628FE /* AppDelegate.mm */,
				C18B84791C9B96E1003628FE /* GameViewController.h */,
				C18B847A1C9B96E1003628FE /* GameViewController.mm */,
				C18B847C1C9B96E1003628FE /* Main.storyboard */,
				C18B847F1C9B96E1003628FE /* Assets.xcassets */,
				C18B84811C9B96E1003628FE /* LaunchScreen.storyboard */,
				C18B84841C9B96E1003628FE /* Info.plist */,
				C18B846F1C9B96E1003628FE /* Supporting Files */,
			);
			name = IOS;
			path = NJLIGameEngine;
			sourceTree = "<group>";
		};
		C18B846F1C9B96E1003628FE /* Supporting Files */ = {
			isa = PBXGroup;
			children = (
				C18B849B1C9B976B003628FE /* NJLIGameEngine_iOS.xcodeproj */,
				C18B9A4E1C9C6D02003628FE /* GLKit.framework */,
				C18B84A41C9B99EC003628FE /* AudioToolbox.framework */,
				C18B84A51C9B99EC003628FE /* AVFoundation.framework */,
				C18B84701C9B96E1003628FE /* main.m */,
			);
			name = "Supporting Files";
			sourceTree = "<group>";
		};
		C18B848C1C9B96E1003628FE /* IOSTests */ = {
			isa = PBXGroup;
			children = (
				C18B848D1C9B96E1003628FE /* NJLIGameEngineTests.m */,
				C18B848F1C9B96E1003628FE /* Info.plist */,
			);
			name = IOSTests;
			path = NJLIGameEngineTests;
			sourceTree = "<group>";
		};
		C18B849C1C9B976B003628FE /* Products */ = {
			isa = PBXGroup;
			children = (
				C18B84A01C9B976C003628FE /* libNJLIGameEngine_iOS.a */,
			);
			name = Products;
			sourceTree = "<group>";
		};
		C18B8F8B1C9BBB36003628FE /* tvOS */ = {
			isa = PBXGroup;
			children = (
				C18B8F8F1C9BBB36003628FE /* AppDelegate.h */,
				C18B8F901C9BBB36003628FE /* AppDelegate.mm */,
				C18B8F971C9BBB36003628FE /* GameViewController.h */,
				C18B8F981C9BBB36003628FE /* GameViewController.mm */,
				C18B8F9A1C9BBB36003628FE /* Game.xcassets */,
				C18B8F9C1C9BBB36003628FE /* Main.storyboard */,
				C18B8F9F1C9BBB36003628FE /* Assets.xcassets */,
				C18B8FA11C9BBB36003628FE /* Info.plist */,
				C18B8F8C1C9BBB36003628FE /* Supporting Files */,
			);
			path = tvOS;
			sourceTree = "<group>";
		};
		C18B8F8C1C9BBB36003628FE /* Supporting Files */ = {
			isa = PBXGroup;
			children = (
				C18B8FD41C9BC06F003628FE /* GLKit.framework */,
				C18B8FD01C9BBFC2003628FE /* AudioToolbox.framework */,
				C18B8FD11C9BBFC2003628FE /* AVFoundation.framework */,
				C18B8FB31C9BBC64003628FE /* NJLIGameEngine_tvOS.xcodeproj */,
				C18B8F8D1C9BBB36003628FE /* main.m */,
			);
			name = "Supporting Files";
			sourceTree = "<group>";
		};
		C18B8FA91C9BBB36003628FE /* tvOSTests */ = {
			isa = PBXGroup;
			children = (
				C18B8FAA1C9BBB36003628FE /* tvOSTests.m */,
				C18B8FAC1C9BBB36003628FE /* Info.plist */,
			);
			path = tvOSTests;
			sourceTree = "<group>";
		};
		C18B8FB41C9BBC64003628FE /* Products */ = {
			isa = PBXGroup;
			children = (
				C18B8FB81C9BBC64003628FE /* libNJLIGameEngine_tvOS.a */,
			);
			name = Products;
			sourceTree = "<group>";
		};
		C18B9A261C9C5455003628FE /* macOSx */ = {
			isa = PBXGroup;
			children = (
				C18B9A2C1C9C54E8003628FE /* Supporting Files */,
				C18B9A271C9C5455003628FE /* main.cpp */,
			);
			path = macOSx;
			sourceTree = "<group>";
		};
		C18B9A2C1C9C54E8003628FE /* Supporting Files */ = {
			isa = PBXGroup;
			children = (
				C18B9AF41CA0098B003628FE /* libfmod.dylib */,
				C18B9AF51CA0098B003628FE /* libfmodL.dylib */,
				C18B9A861C9CA364003628FE /* Foundation.framework */,
				C18B9A381C9C66BC003628FE /* GLUT.framework */,
				C18B9A361C9C66B7003628FE /* OpenGL.framework */,
				C18B9A2D1C9C54FE003628FE /* NJLIGameEngine_macOSx.xcodeproj */,
			);
			name = "Supporting Files";
			sourceTree = "<group>";
		};
		C18B9A2E1C9C54FE003628FE /* Products */ = {
			isa = PBXGroup;
			children = (
				C18B9A321C9C54FE003628FE /* libNJLIGameEngine_macOSx.a */,
			);
			name = Products;
			sourceTree = "<group>";
		};
		C18B9A3D1C9C6A81003628FE /* Tools */ = {
			isa = PBXGroup;
			children = (
				C18B9A3E1C9C6A99003628FE /* NJLISWIGLua.xcodeproj */,
				C18B9A481C9C6C5E003628FE /* NJLIDoxygenParser.xcodeproj */,
				C18B9A421C9C6B95003628FE /* NJLILuaSandbox.xcodeproj */,
			);
			name = Tools;
			sourceTree = "<group>";
		};
		C18B9A3F1C9C6A99003628FE /* Products */ = {
			isa = PBXGroup;
			children = (
			);
			name = Products;
			sourceTree = "<group>";
		};
		C18B9A431C9C6B95003628FE /* Products */ = {
			isa = PBXGroup;
			children = (
				C18B9A471C9C6B96003628FE /* NJLILuaSandbox */,
			);
			name = Products;
			sourceTree = "<group>";
		};
		C18B9A491C9C6C5E003628FE /* Products */ = {
			isa = PBXGroup;
			children = (
				C18B9A4D1C9C6C5E003628FE /* NJLIDoxygenParser */,
			);
			name = Products;
			sourceTree = "<group>";
		};
/* End PBXGroup section */

/* Begin PBXNativeTarget section */
		C18B846B1C9B96E1003628FE /* NJLIGameEngine */ = {
			isa = PBXNativeTarget;
			buildConfigurationList = C18B84921C9B96E1003628FE /* Build configuration list for PBXNativeTarget "NJLIGameEngine" */;
			buildPhases = (
				C18B84681C9B96E1003628FE /* Sources */,
				C18B84691C9B96E1003628FE /* Frameworks */,
				C1ACD8EF1CACE58700AB4CF7 /* make */,
				C18B846A1C9B96E1003628FE /* Resources */,
			);
			buildRules = (
			);
			dependencies = (
				C18B84A21C9B991F003628FE /* PBXTargetDependency */,
			);
			name = NJLIGameEngine;
			productName = NJLIGameEngine;
			productReference = C18B846C1C9B96E1003628FE /* NJLIGameEngine.app */;
			productType = "com.apple.product-type.application";
		};
		C18B84881C9B96E1003628FE /* NJLIGameEngineTests */ = {
			isa = PBXNativeTarget;
			buildConfigurationList = C18B84951C9B96E1003628FE /* Build configuration list for PBXNativeTarget "NJLIGameEngineTests" */;
			buildPhases = (
				C18B84851C9B96E1003628FE /* Sources */,
				C18B84861C9B96E1003628FE /* Frameworks */,
				C18B84871C9B96E1003628FE /* Resources */,
			);
			buildRules = (
			);
			dependencies = (
				C18B848B1C9B96E1003628FE /* PBXTargetDependency */,
			);
			name = NJLIGameEngineTests;
			productName = NJLIGameEngineTests;
			productReference = C18B84891C9B96E1003628FE /* NJLIGameEngineTests.xctest */;
			productType = "com.apple.product-type.bundle.unit-test";
		};
		C18B8F891C9BBB35003628FE /* tvOS */ = {
			isa = PBXNativeTarget;
			buildConfigurationList = C18B8FB11C9BBB36003628FE /* Build configuration list for PBXNativeTarget "tvOS" */;
			buildPhases = (
				C18B8F861C9BBB35003628FE /* Sources */,
				C18B8F871C9BBB35003628FE /* Frameworks */,
				C18B8F881C9BBB35003628FE /* Resources */,
			);
			buildRules = (
			);
			dependencies = (
				C18B8FBA1C9BBCA8003628FE /* PBXTargetDependency */,
			);
			name = tvOS;
			productName = tvOS;
			productReference = C18B8F8A1C9BBB35003628FE /* tvOS.app */;
			productType = "com.apple.product-type.application";
		};
		C18B8FA51C9BBB36003628FE /* tvOSTests */ = {
			isa = PBXNativeTarget;
			buildConfigurationList = C18B8FB21C9BBB36003628FE /* Build configuration list for PBXNativeTarget "tvOSTests" */;
			buildPhases = (
				C18B8FA21C9BBB36003628FE /* Sources */,
				C18B8FA31C9BBB36003628FE /* Frameworks */,
				C18B8FA41C9BBB36003628FE /* Resources */,
			);
			buildRules = (
			);
			dependencies = (
				C18B8FA81C9BBB36003628FE /* PBXTargetDependency */,
			);
			name = tvOSTests;
			productName = tvOSTests;
			productReference = C18B8FA61C9BBB36003628FE /* tvOSTests.xctest */;
			productType = "com.apple.product-type.bundle.unit-test";
		};
		C18B9A241C9C5455003628FE /* macOSx */ = {
			isa = PBXNativeTarget;
			buildConfigurationList = C18B9A2B1C9C5455003628FE /* Build configuration list for PBXNativeTarget "macOSx" */;
			buildPhases = (
				C18B9A211C9C5455003628FE /* Sources */,
				C18B9A221C9C5455003628FE /* Frameworks */,
				C18B9A231C9C5455003628FE /* CopyFiles */,
			);
			buildRules = (
			);
			dependencies = (
				C18B9A341C9C551F003628FE /* PBXTargetDependency */,
			);
			name = macOSx;
			productName = macOSx;
			productReference = C18B9A251C9C5455003628FE /* macOSx */;
			productType = "com.apple.product-type.tool";
		};
/* End PBXNativeTarget section */

/* Begin PBXProject section */
		C18B84641C9B96E1003628FE /* Project object */ = {
			isa = PBXProject;
			attributes = {
				LastUpgradeCheck = 0720;
				ORGANIZATIONNAME = "NJLIGames Ltd.";
				TargetAttributes = {
					C18B846B1C9B96E1003628FE = {
						CreatedOnToolsVersion = 7.2;
						DevelopmentTeam = 6UWRM7QGYR;
					};
					C18B84881C9B96E1003628FE = {
						CreatedOnToolsVersion = 7.2;
						TestTargetID = C18B846B1C9B96E1003628FE;
					};
					C18B8F891C9BBB35003628FE = {
						CreatedOnToolsVersion = 7.2;
					};
					C18B8FA51C9BBB36003628FE = {
						CreatedOnToolsVersion = 7.2;
						TestTargetID = C18B8F891C9BBB35003628FE;
					};
					C18B9A241C9C5455003628FE = {
						CreatedOnToolsVersion = 7.2;
					};
				};
			};
			buildConfigurationList = C18B84671C9B96E1003628FE /* Build configuration list for PBXProject "NJLIGameEngine" */;
			compatibilityVersion = "Xcode 3.2";
			developmentRegion = English;
			hasScannedForEncodings = 0;
			knownRegions = (
				en,
				Base,
			);
			mainGroup = C18B84631C9B96E1003628FE;
			productRefGroup = C18B846D1C9B96E1003628FE /* Products */;
			projectDirPath = "";
			projectReferences = (
				{
					ProductGroup = C18B9A491C9C6C5E003628FE /* Products */;
					ProjectRef = C18B9A481C9C6C5E003628FE /* NJLIDoxygenParser.xcodeproj */;
				},
				{
					ProductGroup = C18B849C1C9B976B003628FE /* Products */;
					ProjectRef = C18B849B1C9B976B003628FE /* NJLIGameEngine_iOS.xcodeproj */;
				},
				{
					ProductGroup = C18B9A2E1C9C54FE003628FE /* Products */;
					ProjectRef = C18B9A2D1C9C54FE003628FE /* NJLIGameEngine_macOSx.xcodeproj */;
				},
				{
					ProductGroup = C18B8FB41C9BBC64003628FE /* Products */;
					ProjectRef = C18B8FB31C9BBC64003628FE /* NJLIGameEngine_tvOS.xcodeproj */;
				},
				{
					ProductGroup = C18B9A431C9C6B95003628FE /* Products */;
					ProjectRef = C18B9A421C9C6B95003628FE /* NJLILuaSandbox.xcodeproj */;
				},
				{
					ProductGroup = C18B9A3F1C9C6A99003628FE /* Products */;
					ProjectRef = C18B9A3E1C9C6A99003628FE /* NJLISWIGLua.xcodeproj */;
				},
			);
			projectRoot = "";
			targets = (
				C18B846B1C9B96E1003628FE /* NJLIGameEngine */,
				C18B84881C9B96E1003628FE /* NJLIGameEngineTests */,
				C18B8F891C9BBB35003628FE /* tvOS */,
				C18B8FA51C9BBB36003628FE /* tvOSTests */,
				C18B9A241C9C5455003628FE /* macOSx */,
			);
		};
/* End PBXProject section */

/* Begin PBXReferenceProxy section */
		C18B84A01C9B976C003628FE /* libNJLIGameEngine_iOS.a */ = {
			isa = PBXReferenceProxy;
			fileType = archive.ar;
			path = libNJLIGameEngine_iOS.a;
			remoteRef = C18B849F1C9B976C003628FE /* PBXContainerItemProxy */;
			sourceTree = BUILT_PRODUCTS_DIR;
		};
		C18B8FB81C9BBC64003628FE /* libNJLIGameEngine_tvOS.a */ = {
			isa = PBXReferenceProxy;
			fileType = archive.ar;
			path = libNJLIGameEngine_tvOS.a;
			remoteRef = C18B8FB71C9BBC64003628FE /* PBXContainerItemProxy */;
			sourceTree = BUILT_PRODUCTS_DIR;
		};
		C18B9A321C9C54FE003628FE /* libNJLIGameEngine_macOSx.a */ = {
			isa = PBXReferenceProxy;
			fileType = archive.ar;
			path = libNJLIGameEngine_macOSx.a;
			remoteRef = C18B9A311C9C54FE003628FE /* PBXContainerItemProxy */;
			sourceTree = BUILT_PRODUCTS_DIR;
		};
		C18B9A471C9C6B96003628FE /* NJLILuaSandbox */ = {
			isa = PBXReferenceProxy;
			fileType = "compiled.mach-o.executable";
			path = NJLILuaSandbox;
			remoteRef = C18B9A461C9C6B96003628FE /* PBXContainerItemProxy */;
			sourceTree = BUILT_PRODUCTS_DIR;
		};
		C18B9A4D1C9C6C5E003628FE /* NJLIDoxygenParser */ = {
			isa = PBXReferenceProxy;
			fileType = "compiled.mach-o.executable";
			path = NJLIDoxygenParser;
			remoteRef = C18B9A4C1C9C6C5E003628FE /* PBXContainerItemProxy */;
			sourceTree = BUILT_PRODUCTS_DIR;
		};
/* End PBXReferenceProxy section */

/* Begin PBXResourcesBuildPhase section */
		C18B846A1C9B96E1003628FE /* Resources */ = {
			isa = PBXResourcesBuildPhase;
			buildActionMask = 2147483647;
			files = (
				C18B847E1C9B96E1003628FE /* Main.storyboard in Resources */,
				C18B9A5B1C9C711E003628FE /* assets in Resources */,
				C18B84801C9B96E1003628FE /* Assets.xcassets in Resources */,
				C18B84831C9B96E1003628FE /* LaunchScreen.storyboard in Resources */,
			);
			runOnlyForDeploymentPostprocessing = 0;
		};
		C18B84871C9B96E1003628FE /* Resources */ = {
			isa = PBXResourcesBuildPhase;
			buildActionMask = 2147483647;
			files = (
				C18B9A5C1C9C711E003628FE /* assets in Resources */,
			);
			runOnlyForDeploymentPostprocessing = 0;
		};
		C18B8F881C9BBB35003628FE /* Resources */ = {
			isa = PBXResourcesBuildPhase;
			buildActionMask = 2147483647;
			files = (
				C18B8F9E1C9BBB36003628FE /* Main.storyboard in Resources */,
				C18B9A5D1C9C711E003628FE /* assets in Resources */,
				C18B8FA01C9BBB36003628FE /* Assets.xcassets in Resources */,
				C18B8F9B1C9BBB36003628FE /* Game.xcassets in Resources */,
			);
			runOnlyForDeploymentPostprocessing = 0;
		};
		C18B8FA41C9BBB36003628FE /* Resources */ = {
			isa = PBXResourcesBuildPhase;
			buildActionMask = 2147483647;
			files = (
				C18B9A5E1C9C711E003628FE /* assets in Resources */,
			);
			runOnlyForDeploymentPostprocessing = 0;
		};
/* End PBXResourcesBuildPhase section */

/* Begin PBXShellScriptBuildPhase section */
		C1ACD8EF1CACE58700AB4CF7 /* make */ = {
			isa = PBXShellScriptBuildPhase;
			buildActionMask = 12;
			files = (
			);
			inputPaths = (
			);
			name = make;
			outputPaths = (
			);
			runOnlyForDeploymentPostprocessing = 0;
			shellPath = /bin/sh;
			shellScript = "PROJECT=YappyBirds\npushd ${SRCROOT}/../../../${PROJECT}/COMMON/gameplay_scripts/\n\nif [ \"${CONFIGURATION}\" = \"Release\" ]; then\nmake release\nelse\nmake clean\nmake\nfi\n\npopd";
		};
/* End PBXShellScriptBuildPhase section */

/* Begin PBXSourcesBuildPhase section */
		C18B84681C9B96E1003628FE /* Sources */ = {
			isa = PBXSourcesBuildPhase;
			buildActionMask = 2147483647;
			files = (
				C18B84741C9B96E1003628FE /* AppDelegate.mm in Sources */,
				C18B847B1C9B96E1003628FE /* GameViewController.mm in Sources */,
				C18B84711C9B96E1003628FE /* main.m in Sources */,
			);
			runOnlyForDeploymentPostprocessing = 0;
		};
		C18B84851C9B96E1003628FE /* Sources */ = {
			isa = PBXSourcesBuildPhase;
			buildActionMask = 2147483647;
			files = (
				C18B848E1C9B96E1003628FE /* NJLIGameEngineTests.m in Sources */,
			);
			runOnlyForDeploymentPostprocessing = 0;
		};
		C18B8F861C9BBB35003628FE /* Sources */ = {
			isa = PBXSourcesBuildPhase;
			buildActionMask = 2147483647;
			files = (
				C18B8F991C9BBB36003628FE /* GameViewController.mm in Sources */,
				C18B8F911C9BBB36003628FE /* AppDelegate.mm in Sources */,
				C18B8F8E1C9BBB36003628FE /* main.m in Sources */,
			);
			runOnlyForDeploymentPostprocessing = 0;
		};
		C18B8FA21C9BBB36003628FE /* Sources */ = {
			isa = PBXSourcesBuildPhase;
			buildActionMask = 2147483647;
			files = (
				C18B8FAB1C9BBB36003628FE /* tvOSTests.m in Sources */,
			);
			runOnlyForDeploymentPostprocessing = 0;
		};
		C18B9A211C9C5455003628FE /* Sources */ = {
			isa = PBXSourcesBuildPhase;
			buildActionMask = 2147483647;
			files = (
				C18B9A281C9C5455003628FE /* main.cpp in Sources */,
			);
			runOnlyForDeploymentPostprocessing = 0;
		};
/* End PBXSourcesBuildPhase section */

/* Begin PBXTargetDependency section */
		C18B848B1C9B96E1003628FE /* PBXTargetDependency */ = {
			isa = PBXTargetDependency;
			target = C18B846B1C9B96E1003628FE /* NJLIGameEngine */;
			targetProxy = C18B848A1C9B96E1003628FE /* PBXContainerItemProxy */;
		};
		C18B84A21C9B991F003628FE /* PBXTargetDependency */ = {
			isa = PBXTargetDependency;
			name = NJLIGameEngine_iOS;
			targetProxy = C18B84A11C9B991F003628FE /* PBXContainerItemProxy */;
		};
		C18B8FA81C9BBB36003628FE /* PBXTargetDependency */ = {
			isa = PBXTargetDependency;
			target = C18B8F891C9BBB35003628FE /* tvOS */;
			targetProxy = C18B8FA71C9BBB36003628FE /* PBXContainerItemProxy */;
		};
		C18B8FBA1C9BBCA8003628FE /* PBXTargetDependency */ = {
			isa = PBXTargetDependency;
			name = NJLIGameEngine_tvOS;
			targetProxy = C18B8FB91C9BBCA8003628FE /* PBXContainerItemProxy */;
		};
		C18B9A341C9C551F003628FE /* PBXTargetDependency */ = {
			isa = PBXTargetDependency;
			name = NJLIGameEngine_macOSx;
			targetProxy = C18B9A331C9C551F003628FE /* PBXContainerItemProxy */;
		};
/* End PBXTargetDependency section */

/* Begin PBXVariantGroup section */
		C18B847C1C9B96E1003628FE /* Main.storyboard */ = {
			isa = PBXVariantGroup;
			children = (
				C18B847D1C9B96E1003628FE /* Base */,
			);
			name = Main.storyboard;
			sourceTree = "<group>";
		};
		C18B84811C9B96E1003628FE /* LaunchScreen.storyboard */ = {
			isa = PBXVariantGroup;
			children = (
				C18B84821C9B96E1003628FE /* Base */,
			);
			name = LaunchScreen.storyboard;
			sourceTree = "<group>";
		};
		C18B8F9C1C9BBB36003628FE /* Main.storyboard */ = {
			isa = PBXVariantGroup;
			children = (
				C18B8F9D1C9BBB36003628FE /* Base */,
			);
			name = Main.storyboard;
			sourceTree = "<group>";
		};
/* End PBXVariantGroup section */

/* Begin XCBuildConfiguration section */
		C18B84901C9B96E1003628FE /* Debug */ = {
			isa = XCBuildConfiguration;
			buildSettings = {
				ALWAYS_SEARCH_USER_PATHS = NO;
				CLANG_CXX_LANGUAGE_STANDARD = "gnu++0x";
				CLANG_CXX_LIBRARY = "libc++";
				CLANG_ENABLE_MODULES = YES;
				CLANG_ENABLE_OBJC_ARC = YES;
				CLANG_WARN_BOOL_CONVERSION = YES;
				CLANG_WARN_CONSTANT_CONVERSION = YES;
				CLANG_WARN_DIRECT_OBJC_ISA_USAGE = YES_ERROR;
				CLANG_WARN_EMPTY_BODY = YES;
				CLANG_WARN_ENUM_CONVERSION = YES;
				CLANG_WARN_INT_CONVERSION = YES;
				CLANG_WARN_OBJC_ROOT_CLASS = YES_ERROR;
				CLANG_WARN_UNREACHABLE_CODE = YES;
				CLANG_WARN__DUPLICATE_METHOD_MATCH = YES;
				"CODE_SIGN_IDENTITY[sdk=iphoneos*]" = "iPhone Developer";
				COPY_PHASE_STRIP = NO;
				DEBUG_INFORMATION_FORMAT = "dwarf-with-dsym";
				ENABLE_STRICT_OBJC_MSGSEND = YES;
				ENABLE_TESTABILITY = YES;
				GCC_C_LANGUAGE_STANDARD = gnu99;
				GCC_DYNAMIC_NO_PIC = NO;
				GCC_NO_COMMON_BLOCKS = YES;
				GCC_OPTIMIZATION_LEVEL = 0;
				GCC_PREPROCESSOR_DEFINITIONS = (
					"DEBUG=1",
					"$(inherited)",
				);
				GCC_WARN_64_TO_32_BIT_CONVERSION = YES;
				GCC_WARN_ABOUT_RETURN_TYPE = YES_ERROR;
				GCC_WARN_UNDECLARED_SELECTOR = YES;
				GCC_WARN_UNINITIALIZED_AUTOS = YES_AGGRESSIVE;
				GCC_WARN_UNUSED_FUNCTION = YES;
				GCC_WARN_UNUSED_VARIABLE = YES;
				IPHONEOS_DEPLOYMENT_TARGET = 9.2;
				MTL_ENABLE_DEBUG_INFO = YES;
				ONLY_ACTIVE_ARCH = YES;
				SDKROOT = iphoneos;
				TARGETED_DEVICE_FAMILY = "1,2";
			};
			name = Debug;
		};
		C18B84911C9B96E1003628FE /* Release */ = {
			isa = XCBuildConfiguration;
			buildSettings = {
				ALWAYS_SEARCH_USER_PATHS = NO;
				CLANG_CXX_LANGUAGE_STANDARD = "gnu++0x";
				CLANG_CXX_LIBRARY = "libc++";
				CLANG_ENABLE_MODULES = YES;
				CLANG_ENABLE_OBJC_ARC = YES;
				CLANG_WARN_BOOL_CONVERSION = YES;
				CLANG_WARN_CONSTANT_CONVERSION = YES;
				CLANG_WARN_DIRECT_OBJC_ISA_USAGE = YES_ERROR;
				CLANG_WARN_EMPTY_BODY = YES;
				CLANG_WARN_ENUM_CONVERSION = YES;
				CLANG_WARN_INT_CONVERSION = YES;
				CLANG_WARN_OBJC_ROOT_CLASS = YES_ERROR;
				CLANG_WARN_UNREACHABLE_CODE = YES;
				CLANG_WARN__DUPLICATE_METHOD_MATCH = YES;
				"CODE_SIGN_IDENTITY[sdk=iphoneos*]" = "iPhone Developer";
				COPY_PHASE_STRIP = NO;
				DEBUG_INFORMATION_FORMAT = "dwarf-with-dsym";
				ENABLE_NS_ASSERTIONS = NO;
				ENABLE_STRICT_OBJC_MSGSEND = YES;
				GCC_C_LANGUAGE_STANDARD = gnu99;
				GCC_NO_COMMON_BLOCKS = YES;
				GCC_WARN_64_TO_32_BIT_CONVERSION = YES;
				GCC_WARN_ABOUT_RETURN_TYPE = YES_ERROR;
				GCC_WARN_UNDECLARED_SELECTOR = YES;
				GCC_WARN_UNINITIALIZED_AUTOS = YES_AGGRESSIVE;
				GCC_WARN_UNUSED_FUNCTION = YES;
				GCC_WARN_UNUSED_VARIABLE = YES;
				IPHONEOS_DEPLOYMENT_TARGET = 9.2;
				MTL_ENABLE_DEBUG_INFO = NO;
				SDKROOT = iphoneos;
				TARGETED_DEVICE_FAMILY = "1,2";
				VALIDATE_PRODUCT = YES;
			};
			name = Release;
		};
		C18B84931C9B96E1003628FE /* Debug */ = {
			isa = XCBuildConfiguration;
			buildSettings = {
				ASSETCATALOG_COMPILER_APPICON_NAME = AppIcon;
				CODE_SIGN_IDENTITY = "iPhone Developer";
				"CODE_SIGN_IDENTITY[sdk=iphoneos*]" = "iPhone Developer";
				ENABLE_BITCODE = NO;
				FRAMEWORK_SEARCH_PATHS = "";
				HEADER_SEARCH_PATHS = "\"$(SRCROOT)/../../Source/fmod/ios/FMOD Programmers API/api/lowlevel/inc\"";
				INFOPLIST_FILE = NJLIGameEngine/Info.plist;
				LD_RUNPATH_SEARCH_PATHS = "$(inherited) @executable_path/Frameworks";
				LIBRARY_SEARCH_PATHS = "\"$(SRCROOT)/../../Source/fmod/ios/FMOD Programmers API/api/lowlevel/lib\"";
				OTHER_LDFLAGS = "-lfmodL_$PLATFORM_NAME";
				PRODUCT_BUNDLE_IDENTIFIER = com.njligames.NJLIGameEngine;
				PRODUCT_NAME = "$(TARGET_NAME)";
				PROVISIONING_PROFILE = "";
				REZ_SEARCH_PATHS = "";
				TARGETED_DEVICE_FAMILY = "1,2";
			};
			name = Debug;
		};
		C18B84941C9B96E1003628FE /* Release */ = {
			isa = XCBuildConfiguration;
			buildSettings = {
				ASSETCATALOG_COMPILER_APPICON_NAME = AppIcon;
				CODE_SIGN_IDENTITY = "iPhone Developer";
				"CODE_SIGN_IDENTITY[sdk=iphoneos*]" = "iPhone Developer";
				ENABLE_BITCODE = NO;
				FRAMEWORK_SEARCH_PATHS = "";
				GCC_GENERATE_DEBUGGING_SYMBOLS = YES;
				GCC_OPTIMIZATION_LEVEL = fast;
				HEADER_SEARCH_PATHS = "\"$(SRCROOT)/../../Source/fmod/ios/FMOD Programmers API/api/lowlevel/inc\"";
				INFOPLIST_FILE = NJLIGameEngine/Info.plist;
				LD_RUNPATH_SEARCH_PATHS = "$(inherited) @executable_path/Frameworks";
				LIBRARY_SEARCH_PATHS = "\"$(SRCROOT)/../../Source/fmod/ios/FMOD Programmers API/api/lowlevel/lib\"";
				OTHER_LDFLAGS = "-lfmod_$PLATFORM_NAME";
				PRODUCT_BUNDLE_IDENTIFIER = com.njligames.NJLIGameEngine;
				PRODUCT_NAME = "$(TARGET_NAME)";
				PROVISIONING_PROFILE = "";
				REZ_SEARCH_PATHS = "";
				TARGETED_DEVICE_FAMILY = "1,2";
			};
			name = Release;
		};
		C18B84961C9B96E1003628FE /* Debug */ = {
			isa = XCBuildConfiguration;
			buildSettings = {
				BUNDLE_LOADER = "$(TEST_HOST)";
				DEBUG_INFORMATION_FORMAT = dwarf;
				INFOPLIST_FILE = NJLIGameEngineTests/Info.plist;
				LD_RUNPATH_SEARCH_PATHS = "$(inherited) @executable_path/Frameworks @loader_path/Frameworks";
				PRODUCT_BUNDLE_IDENTIFIER = com.njligames.NJLIGameEngineTests;
				PRODUCT_NAME = "$(TARGET_NAME)";
				TEST_HOST = "$(BUILT_PRODUCTS_DIR)/NJLIGameEngine.app/NJLIGameEngine";
			};
			name = Debug;
		};
		C18B84971C9B96E1003628FE /* Release */ = {
			isa = XCBuildConfiguration;
			buildSettings = {
				BUNDLE_LOADER = "$(TEST_HOST)";
				INFOPLIST_FILE = NJLIGameEngineTests/Info.plist;
				LD_RUNPATH_SEARCH_PATHS = "$(inherited) @executable_path/Frameworks @loader_path/Frameworks";
				PRODUCT_BUNDLE_IDENTIFIER = com.njligames.NJLIGameEngineTests;
				PRODUCT_NAME = "$(TARGET_NAME)";
				TEST_HOST = "$(BUILT_PRODUCTS_DIR)/NJLIGameEngine.app/NJLIGameEngine";
			};
			name = Release;
		};
		C18B8FAD1C9BBB36003628FE /* Debug */ = {
			isa = XCBuildConfiguration;
			buildSettings = {
				ASSETCATALOG_COMPILER_APPICON_NAME = "App Icon & Top Shelf Image";
				ASSETCATALOG_COMPILER_LAUNCHIMAGE_NAME = LaunchImage;
				HEADER_SEARCH_PATHS = "\"$(SRCROOT)/../../Source/fmod/ios/FMOD Programmers API/api/lowlevel/inc\"";
				INFOPLIST_FILE = tvOS/Info.plist;
				LD_RUNPATH_SEARCH_PATHS = "$(inherited) @executable_path/Frameworks";
				LIBRARY_SEARCH_PATHS = "\"$(SRCROOT)/../../Source/fmod/ios/FMOD Programmers API/api/lowlevel/lib\"";
				OTHER_LDFLAGS = "-lfmodL_$PLATFORM_NAME";
				PRODUCT_BUNDLE_IDENTIFIER = com.njligames.tvOS;
				PRODUCT_NAME = "$(TARGET_NAME)";
				SDKROOT = appletvos;
				TARGETED_DEVICE_FAMILY = 3;
				TVOS_DEPLOYMENT_TARGET = 9.1;
			};
			name = Debug;
		};
		C18B8FAE1C9BBB36003628FE /* Release */ = {
			isa = XCBuildConfiguration;
			buildSettings = {
				ASSETCATALOG_COMPILER_APPICON_NAME = "App Icon & Top Shelf Image";
				ASSETCATALOG_COMPILER_LAUNCHIMAGE_NAME = LaunchImage;
				HEADER_SEARCH_PATHS = "\"$(SRCROOT)/../../Source/fmod/ios/FMOD Programmers API/api/lowlevel/inc\"";
				INFOPLIST_FILE = tvOS/Info.plist;
				LD_RUNPATH_SEARCH_PATHS = "$(inherited) @executable_path/Frameworks";
				LIBRARY_SEARCH_PATHS = "\"$(SRCROOT)/../../Source/fmod/ios/FMOD Programmers API/api/lowlevel/lib\"";
				OTHER_LDFLAGS = "-lfmod_$PLATFORM_NAME";
				PRODUCT_BUNDLE_IDENTIFIER = com.njligames.tvOS;
				PRODUCT_NAME = "$(TARGET_NAME)";
				SDKROOT = appletvos;
				TARGETED_DEVICE_FAMILY = 3;
				TVOS_DEPLOYMENT_TARGET = 9.1;
			};
			name = Release;
		};
		C18B8FAF1C9BBB36003628FE /* Debug */ = {
			isa = XCBuildConfiguration;
			buildSettings = {
				BUNDLE_LOADER = "$(TEST_HOST)";
				DEBUG_INFORMATION_FORMAT = dwarf;
				INFOPLIST_FILE = tvOSTests/Info.plist;
				LD_RUNPATH_SEARCH_PATHS = "$(inherited) @executable_path/Frameworks @loader_path/Frameworks";
				PRODUCT_BUNDLE_IDENTIFIER = com.njligames.tvOSTests;
				PRODUCT_NAME = "$(TARGET_NAME)";
				SDKROOT = appletvos;
				TEST_HOST = "$(BUILT_PRODUCTS_DIR)/tvOS.app/tvOS";
				TVOS_DEPLOYMENT_TARGET = 9.1;
			};
			name = Debug;
		};
		C18B8FB01C9BBB36003628FE /* Release */ = {
			isa = XCBuildConfiguration;
			buildSettings = {
				BUNDLE_LOADER = "$(TEST_HOST)";
				INFOPLIST_FILE = tvOSTests/Info.plist;
				LD_RUNPATH_SEARCH_PATHS = "$(inherited) @executable_path/Frameworks @loader_path/Frameworks";
				PRODUCT_BUNDLE_IDENTIFIER = com.njligames.tvOSTests;
				PRODUCT_NAME = "$(TARGET_NAME)";
				SDKROOT = appletvos;
				TEST_HOST = "$(BUILT_PRODUCTS_DIR)/tvOS.app/tvOS";
				TVOS_DEPLOYMENT_TARGET = 9.1;
			};
			name = Release;
		};
		C18B9A291C9C5455003628FE /* Debug */ = {
			isa = XCBuildConfiguration;
			buildSettings = {
				CODE_SIGN_IDENTITY = "-";
				DEBUG_INFORMATION_FORMAT = dwarf;
				EMBEDDED_CONTENT_CONTAINS_SWIFT = NO;
				HEADER_SEARCH_PATHS = "\"$(SRCROOT)/../../Source/fmod/mac/FMOD Programmers API/api/lowlevel/inc\"";
				LIBRARY_SEARCH_PATHS = (
					"\"$(SRCROOT)/../../Source/fmod/mac/FMOD Programmers API/api/lowlevel/lib\"",
					"$(PROJECT_DIR)/macOSx",
				);
				MACOSX_DEPLOYMENT_TARGET = 10.11;
				OTHER_LDFLAGS = "-lfmodL";
				PRODUCT_NAME = "$(TARGET_NAME)";
				SDKROOT = macosx;
			};
			name = Debug;
		};
		C18B9A2A1C9C5455003628FE /* Release */ = {
			isa = XCBuildConfiguration;
			buildSettings = {
				CODE_SIGN_IDENTITY = "-";
				EMBEDDED_CONTENT_CONTAINS_SWIFT = NO;
				HEADER_SEARCH_PATHS = "\"$(SRCROOT)/../../Source/fmod/mac/FMOD Programmers API/api/lowlevel/inc\"";
				LIBRARY_SEARCH_PATHS = (
					"\"$(SRCROOT)/../../Source/fmod/mac/FMOD Programmers API/api/lowlevel/lib\"",
					"$(PROJECT_DIR)/macOSx",
				);
				MACOSX_DEPLOYMENT_TARGET = 10.11;
				OTHER_LDFLAGS = "-lfmod";
				PRODUCT_NAME = "$(TARGET_NAME)";
				SDKROOT = macosx;
			};
			name = Release;
		};
/* End XCBuildConfiguration section */

/* Begin XCConfigurationList section */
		C18B84671C9B96E1003628FE /* Build configuration list for PBXProject "NJLIGameEngine" */ = {
			isa = XCConfigurationList;
			buildConfigurations = (
				C18B84901C9B96E1003628FE /* Debug */,
				C18B84911C9B96E1003628FE /* Release */,
			);
			defaultConfigurationIsVisible = 0;
			defaultConfigurationName = Release;
		};
		C18B84921C9B96E1003628FE /* Build configuration list for PBXNativeTarget "NJLIGameEngine" */ = {
			isa = XCConfigurationList;
			buildConfigurations = (
				C18B84931C9B96E1003628FE /* Debug */,
				C18B84941C9B96E1003628FE /* Release */,
			);
			defaultConfigurationIsVisible = 0;
			defaultConfigurationName = Release;
		};
		C18B84951C9B96E1003628FE /* Build configuration list for PBXNativeTarget "NJLIGameEngineTests" */ = {
			isa = XCConfigurationList;
			buildConfigurations = (
				C18B84961C9B96E1003628FE /* Debug */,
				C18B84971C9B96E1003628FE /* Release */,
			);
			defaultConfigurationIsVisible = 0;
			defaultConfigurationName = Release;
		};
		C18B8FB11C9BBB36003628FE /* Build configuration list for PBXNativeTarget "tvOS" */ = {
			isa = XCConfigurationList;
			buildConfigurations = (
				C18B8FAD1C9BBB36003628FE /* Debug */,
				C18B8FAE1C9BBB36003628FE /* Release */,
			);
			defaultConfigurationIsVisible = 0;
			defaultConfigurationName = Release;
		};
		C18B8FB21C9BBB36003628FE /* Build configuration list for PBXNativeTarget "tvOSTests" */ = {
			isa = XCConfigurationList;
			buildConfigurations = (
				C18B8FAF1C9BBB36003628FE /* Debug */,
				C18B8FB01C9BBB36003628FE /* Release */,
			);
			defaultConfigurationIsVisible = 0;
			defaultConfigurationName = Release;
		};
		C18B9A2B1C9C5455003628FE /* Build configuration list for PBXNativeTarget "macOSx" */ = {
			isa = XCConfigurationList;
			buildConfigurations = (
				C18B9A291C9C5455003628FE /* Debug */,
				C18B9A2A1C9C5455003628FE /* Release */,
			);
			defaultConfigurationIsVisible = 0;
			defaultConfigurationName = Release;
		};
/* End XCConfigurationList section */
	};
	rootObject = C18B84641C9B96E1003628FE /* Project object */;
}
